
Microsoft Visual Studio Solution File, Format Version 12.00
# Visual Studio 14
VisualStudioVersion = 14.0.25420.1
MinimumVisualStudioVersion = 10.0.40219.1
Project("{FAE04EC0-301F-11D3-BF4B-00C04F79EFBC}") = "UDO.LOB.DependentMaintenanceApi", "UDO.LOB.DependentMaintenanceApi\UDO.LOB.DependentMaintenanceApi.csproj", "{EB176487-69A8-4A1F-8C03-725DCFEA174B}"
EndProject
Project("{FAE04EC0-301F-11D3-BF4B-00C04F79EFBC}") = "VRM.CRME.AddDependent.Plugins", "Plugins\VRM.CRME.AddDependent.Plugins.csproj", "{A7C668EE-B0B8-44CC-8ADD-96B37F2E9674}"
EndProject
Project("{2150E333-8FDC-42A3-9474-1A3956D46DE8}") = "Solution Items", "Solution Items", "{1CAE14CA-9D4D-4AF2-97CD-944F650894BF}"
EndProject
Project("{2150E333-8FDC-42A3-9474-1A3956D46DE8}") = "Solutions", "Solutions", "{BCDC6C18-2972-4B53-8C74-2FDEBB5D3D37}"
EndProject
Project("{2150E333-8FDC-42A3-9474-1A3956D46DE8}") = "Integration", "Integration", "{E28DA27B-04A5-4DC2-B105-E3468AB005EB}"
EndProject
Project("{FAE04EC0-301F-11D3-BF4B-00C04F79EFBC}") = "UDO.LOB.DependentMaintenance.Messages", "UDO.LOB.DependentMaintenance.Messages\UDO.LOB.DependentMaintenance.Messages.csproj", "{05D3C9C0-4871-4886-8066-7F264B34E739}"
EndProject
Project("{FAE04EC0-301F-11D3-BF4B-00C04F79EFBC}") = "UDO.LOB.Core", "..\UDO.Crm.LOB.Core\UDO.LOB.Core.csproj", "{75CEE666-371F-4679-8C93-629F35309DC1}"
EndProject
Project("{FAE04EC0-301F-11D3-BF4B-00C04F79EFBC}") = "UDO.LOB.Extensions", "..\UDO.Crm.LOB.Extensions\UDO.LOB.Extensions.csproj", "{A4E91FC6-6983-4A58-B306-7CC71829484F}"
EndProject
Project("{FAE04EC0-301F-11D3-BF4B-00C04F79EFBC}") = "VRM.Integration.Servicebus.Bgs.Messages", "VRM.Integration.Servicebus.Bgs.Messages\VRM.Integration.Servicebus.Bgs.Messages.csproj", "{A3AB419B-EA30-41A5-B282-9FB5DDF409A7}"
EndProject
Project("{FAE04EC0-301F-11D3-BF4B-00C04F79EFBC}") = "VRM.Integration.Servicebus.Bgs.Services", "VRM.Integration.Servicebus.Bgs.Services\VRM.Integration.Servicebus.Bgs.Services.csproj", "{EF637EB9-1288-4A81-8310-9D6929862F5A}"
EndProject
Global
	GlobalSection(SolutionConfigurationPlatforms) = preSolution
		Debug|Any CPU = Debug|Any CPU
		INT|Any CPU = INT|Any CPU
		PREPROD|Any CPU = PREPROD|Any CPU
		PROD|Any CPU = PROD|Any CPU
		QA|Any CPU = QA|Any CPU
		Release|Any CPU = Release|Any CPU
		TRAIN|Any CPU = TRAIN|Any CPU
	EndGlobalSection
	GlobalSection(ProjectConfigurationPlatforms) = postSolution
		{EB176487-69A8-4A1F-8C03-725DCFEA174B}.Debug|Any CPU.ActiveCfg = Debug|Any CPU
		{EB176487-69A8-4A1F-8C03-725DCFEA174B}.Debug|Any CPU.Build.0 = Debug|Any CPU
		{EB176487-69A8-4A1F-8C03-725DCFEA174B}.INT|Any CPU.ActiveCfg = INT|Any CPU
		{EB176487-69A8-4A1F-8C03-725DCFEA174B}.INT|Any CPU.Build.0 = INT|Any CPU
		{EB176487-69A8-4A1F-8C03-725DCFEA174B}.PREPROD|Any CPU.ActiveCfg = PREPROD|Any CPU
		{EB176487-69A8-4A1F-8C03-725DCFEA174B}.PREPROD|Any CPU.Build.0 = PREPROD|Any CPU
		{EB176487-69A8-4A1F-8C03-725DCFEA174B}.PROD|Any CPU.ActiveCfg = PROD|Any CPU
		{EB176487-69A8-4A1F-8C03-725DCFEA174B}.PROD|Any CPU.Build.0 = PROD|Any CPU
		{EB176487-69A8-4A1F-8C03-725DCFEA174B}.QA|Any CPU.ActiveCfg = QA|Any CPU
		{EB176487-69A8-4A1F-8C03-725DCFEA174B}.QA|Any CPU.Build.0 = QA|Any CPU
		{EB176487-69A8-4A1F-8C03-725DCFEA174B}.Release|Any CPU.ActiveCfg = Release|Any CPU
		{EB176487-69A8-4A1F-8C03-725DCFEA174B}.Release|Any CPU.Build.0 = Release|Any CPU
		{EB176487-69A8-4A1F-8C03-725DCFEA174B}.TRAIN|Any CPU.ActiveCfg = TRAIN|Any CPU
		{EB176487-69A8-4A1F-8C03-725DCFEA174B}.TRAIN|Any CPU.Build.0 = TRAIN|Any CPU
		{A7C668EE-B0B8-44CC-8ADD-96B37F2E9674}.Debug|Any CPU.ActiveCfg = Debug|Any CPU
		{A7C668EE-B0B8-44CC-8ADD-96B37F2E9674}.Debug|Any CPU.Build.0 = Debug|Any CPU
		{A7C668EE-B0B8-44CC-8ADD-96B37F2E9674}.INT|Any CPU.ActiveCfg = INT|Any CPU
		{A7C668EE-B0B8-44CC-8ADD-96B37F2E9674}.INT|Any CPU.Build.0 = INT|Any CPU
		{A7C668EE-B0B8-44CC-8ADD-96B37F2E9674}.PREPROD|Any CPU.ActiveCfg = PREPROD|Any CPU
		{A7C668EE-B0B8-44CC-8ADD-96B37F2E9674}.PREPROD|Any CPU.Build.0 = PREPROD|Any CPU
		{A7C668EE-B0B8-44CC-8ADD-96B37F2E9674}.PROD|Any CPU.ActiveCfg = PROD|Any CPU
		{A7C668EE-B0B8-44CC-8ADD-96B37F2E9674}.PROD|Any CPU.Build.0 = PROD|Any CPU
		{A7C668EE-B0B8-44CC-8ADD-96B37F2E9674}.QA|Any CPU.ActiveCfg = QA|Any CPU
		{A7C668EE-B0B8-44CC-8ADD-96B37F2E9674}.QA|Any CPU.Build.0 = QA|Any CPU
		{A7C668EE-B0B8-44CC-8ADD-96B37F2E9674}.Release|Any CPU.ActiveCfg = Release|Any CPU
		{A7C668EE-B0B8-44CC-8ADD-96B37F2E9674}.Release|Any CPU.Build.0 = Release|Any CPU
		{A7C668EE-B0B8-44CC-8ADD-96B37F2E9674}.TRAIN|Any CPU.ActiveCfg = TRAIN|Any CPU
		{A7C668EE-B0B8-44CC-8ADD-96B37F2E9674}.TRAIN|Any CPU.Build.0 = TRAIN|Any CPU
		{05D3C9C0-4871-4886-8066-7F264B34E739}.Debug|Any CPU.ActiveCfg = Debug|Any CPU
		{05D3C9C0-4871-4886-8066-7F264B34E739}.Debug|Any CPU.Build.0 = Debug|Any CPU
		{05D3C9C0-4871-4886-8066-7F264B34E739}.INT|Any CPU.ActiveCfg = INT|Any CPU
		{05D3C9C0-4871-4886-8066-7F264B34E739}.INT|Any CPU.Build.0 = INT|Any CPU
		{05D3C9C0-4871-4886-8066-7F264B34E739}.PREPROD|Any CPU.ActiveCfg = PREPROD|Any CPU
		{05D3C9C0-4871-4886-8066-7F264B34E739}.PREPROD|Any CPU.Build.0 = PREPROD|Any CPU
		{05D3C9C0-4871-4886-8066-7F264B34E739}.PROD|Any CPU.ActiveCfg = PROD|Any CPU
		{05D3C9C0-4871-4886-8066-7F264B34E739}.PROD|Any CPU.Build.0 = PROD|Any CPU
		{05D3C9C0-4871-4886-8066-7F264B34E739}.QA|Any CPU.ActiveCfg = QA|Any CPU
		{05D3C9C0-4871-4886-8066-7F264B34E739}.QA|Any CPU.Build.0 = QA|Any CPU
		{05D3C9C0-4871-4886-8066-7F264B34E739}.Release|Any CPU.ActiveCfg = Release|Any CPU
		{05D3C9C0-4871-4886-8066-7F264B34E739}.Release|Any CPU.Build.0 = Release|Any CPU
		{05D3C9C0-4871-4886-8066-7F264B34E739}.TRAIN|Any CPU.ActiveCfg = TRAIN|Any CPU
		{05D3C9C0-4871-4886-8066-7F264B34E739}.TRAIN|Any CPU.Build.0 = TRAIN|Any CPU
		{75CEE666-371F-4679-8C93-629F35309DC1}.Debug|Any CPU.ActiveCfg = Debug|Any CPU
		{75CEE666-371F-4679-8C93-629F35309DC1}.Debug|Any CPU.Build.0 = Debug|Any CPU
		{75CEE666-371F-4679-8C93-629F35309DC1}.INT|Any CPU.ActiveCfg = INT|Any CPU
		{75CEE666-371F-4679-8C93-629F35309DC1}.INT|Any CPU.Build.0 = INT|Any CPU
		{75CEE666-371F-4679-8C93-629F35309DC1}.PREPROD|Any CPU.ActiveCfg = PREPROD|Any CPU
		{75CEE666-371F-4679-8C93-629F35309DC1}.PREPROD|Any CPU.Build.0 = PREPROD|Any CPU
		{75CEE666-371F-4679-8C93-629F35309DC1}.PROD|Any CPU.ActiveCfg = PREPROD|Any CPU
		{75CEE666-371F-4679-8C93-629F35309DC1}.PROD|Any CPU.Build.0 = PREPROD|Any CPU
		{75CEE666-371F-4679-8C93-629F35309DC1}.QA|Any CPU.ActiveCfg = QA|Any CPU
		{75CEE666-371F-4679-8C93-629F35309DC1}.QA|Any CPU.Build.0 = QA|Any CPU
		{75CEE666-371F-4679-8C93-629F35309DC1}.Release|Any CPU.ActiveCfg = Release|Any CPU
		{75CEE666-371F-4679-8C93-629F35309DC1}.Release|Any CPU.Build.0 = Release|Any CPU
		{75CEE666-371F-4679-8C93-629F35309DC1}.TRAIN|Any CPU.ActiveCfg = TRAIN|Any CPU
		{75CEE666-371F-4679-8C93-629F35309DC1}.TRAIN|Any CPU.Build.0 = TRAIN|Any CPU
		{A4E91FC6-6983-4A58-B306-7CC71829484F}.Debug|Any CPU.ActiveCfg = Debug|Any CPU
		{A4E91FC6-6983-4A58-B306-7CC71829484F}.Debug|Any CPU.Build.0 = Debug|Any CPU
		{A4E91FC6-6983-4A58-B306-7CC71829484F}.INT|Any CPU.ActiveCfg = INT|Any CPU
		{A4E91FC6-6983-4A58-B306-7CC71829484F}.INT|Any CPU.Build.0 = INT|Any CPU
		{A4E91FC6-6983-4A58-B306-7CC71829484F}.PREPROD|Any CPU.ActiveCfg = PREPROD|Any CPU
		{A4E91FC6-6983-4A58-B306-7CC71829484F}.PROD|Any CPU.ActiveCfg = PREPROD|Any CPU
		{A4E91FC6-6983-4A58-B306-7CC71829484F}.PROD|Any CPU.Build.0 = PREPROD|Any CPU
		{A4E91FC6-6983-4A58-B306-7CC71829484F}.QA|Any CPU.ActiveCfg = QA|Any CPU
		{A4E91FC6-6983-4A58-B306-7CC71829484F}.QA|Any CPU.Build.0 = QA|Any CPU
		{A4E91FC6-6983-4A58-B306-7CC71829484F}.Release|Any CPU.ActiveCfg = Release|Any CPU
		{A4E91FC6-6983-4A58-B306-7CC71829484F}.Release|Any CPU.Build.0 = Release|Any CPU
		{A4E91FC6-6983-4A58-B306-7CC71829484F}.TRAIN|Any CPU.ActiveCfg = TRAIN|Any CPU
		{A4E91FC6-6983-4A58-B306-7CC71829484F}.TRAIN|Any CPU.Build.0 = TRAIN|Any CPU
		{A3AB419B-EA30-41A5-B282-9FB5DDF409A7}.Debug|Any CPU.ActiveCfg = Debug|Any CPU
		{A3AB419B-EA30-41A5-B282-9FB5DDF409A7}.Debug|Any CPU.Build.0 = Debug|Any CPU
		{A3AB419B-EA30-41A5-B282-9FB5DDF409A7}.INT|Any CPU.ActiveCfg = INT|Any CPU
		{A3AB419B-EA30-41A5-B282-9FB5DDF409A7}.INT|Any CPU.Build.0 = INT|Any CPU
		{A3AB419B-EA30-41A5-B282-9FB5DDF409A7}.PREPROD|Any CPU.ActiveCfg = PREPROD|Any CPU
		{A3AB419B-EA30-41A5-B282-9FB5DDF409A7}.PREPROD|Any CPU.Build.0 = PREPROD|Any CPU
		{A3AB419B-EA30-41A5-B282-9FB5DDF409A7}.PROD|Any CPU.ActiveCfg = PROD|Any CPU
		{A3AB419B-EA30-41A5-B282-9FB5DDF409A7}.PROD|Any CPU.Build.0 = PROD|Any CPU
		{A3AB419B-EA30-41A5-B282-9FB5DDF409A7}.QA|Any CPU.ActiveCfg = QA|Any CPU
		{A3AB419B-EA30-41A5-B282-9FB5DDF409A7}.QA|Any CPU.Build.0 = QA|Any CPU
		{A3AB419B-EA30-41A5-B282-9FB5DDF409A7}.Release|Any CPU.ActiveCfg = Release|Any CPU
		{A3AB419B-EA30-41A5-B282-9FB5DDF409A7}.Release|Any CPU.Build.0 = Release|Any CPU
		{A3AB419B-EA30-41A5-B282-9FB5DDF409A7}.TRAIN|Any CPU.ActiveCfg = TRAIN|Any CPU
		{A3AB419B-EA30-41A5-B282-9FB5DDF409A7}.TRAIN|Any CPU.Build.0 = TRAIN|Any CPU
		{EF637EB9-1288-4A81-8310-9D6929862F5A}.Debug|Any CPU.ActiveCfg = Debug|Any CPU
		{EF637EB9-1288-4A81-8310-9D6929862F5A}.Debug|Any CPU.Build.0 = Debug|Any CPU
		{EF637EB9-1288-4A81-8310-9D6929862F5A}.INT|Any CPU.ActiveCfg = INT|Any CPU
		{EF637EB9-1288-4A81-8310-9D6929862F5A}.INT|Any CPU.Build.0 = INT|Any CPU
		{EF637EB9-1288-4A81-8310-9D6929862F5A}.PREPROD|Any CPU.ActiveCfg = PREPROD|Any CPU
		{EF637EB9-1288-4A81-8310-9D6929862F5A}.PREPROD|Any CPU.Build.0 = PREPROD|Any CPU
		{EF637EB9-1288-4A81-8310-9D6929862F5A}.PROD|Any CPU.ActiveCfg = PROD|Any CPU
		{EF637EB9-1288-4A81-8310-9D6929862F5A}.PROD|Any CPU.Build.0 = PROD|Any CPU
		{EF637EB9-1288-4A81-8310-9D6929862F5A}.QA|Any CPU.ActiveCfg = QA|Any CPU
		{EF637EB9-1288-4A81-8310-9D6929862F5A}.QA|Any CPU.Build.0 = QA|Any CPU
		{EF637EB9-1288-4A81-8310-9D6929862F5A}.Release|Any CPU.ActiveCfg = Release|Any CPU
		{EF637EB9-1288-4A81-8310-9D6929862F5A}.Release|Any CPU.Build.0 = Release|Any CPU
		{EF637EB9-1288-4A81-8310-9D6929862F5A}.TRAIN|Any CPU.ActiveCfg = TRAIN|Any CPU
		{EF637EB9-1288-4A81-8310-9D6929862F5A}.TRAIN|Any CPU.Build.0 = TRAIN|Any CPU
	EndGlobalSection
	GlobalSection(SolutionProperties) = preSolution
		HideSolutionNode = FALSE
	EndGlobalSection
	GlobalSection(ExtensibilityGlobals) = postSolution
		SolutionGuid = {A07764A7-CA67-4D3C-8C90-4568C753EE49}
	EndGlobalSection
EndGlobal
