
Microsoft Visual Studio Solution File, Format Version 12.00
# Visual Studio Version 16
VisualStudioVersion = 16.0.29201.188
MinimumVisualStudioVersion = 10.0.40219.1
Project("{FAE04EC0-301F-11D3-BF4B-00C04F79EFBC}") = "UDO.LOB.VeteranSnapShotApi", "UDO.LOB.VeteranSnapShotApi\UDO.LOB.VeteranSnapShotApi.csproj", "{CCF6C318-A8D6-4384-8747-AF585FDE6C72}"
EndProject
Project("{FAE04EC0-301F-11D3-BF4B-00C04F79EFBC}") = "UDO.LOB.VeteranSnapShotApi.Tests", "UDO.LOB.VeteranSnapShotApi.Tests\UDO.LOB.VeteranSnapShotApi.Tests.csproj", "{497FF6CD-5283-4F53-8555-D6E715A0DA1C}"
EndProject
Project("{FAE04EC0-301F-11D3-BF4B-00C04F79EFBC}") = "UDO.LOB.VeteranSnapShot.Messages", "UDO.LOB.VeteranSnapShot.Messages\UDO.LOB.VeteranSnapShot.Messages.csproj", "{2583C2EF-E3D0-4260-98EA-BE37A6534C54}"
EndProject
Project("{FAE04EC0-301F-11D3-BF4B-00C04F79EFBC}") = "UDO.LOB.Core", "..\UDO.Crm.LOB.Core\UDO.LOB.Core.csproj", "{75CEE666-371F-4679-8C93-629F35309DC1}"
EndProject
Project("{FAE04EC0-301F-11D3-BF4B-00C04F79EFBC}") = "UDO.LOB.Extensions", "..\UDO.Crm.LOB.Extensions\UDO.LOB.Extensions.csproj", "{A4E91FC6-6983-4A58-B306-7CC71829484F}"
EndProject
Project("{FAE04EC0-301F-11D3-BF4B-00C04F79EFBC}") = "UDO.LOB.Appeals.Messages", "..\UDO.LOB.Appeals\UDO.LOB.Appeals.Messages\UDO.LOB.Appeals.Messages.csproj", "{1EF50324-6A68-4028-A50C-1A27BD580AB8}"
EndProject
Project("{FAE04EC0-301F-11D3-BF4B-00C04F79EFBC}") = "UDO.LOB.IDProofOrchestration.Messages", "..\UDO.LOB.IDProofOrchestration\UDO.LOB.IDProofOrchestration.Messages\UDO.LOB.IDProofOrchestration.Messages.csproj", "{DF6C2796-AF00-407D-A6C1-C469A6DB309C}"
EndProject
Project("{FAE04EC0-301F-11D3-BF4B-00C04F79EFBC}") = "UDO.LOB.LegacyPayments.Messages", "..\UDO.LOB.LegacyPayments\UDO.LOB.LegacyPayments.Messages\UDO.LOB.LegacyPayments.Messages.csproj", "{90AF72CB-29A2-4265-BFD4-8C2D6BDCE3B0}"
EndProject
Global
	GlobalSection(SolutionConfigurationPlatforms) = preSolution
		Debug|Any CPU = Debug|Any CPU
		INT|Any CPU = INT|Any CPU
		PERF|Any CPU = PERF|Any CPU
		PREPROD|Any CPU = PREPROD|Any CPU
		PROD|Any CPU = PROD|Any CPU
		QA|Any CPU = QA|Any CPU
		Release|Any CPU = Release|Any CPU
		TRAIN|Any CPU = TRAIN|Any CPU
	EndGlobalSection
	GlobalSection(ProjectConfigurationPlatforms) = postSolution
		{CCF6C318-A8D6-4384-8747-AF585FDE6C72}.Debug|Any CPU.ActiveCfg = Debug|Any CPU
		{CCF6C318-A8D6-4384-8747-AF585FDE6C72}.Debug|Any CPU.Build.0 = Debug|Any CPU
		{CCF6C318-A8D6-4384-8747-AF585FDE6C72}.INT|Any CPU.ActiveCfg = INT|Any CPU
		{CCF6C318-A8D6-4384-8747-AF585FDE6C72}.INT|Any CPU.Build.0 = INT|Any CPU
		{CCF6C318-A8D6-4384-8747-AF585FDE6C72}.PERF|Any CPU.ActiveCfg = PERF|Any CPU
		{CCF6C318-A8D6-4384-8747-AF585FDE6C72}.PERF|Any CPU.Build.0 = PERF|Any CPU
		{CCF6C318-A8D6-4384-8747-AF585FDE6C72}.PREPROD|Any CPU.ActiveCfg = PREPROD|Any CPU
		{CCF6C318-A8D6-4384-8747-AF585FDE6C72}.PREPROD|Any CPU.Build.0 = PREPROD|Any CPU
		{CCF6C318-A8D6-4384-8747-AF585FDE6C72}.PROD|Any CPU.ActiveCfg = PROD|Any CPU
		{CCF6C318-A8D6-4384-8747-AF585FDE6C72}.PROD|Any CPU.Build.0 = PROD|Any CPU
		{CCF6C318-A8D6-4384-8747-AF585FDE6C72}.QA|Any CPU.ActiveCfg = QA|Any CPU
		{CCF6C318-A8D6-4384-8747-AF585FDE6C72}.QA|Any CPU.Build.0 = QA|Any CPU
		{CCF6C318-A8D6-4384-8747-AF585FDE6C72}.Release|Any CPU.ActiveCfg = Release|Any CPU
		{CCF6C318-A8D6-4384-8747-AF585FDE6C72}.Release|Any CPU.Build.0 = Release|Any CPU
		{CCF6C318-A8D6-4384-8747-AF585FDE6C72}.TRAIN|Any CPU.ActiveCfg = TRAIN|Any CPU
		{CCF6C318-A8D6-4384-8747-AF585FDE6C72}.TRAIN|Any CPU.Build.0 = TRAIN|Any CPU
		{497FF6CD-5283-4F53-8555-D6E715A0DA1C}.Debug|Any CPU.ActiveCfg = Debug|Any CPU
		{497FF6CD-5283-4F53-8555-D6E715A0DA1C}.Debug|Any CPU.Build.0 = Debug|Any CPU
		{497FF6CD-5283-4F53-8555-D6E715A0DA1C}.INT|Any CPU.ActiveCfg = INT|Any CPU
		{497FF6CD-5283-4F53-8555-D6E715A0DA1C}.INT|Any CPU.Build.0 = INT|Any CPU
		{497FF6CD-5283-4F53-8555-D6E715A0DA1C}.PERF|Any CPU.ActiveCfg = PERF|Any CPU
		{497FF6CD-5283-4F53-8555-D6E715A0DA1C}.PERF|Any CPU.Build.0 = PERF|Any CPU
		{497FF6CD-5283-4F53-8555-D6E715A0DA1C}.PREPROD|Any CPU.ActiveCfg = PREPROD|Any CPU
		{497FF6CD-5283-4F53-8555-D6E715A0DA1C}.PREPROD|Any CPU.Build.0 = PREPROD|Any CPU
		{497FF6CD-5283-4F53-8555-D6E715A0DA1C}.PROD|Any CPU.ActiveCfg = PROD|Any CPU
		{497FF6CD-5283-4F53-8555-D6E715A0DA1C}.PROD|Any CPU.Build.0 = PROD|Any CPU
		{497FF6CD-5283-4F53-8555-D6E715A0DA1C}.QA|Any CPU.ActiveCfg = QA|Any CPU
		{497FF6CD-5283-4F53-8555-D6E715A0DA1C}.QA|Any CPU.Build.0 = QA|Any CPU
		{497FF6CD-5283-4F53-8555-D6E715A0DA1C}.Release|Any CPU.ActiveCfg = Release|Any CPU
		{497FF6CD-5283-4F53-8555-D6E715A0DA1C}.Release|Any CPU.Build.0 = Release|Any CPU
		{497FF6CD-5283-4F53-8555-D6E715A0DA1C}.TRAIN|Any CPU.ActiveCfg = TRAIN|Any CPU
		{497FF6CD-5283-4F53-8555-D6E715A0DA1C}.TRAIN|Any CPU.Build.0 = TRAIN|Any CPU
		{2583C2EF-E3D0-4260-98EA-BE37A6534C54}.Debug|Any CPU.ActiveCfg = Debug|Any CPU
		{2583C2EF-E3D0-4260-98EA-BE37A6534C54}.Debug|Any CPU.Build.0 = Debug|Any CPU
		{2583C2EF-E3D0-4260-98EA-BE37A6534C54}.INT|Any CPU.ActiveCfg = INT|Any CPU
		{2583C2EF-E3D0-4260-98EA-BE37A6534C54}.INT|Any CPU.Build.0 = INT|Any CPU
		{2583C2EF-E3D0-4260-98EA-BE37A6534C54}.PERF|Any CPU.ActiveCfg = PERF|Any CPU
		{2583C2EF-E3D0-4260-98EA-BE37A6534C54}.PERF|Any CPU.Build.0 = PERF|Any CPU
		{2583C2EF-E3D0-4260-98EA-BE37A6534C54}.PREPROD|Any CPU.ActiveCfg = PREPROD|Any CPU
		{2583C2EF-E3D0-4260-98EA-BE37A6534C54}.PREPROD|Any CPU.Build.0 = PREPROD|Any CPU
		{2583C2EF-E3D0-4260-98EA-BE37A6534C54}.PROD|Any CPU.ActiveCfg = PROD|Any CPU
		{2583C2EF-E3D0-4260-98EA-BE37A6534C54}.PROD|Any CPU.Build.0 = PROD|Any CPU
		{2583C2EF-E3D0-4260-98EA-BE37A6534C54}.QA|Any CPU.ActiveCfg = QA|Any CPU
		{2583C2EF-E3D0-4260-98EA-BE37A6534C54}.QA|Any CPU.Build.0 = QA|Any CPU
		{2583C2EF-E3D0-4260-98EA-BE37A6534C54}.Release|Any CPU.ActiveCfg = Release|Any CPU
		{2583C2EF-E3D0-4260-98EA-BE37A6534C54}.Release|Any CPU.Build.0 = Release|Any CPU
		{2583C2EF-E3D0-4260-98EA-BE37A6534C54}.TRAIN|Any CPU.ActiveCfg = TRAIN|Any CPU
		{2583C2EF-E3D0-4260-98EA-BE37A6534C54}.TRAIN|Any CPU.Build.0 = TRAIN|Any CPU
		{75CEE666-371F-4679-8C93-629F35309DC1}.Debug|Any CPU.ActiveCfg = Debug|Any CPU
		{75CEE666-371F-4679-8C93-629F35309DC1}.Debug|Any CPU.Build.0 = Debug|Any CPU
		{75CEE666-371F-4679-8C93-629F35309DC1}.INT|Any CPU.ActiveCfg = INT|Any CPU
		{75CEE666-371F-4679-8C93-629F35309DC1}.INT|Any CPU.Build.0 = INT|Any CPU
		{75CEE666-371F-4679-8C93-629F35309DC1}.PERF|Any CPU.ActiveCfg = PERF|Any CPU
		{75CEE666-371F-4679-8C93-629F35309DC1}.PERF|Any CPU.Build.0 = PERF|Any CPU
		{75CEE666-371F-4679-8C93-629F35309DC1}.PREPROD|Any CPU.ActiveCfg = PREPROD|Any CPU
		{75CEE666-371F-4679-8C93-629F35309DC1}.PREPROD|Any CPU.Build.0 = PREPROD|Any CPU
		{75CEE666-371F-4679-8C93-629F35309DC1}.PROD|Any CPU.ActiveCfg = PROD|Any CPU
		{75CEE666-371F-4679-8C93-629F35309DC1}.PROD|Any CPU.Build.0 = PROD|Any CPU
		{75CEE666-371F-4679-8C93-629F35309DC1}.QA|Any CPU.ActiveCfg = QA|Any CPU
		{75CEE666-371F-4679-8C93-629F35309DC1}.QA|Any CPU.Build.0 = QA|Any CPU
		{75CEE666-371F-4679-8C93-629F35309DC1}.Release|Any CPU.ActiveCfg = Release|Any CPU
		{75CEE666-371F-4679-8C93-629F35309DC1}.Release|Any CPU.Build.0 = Release|Any CPU
		{75CEE666-371F-4679-8C93-629F35309DC1}.TRAIN|Any CPU.ActiveCfg = TRAIN|Any CPU
		{75CEE666-371F-4679-8C93-629F35309DC1}.TRAIN|Any CPU.Build.0 = TRAIN|Any CPU
		{A4E91FC6-6983-4A58-B306-7CC71829484F}.Debug|Any CPU.ActiveCfg = Debug|Any CPU
		{A4E91FC6-6983-4A58-B306-7CC71829484F}.Debug|Any CPU.Build.0 = Debug|Any CPU
		{A4E91FC6-6983-4A58-B306-7CC71829484F}.INT|Any CPU.ActiveCfg = INT|Any CPU
		{A4E91FC6-6983-4A58-B306-7CC71829484F}.INT|Any CPU.Build.0 = INT|Any CPU
		{A4E91FC6-6983-4A58-B306-7CC71829484F}.PERF|Any CPU.ActiveCfg = PERF|Any CPU
		{A4E91FC6-6983-4A58-B306-7CC71829484F}.PERF|Any CPU.Build.0 = PERF|Any CPU
		{A4E91FC6-6983-4A58-B306-7CC71829484F}.PREPROD|Any CPU.ActiveCfg = PREPROD|Any CPU
		{A4E91FC6-6983-4A58-B306-7CC71829484F}.PREPROD|Any CPU.Build.0 = PREPROD|Any CPU
		{A4E91FC6-6983-4A58-B306-7CC71829484F}.PROD|Any CPU.ActiveCfg = PROD|Any CPU
		{A4E91FC6-6983-4A58-B306-7CC71829484F}.PROD|Any CPU.Build.0 = PROD|Any CPU
		{A4E91FC6-6983-4A58-B306-7CC71829484F}.QA|Any CPU.ActiveCfg = QA|Any CPU
		{A4E91FC6-6983-4A58-B306-7CC71829484F}.QA|Any CPU.Build.0 = QA|Any CPU
		{A4E91FC6-6983-4A58-B306-7CC71829484F}.Release|Any CPU.ActiveCfg = Release|Any CPU
		{A4E91FC6-6983-4A58-B306-7CC71829484F}.Release|Any CPU.Build.0 = Release|Any CPU
		{A4E91FC6-6983-4A58-B306-7CC71829484F}.TRAIN|Any CPU.ActiveCfg = TRAIN|Any CPU
		{A4E91FC6-6983-4A58-B306-7CC71829484F}.TRAIN|Any CPU.Build.0 = TRAIN|Any CPU
		{1EF50324-6A68-4028-A50C-1A27BD580AB8}.Debug|Any CPU.ActiveCfg = Debug|Any CPU
		{1EF50324-6A68-4028-A50C-1A27BD580AB8}.Debug|Any CPU.Build.0 = Debug|Any CPU
		{1EF50324-6A68-4028-A50C-1A27BD580AB8}.INT|Any CPU.ActiveCfg = INT|Any CPU
		{1EF50324-6A68-4028-A50C-1A27BD580AB8}.INT|Any CPU.Build.0 = INT|Any CPU
		{1EF50324-6A68-4028-A50C-1A27BD580AB8}.PERF|Any CPU.ActiveCfg = PERF|Any CPU
		{1EF50324-6A68-4028-A50C-1A27BD580AB8}.PERF|Any CPU.Build.0 = PERF|Any CPU
		{1EF50324-6A68-4028-A50C-1A27BD580AB8}.PREPROD|Any CPU.ActiveCfg = PREPROD|Any CPU
		{1EF50324-6A68-4028-A50C-1A27BD580AB8}.PREPROD|Any CPU.Build.0 = PREPROD|Any CPU
		{1EF50324-6A68-4028-A50C-1A27BD580AB8}.PROD|Any CPU.ActiveCfg = PROD|Any CPU
		{1EF50324-6A68-4028-A50C-1A27BD580AB8}.PROD|Any CPU.Build.0 = PROD|Any CPU
		{1EF50324-6A68-4028-A50C-1A27BD580AB8}.QA|Any CPU.ActiveCfg = QA|Any CPU
		{1EF50324-6A68-4028-A50C-1A27BD580AB8}.QA|Any CPU.Build.0 = QA|Any CPU
		{1EF50324-6A68-4028-A50C-1A27BD580AB8}.Release|Any CPU.ActiveCfg = Release|Any CPU
		{1EF50324-6A68-4028-A50C-1A27BD580AB8}.Release|Any CPU.Build.0 = Release|Any CPU
		{1EF50324-6A68-4028-A50C-1A27BD580AB8}.TRAIN|Any CPU.ActiveCfg = TRAIN|Any CPU
		{1EF50324-6A68-4028-A50C-1A27BD580AB8}.TRAIN|Any CPU.Build.0 = TRAIN|Any CPU
		{DF6C2796-AF00-407D-A6C1-C469A6DB309C}.Debug|Any CPU.ActiveCfg = Debug|Any CPU
		{DF6C2796-AF00-407D-A6C1-C469A6DB309C}.Debug|Any CPU.Build.0 = Debug|Any CPU
		{DF6C2796-AF00-407D-A6C1-C469A6DB309C}.INT|Any CPU.ActiveCfg = INT|Any CPU
		{DF6C2796-AF00-407D-A6C1-C469A6DB309C}.INT|Any CPU.Build.0 = INT|Any CPU
		{DF6C2796-AF00-407D-A6C1-C469A6DB309C}.PERF|Any CPU.ActiveCfg = PERF|Any CPU
		{DF6C2796-AF00-407D-A6C1-C469A6DB309C}.PERF|Any CPU.Build.0 = PERF|Any CPU
		{DF6C2796-AF00-407D-A6C1-C469A6DB309C}.PREPROD|Any CPU.ActiveCfg = PREPROD|Any CPU
		{DF6C2796-AF00-407D-A6C1-C469A6DB309C}.PREPROD|Any CPU.Build.0 = PREPROD|Any CPU
		{DF6C2796-AF00-407D-A6C1-C469A6DB309C}.PROD|Any CPU.ActiveCfg = PROD|Any CPU
		{DF6C2796-AF00-407D-A6C1-C469A6DB309C}.PROD|Any CPU.Build.0 = PROD|Any CPU
		{DF6C2796-AF00-407D-A6C1-C469A6DB309C}.QA|Any CPU.ActiveCfg = QA|Any CPU
		{DF6C2796-AF00-407D-A6C1-C469A6DB309C}.QA|Any CPU.Build.0 = QA|Any CPU
		{DF6C2796-AF00-407D-A6C1-C469A6DB309C}.Release|Any CPU.ActiveCfg = Release|Any CPU
		{DF6C2796-AF00-407D-A6C1-C469A6DB309C}.Release|Any CPU.Build.0 = Release|Any CPU
		{DF6C2796-AF00-407D-A6C1-C469A6DB309C}.TRAIN|Any CPU.ActiveCfg = TRAIN|Any CPU
		{DF6C2796-AF00-407D-A6C1-C469A6DB309C}.TRAIN|Any CPU.Build.0 = TRAIN|Any CPU
		{90AF72CB-29A2-4265-BFD4-8C2D6BDCE3B0}.Debug|Any CPU.ActiveCfg = Debug|Any CPU
		{90AF72CB-29A2-4265-BFD4-8C2D6BDCE3B0}.Debug|Any CPU.Build.0 = Debug|Any CPU
		{90AF72CB-29A2-4265-BFD4-8C2D6BDCE3B0}.INT|Any CPU.ActiveCfg = INT|Any CPU
		{90AF72CB-29A2-4265-BFD4-8C2D6BDCE3B0}.INT|Any CPU.Build.0 = INT|Any CPU
		{90AF72CB-29A2-4265-BFD4-8C2D6BDCE3B0}.PERF|Any CPU.ActiveCfg = PERF|Any CPU
		{90AF72CB-29A2-4265-BFD4-8C2D6BDCE3B0}.PERF|Any CPU.Build.0 = PERF|Any CPU
		{90AF72CB-29A2-4265-BFD4-8C2D6BDCE3B0}.PREPROD|Any CPU.ActiveCfg = PREPROD|Any CPU
		{90AF72CB-29A2-4265-BFD4-8C2D6BDCE3B0}.PREPROD|Any CPU.Build.0 = PREPROD|Any CPU
		{90AF72CB-29A2-4265-BFD4-8C2D6BDCE3B0}.PROD|Any CPU.ActiveCfg = PROD|Any CPU
		{90AF72CB-29A2-4265-BFD4-8C2D6BDCE3B0}.PROD|Any CPU.Build.0 = PROD|Any CPU
		{90AF72CB-29A2-4265-BFD4-8C2D6BDCE3B0}.QA|Any CPU.ActiveCfg = QA|Any CPU
		{90AF72CB-29A2-4265-BFD4-8C2D6BDCE3B0}.QA|Any CPU.Build.0 = QA|Any CPU
		{90AF72CB-29A2-4265-BFD4-8C2D6BDCE3B0}.Release|Any CPU.ActiveCfg = Release|Any CPU
		{90AF72CB-29A2-4265-BFD4-8C2D6BDCE3B0}.Release|Any CPU.Build.0 = Release|Any CPU
		{90AF72CB-29A2-4265-BFD4-8C2D6BDCE3B0}.TRAIN|Any CPU.ActiveCfg = TRAIN|Any CPU
		{90AF72CB-29A2-4265-BFD4-8C2D6BDCE3B0}.TRAIN|Any CPU.Build.0 = TRAIN|Any CPU
	EndGlobalSection
	GlobalSection(SolutionProperties) = preSolution
		HideSolutionNode = FALSE
	EndGlobalSection
	GlobalSection(ExtensibilityGlobals) = postSolution
		SolutionGuid = {9F7F8DEE-4191-4B71-BE3D-B3ABE40B0D5F}
	EndGlobalSection
EndGlobal
