
Microsoft Visual Studio Solution File, Format Version 12.00
# Visual Studio Version 16
VisualStudioVersion = 16.0.29201.188
MinimumVisualStudioVersion = 10.0.40219.1
Project("{FAE04EC0-301F-11D3-BF4B-00C04F79EFBC}") = "UDO.LOB.eMISApi", "UDO.LOB.eMISApi\UDO.LOB.eMISApi.csproj", "{DE47591D-3255-46A2-BCCF-264E7BE510BA}"
EndProject
Project("{FAE04EC0-301F-11D3-BF4B-00C04F79EFBC}") = "UDO.LOB.eMISApi.Tests", "UDO.LOB.eMISApi.Tests\UDO.LOB.eMISApi.Tests.csproj", "{875168B5-D1D7-4A84-9DAE-D5BD496B9279}"
EndProject
Project("{FAE04EC0-301F-11D3-BF4B-00C04F79EFBC}") = "UDO.LOB.eMIS.Messages", "UDO.LOB.eMIS.Messages\UDO.LOB.eMIS.Messages.csproj", "{8372C7ED-C480-4490-B183-F866F1EAC723}"
EndProject
Project("{FAE04EC0-301F-11D3-BF4B-00C04F79EFBC}") = "UDO.LOB.Core", "..\UDO.Crm.LOB.Core\UDO.LOB.Core.csproj", "{75CEE666-371F-4679-8C93-629F35309DC1}"
EndProject
Project("{FAE04EC0-301F-11D3-BF4B-00C04F79EFBC}") = "UDO.LOB.Extensions", "..\UDO.Crm.LOB.Extensions\UDO.LOB.Extensions.csproj", "{A4E91FC6-6983-4A58-B306-7CC71829484F}"
EndProject
Global
	GlobalSection(SolutionConfigurationPlatforms) = preSolution
		Debug|Any CPU = Debug|Any CPU
		INT|Any CPU = INT|Any CPU
		PERF|Any CPU = PERF|Any CPU
		PREPROD|Any CPU = PREPROD|Any CPU
		PROD|Any CPU = PROD|Any CPU
		QA|Any CPU = QA|Any CPU
		Release|Any CPU = Release|Any CPU
		TRAIN|Any CPU = TRAIN|Any CPU
	EndGlobalSection
	GlobalSection(ProjectConfigurationPlatforms) = postSolution
		{DE47591D-3255-46A2-BCCF-264E7BE510BA}.Debug|Any CPU.ActiveCfg = Debug|Any CPU
		{DE47591D-3255-46A2-BCCF-264E7BE510BA}.Debug|Any CPU.Build.0 = Debug|Any CPU
		{DE47591D-3255-46A2-BCCF-264E7BE510BA}.INT|Any CPU.ActiveCfg = INT|Any CPU
		{DE47591D-3255-46A2-BCCF-264E7BE510BA}.INT|Any CPU.Build.0 = INT|Any CPU
		{DE47591D-3255-46A2-BCCF-264E7BE510BA}.PERF|Any CPU.ActiveCfg = PERF|Any CPU
		{DE47591D-3255-46A2-BCCF-264E7BE510BA}.PERF|Any CPU.Build.0 = PERF|Any CPU
		{DE47591D-3255-46A2-BCCF-264E7BE510BA}.PREPROD|Any CPU.ActiveCfg = PREPROD|Any CPU
		{DE47591D-3255-46A2-BCCF-264E7BE510BA}.PREPROD|Any CPU.Build.0 = PREPROD|Any CPU
		{DE47591D-3255-46A2-BCCF-264E7BE510BA}.PROD|Any CPU.ActiveCfg = PROD|Any CPU
		{DE47591D-3255-46A2-BCCF-264E7BE510BA}.PROD|Any CPU.Build.0 = PROD|Any CPU
		{DE47591D-3255-46A2-BCCF-264E7BE510BA}.QA|Any CPU.ActiveCfg = QA|Any CPU
		{DE47591D-3255-46A2-BCCF-264E7BE510BA}.QA|Any CPU.Build.0 = QA|Any CPU
		{DE47591D-3255-46A2-BCCF-264E7BE510BA}.Release|Any CPU.ActiveCfg = Debug|Any CPU
		{DE47591D-3255-46A2-BCCF-264E7BE510BA}.Release|Any CPU.Build.0 = Debug|Any CPU
		{DE47591D-3255-46A2-BCCF-264E7BE510BA}.TRAIN|Any CPU.ActiveCfg = TRAIN|Any CPU
		{DE47591D-3255-46A2-BCCF-264E7BE510BA}.TRAIN|Any CPU.Build.0 = TRAIN|Any CPU
		{875168B5-D1D7-4A84-9DAE-D5BD496B9279}.Debug|Any CPU.ActiveCfg = Debug|Any CPU
		{875168B5-D1D7-4A84-9DAE-D5BD496B9279}.Debug|Any CPU.Build.0 = Debug|Any CPU
		{875168B5-D1D7-4A84-9DAE-D5BD496B9279}.INT|Any CPU.ActiveCfg = INT|Any CPU
		{875168B5-D1D7-4A84-9DAE-D5BD496B9279}.INT|Any CPU.Build.0 = INT|Any CPU
		{875168B5-D1D7-4A84-9DAE-D5BD496B9279}.PERF|Any CPU.ActiveCfg = PERF|Any CPU
		{875168B5-D1D7-4A84-9DAE-D5BD496B9279}.PERF|Any CPU.Build.0 = PERF|Any CPU
		{875168B5-D1D7-4A84-9DAE-D5BD496B9279}.PREPROD|Any CPU.ActiveCfg = PREPROD|Any CPU
		{875168B5-D1D7-4A84-9DAE-D5BD496B9279}.PREPROD|Any CPU.Build.0 = PREPROD|Any CPU
		{875168B5-D1D7-4A84-9DAE-D5BD496B9279}.PROD|Any CPU.ActiveCfg = PROD|Any CPU
		{875168B5-D1D7-4A84-9DAE-D5BD496B9279}.PROD|Any CPU.Build.0 = PROD|Any CPU
		{875168B5-D1D7-4A84-9DAE-D5BD496B9279}.QA|Any CPU.ActiveCfg = QA|Any CPU
		{875168B5-D1D7-4A84-9DAE-D5BD496B9279}.QA|Any CPU.Build.0 = QA|Any CPU
		{875168B5-D1D7-4A84-9DAE-D5BD496B9279}.Release|Any CPU.ActiveCfg = Debug|Any CPU
		{875168B5-D1D7-4A84-9DAE-D5BD496B9279}.Release|Any CPU.Build.0 = Debug|Any CPU
		{875168B5-D1D7-4A84-9DAE-D5BD496B9279}.TRAIN|Any CPU.ActiveCfg = TRAIN|Any CPU
		{875168B5-D1D7-4A84-9DAE-D5BD496B9279}.TRAIN|Any CPU.Build.0 = TRAIN|Any CPU
		{8372C7ED-C480-4490-B183-F866F1EAC723}.Debug|Any CPU.ActiveCfg = Debug|Any CPU
		{8372C7ED-C480-4490-B183-F866F1EAC723}.Debug|Any CPU.Build.0 = Debug|Any CPU
		{8372C7ED-C480-4490-B183-F866F1EAC723}.INT|Any CPU.ActiveCfg = INT|Any CPU
		{8372C7ED-C480-4490-B183-F866F1EAC723}.INT|Any CPU.Build.0 = INT|Any CPU
		{8372C7ED-C480-4490-B183-F866F1EAC723}.PERF|Any CPU.ActiveCfg = PERF|Any CPU
		{8372C7ED-C480-4490-B183-F866F1EAC723}.PERF|Any CPU.Build.0 = PERF|Any CPU
		{8372C7ED-C480-4490-B183-F866F1EAC723}.PREPROD|Any CPU.ActiveCfg = PREPROD|Any CPU
		{8372C7ED-C480-4490-B183-F866F1EAC723}.PREPROD|Any CPU.Build.0 = PREPROD|Any CPU
		{8372C7ED-C480-4490-B183-F866F1EAC723}.PROD|Any CPU.ActiveCfg = PROD|Any CPU
		{8372C7ED-C480-4490-B183-F866F1EAC723}.PROD|Any CPU.Build.0 = PROD|Any CPU
		{8372C7ED-C480-4490-B183-F866F1EAC723}.QA|Any CPU.ActiveCfg = QA|Any CPU
		{8372C7ED-C480-4490-B183-F866F1EAC723}.QA|Any CPU.Build.0 = QA|Any CPU
		{8372C7ED-C480-4490-B183-F866F1EAC723}.Release|Any CPU.ActiveCfg = Debug|Any CPU
		{8372C7ED-C480-4490-B183-F866F1EAC723}.Release|Any CPU.Build.0 = Debug|Any CPU
		{8372C7ED-C480-4490-B183-F866F1EAC723}.TRAIN|Any CPU.ActiveCfg = TRAIN|Any CPU
		{8372C7ED-C480-4490-B183-F866F1EAC723}.TRAIN|Any CPU.Build.0 = TRAIN|Any CPU
		{75CEE666-371F-4679-8C93-629F35309DC1}.Debug|Any CPU.ActiveCfg = Debug|Any CPU
		{75CEE666-371F-4679-8C93-629F35309DC1}.Debug|Any CPU.Build.0 = Debug|Any CPU
		{75CEE666-371F-4679-8C93-629F35309DC1}.INT|Any CPU.ActiveCfg = INT|Any CPU
		{75CEE666-371F-4679-8C93-629F35309DC1}.INT|Any CPU.Build.0 = INT|Any CPU
		{75CEE666-371F-4679-8C93-629F35309DC1}.PERF|Any CPU.ActiveCfg = PERF|Any CPU
		{75CEE666-371F-4679-8C93-629F35309DC1}.PERF|Any CPU.Build.0 = PERF|Any CPU
		{75CEE666-371F-4679-8C93-629F35309DC1}.PREPROD|Any CPU.ActiveCfg = PREPROD|Any CPU
		{75CEE666-371F-4679-8C93-629F35309DC1}.PREPROD|Any CPU.Build.0 = PREPROD|Any CPU
		{75CEE666-371F-4679-8C93-629F35309DC1}.PROD|Any CPU.ActiveCfg = PROD|Any CPU
		{75CEE666-371F-4679-8C93-629F35309DC1}.PROD|Any CPU.Build.0 = PROD|Any CPU
		{75CEE666-371F-4679-8C93-629F35309DC1}.QA|Any CPU.ActiveCfg = QA|Any CPU
		{75CEE666-371F-4679-8C93-629F35309DC1}.QA|Any CPU.Build.0 = QA|Any CPU
		{75CEE666-371F-4679-8C93-629F35309DC1}.Release|Any CPU.ActiveCfg = Debug|Any CPU
		{75CEE666-371F-4679-8C93-629F35309DC1}.Release|Any CPU.Build.0 = Debug|Any CPU
		{75CEE666-371F-4679-8C93-629F35309DC1}.TRAIN|Any CPU.ActiveCfg = TRAIN|Any CPU
		{75CEE666-371F-4679-8C93-629F35309DC1}.TRAIN|Any CPU.Build.0 = TRAIN|Any CPU
		{A4E91FC6-6983-4A58-B306-7CC71829484F}.Debug|Any CPU.ActiveCfg = Debug|Any CPU
		{A4E91FC6-6983-4A58-B306-7CC71829484F}.Debug|Any CPU.Build.0 = Debug|Any CPU
		{A4E91FC6-6983-4A58-B306-7CC71829484F}.INT|Any CPU.ActiveCfg = INT|Any CPU
		{A4E91FC6-6983-4A58-B306-7CC71829484F}.INT|Any CPU.Build.0 = INT|Any CPU
		{A4E91FC6-6983-4A58-B306-7CC71829484F}.PERF|Any CPU.ActiveCfg = PERF|Any CPU
		{A4E91FC6-6983-4A58-B306-7CC71829484F}.PERF|Any CPU.Build.0 = PERF|Any CPU
		{A4E91FC6-6983-4A58-B306-7CC71829484F}.PREPROD|Any CPU.ActiveCfg = PREPROD|Any CPU
		{A4E91FC6-6983-4A58-B306-7CC71829484F}.PREPROD|Any CPU.Build.0 = PREPROD|Any CPU
		{A4E91FC6-6983-4A58-B306-7CC71829484F}.PROD|Any CPU.ActiveCfg = PROD|Any CPU
		{A4E91FC6-6983-4A58-B306-7CC71829484F}.PROD|Any CPU.Build.0 = PROD|Any CPU
		{A4E91FC6-6983-4A58-B306-7CC71829484F}.QA|Any CPU.ActiveCfg = QA|Any CPU
		{A4E91FC6-6983-4A58-B306-7CC71829484F}.QA|Any CPU.Build.0 = QA|Any CPU
		{A4E91FC6-6983-4A58-B306-7CC71829484F}.Release|Any CPU.ActiveCfg = Debug|Any CPU
		{A4E91FC6-6983-4A58-B306-7CC71829484F}.Release|Any CPU.Build.0 = Debug|Any CPU
		{A4E91FC6-6983-4A58-B306-7CC71829484F}.TRAIN|Any CPU.ActiveCfg = TRAIN|Any CPU
		{A4E91FC6-6983-4A58-B306-7CC71829484F}.TRAIN|Any CPU.Build.0 = TRAIN|Any CPU
	EndGlobalSection
	GlobalSection(SolutionProperties) = preSolution
		HideSolutionNode = FALSE
	EndGlobalSection
	GlobalSection(ExtensibilityGlobals) = postSolution
		SolutionGuid = {D96353AC-0857-4E06-A5B0-AD937448ADC9}
	EndGlobalSection
EndGlobal
