
Microsoft Visual Studio Solution File, Format Version 12.00
# Visual Studio Version 16
VisualStudioVersion = 16.0.29201.188
MinimumVisualStudioVersion = 10.0.40219.1
Project("{FAE04EC0-301F-11D3-BF4B-00C04F79EFBC}") = "UDO.LOB.ExamsAppointmentsApi", "UDO.LOB.ExamsAppointmentsApi\UDO.LOB.ExamsAppointmentsApi.csproj", "{C6DCA60C-749A-415F-BBC6-C151CC62CB39}"
EndProject
Project("{FAE04EC0-301F-11D3-BF4B-00C04F79EFBC}") = "UDO.LOB.ExamsAppointmentsApi.Tests", "UDO.LOB.ExamsAppointmentsApi.Tests\UDO.LOB.ExamsAppointmentsApi.Tests.csproj", "{D06D23CF-EFB6-4214-973C-DBB68F61E12A}"
EndProject
Project("{FAE04EC0-301F-11D3-BF4B-00C04F79EFBC}") = "UDO.LOB.ExamsAppointments.Messages", "UDO.LOB.ExamsAppointments.Messages\UDO.LOB.ExamsAppointments.Messages.csproj", "{8769D994-ED4B-49C1-BCC9-11A44069CE75}"
EndProject
Project("{FAE04EC0-301F-11D3-BF4B-00C04F79EFBC}") = "UDO.LOB.Core", "..\UDO.Crm.LOB.Core\UDO.LOB.Core.csproj", "{75CEE666-371F-4679-8C93-629F35309DC1}"
EndProject
Project("{FAE04EC0-301F-11D3-BF4B-00C04F79EFBC}") = "UDO.LOB.Extensions", "..\UDO.Crm.LOB.Extensions\UDO.LOB.Extensions.csproj", "{A4E91FC6-6983-4A58-B306-7CC71829484F}"
EndProject
Global
	GlobalSection(SolutionConfigurationPlatforms) = preSolution
		Debug|Any CPU = Debug|Any CPU
		INT|Any CPU = INT|Any CPU
		PERF|Any CPU = PERF|Any CPU
		PREPROD|Any CPU = PREPROD|Any CPU
		PROD|Any CPU = PROD|Any CPU
		QA|Any CPU = QA|Any CPU
		Release|Any CPU = Release|Any CPU
		TRAIN|Any CPU = TRAIN|Any CPU
	EndGlobalSection
	GlobalSection(ProjectConfigurationPlatforms) = postSolution
		{C6DCA60C-749A-415F-BBC6-C151CC62CB39}.Debug|Any CPU.ActiveCfg = Debug|Any CPU
		{C6DCA60C-749A-415F-BBC6-C151CC62CB39}.Debug|Any CPU.Build.0 = Debug|Any CPU
		{C6DCA60C-749A-415F-BBC6-C151CC62CB39}.INT|Any CPU.ActiveCfg = INT|Any CPU
		{C6DCA60C-749A-415F-BBC6-C151CC62CB39}.INT|Any CPU.Build.0 = INT|Any CPU
		{C6DCA60C-749A-415F-BBC6-C151CC62CB39}.PERF|Any CPU.ActiveCfg = PERF|Any CPU
		{C6DCA60C-749A-415F-BBC6-C151CC62CB39}.PERF|Any CPU.Build.0 = PERF|Any CPU
		{C6DCA60C-749A-415F-BBC6-C151CC62CB39}.PREPROD|Any CPU.ActiveCfg = PREPROD|Any CPU
		{C6DCA60C-749A-415F-BBC6-C151CC62CB39}.PREPROD|Any CPU.Build.0 = PREPROD|Any CPU
		{C6DCA60C-749A-415F-BBC6-C151CC62CB39}.PROD|Any CPU.ActiveCfg = PROD|Any CPU
		{C6DCA60C-749A-415F-BBC6-C151CC62CB39}.PROD|Any CPU.Build.0 = PROD|Any CPU
		{C6DCA60C-749A-415F-BBC6-C151CC62CB39}.QA|Any CPU.ActiveCfg = QA|Any CPU
		{C6DCA60C-749A-415F-BBC6-C151CC62CB39}.QA|Any CPU.Build.0 = QA|Any CPU
		{C6DCA60C-749A-415F-BBC6-C151CC62CB39}.Release|Any CPU.ActiveCfg = Debug|Any CPU
		{C6DCA60C-749A-415F-BBC6-C151CC62CB39}.Release|Any CPU.Build.0 = Debug|Any CPU
		{C6DCA60C-749A-415F-BBC6-C151CC62CB39}.TRAIN|Any CPU.ActiveCfg = TRAIN|Any CPU
		{C6DCA60C-749A-415F-BBC6-C151CC62CB39}.TRAIN|Any CPU.Build.0 = TRAIN|Any CPU
		{D06D23CF-EFB6-4214-973C-DBB68F61E12A}.Debug|Any CPU.ActiveCfg = Debug|Any CPU
		{D06D23CF-EFB6-4214-973C-DBB68F61E12A}.Debug|Any CPU.Build.0 = Debug|Any CPU
		{D06D23CF-EFB6-4214-973C-DBB68F61E12A}.INT|Any CPU.ActiveCfg = INT|Any CPU
		{D06D23CF-EFB6-4214-973C-DBB68F61E12A}.INT|Any CPU.Build.0 = INT|Any CPU
		{D06D23CF-EFB6-4214-973C-DBB68F61E12A}.PERF|Any CPU.ActiveCfg = PERF|Any CPU
		{D06D23CF-EFB6-4214-973C-DBB68F61E12A}.PERF|Any CPU.Build.0 = PERF|Any CPU
		{D06D23CF-EFB6-4214-973C-DBB68F61E12A}.PREPROD|Any CPU.ActiveCfg = PREPROD|Any CPU
		{D06D23CF-EFB6-4214-973C-DBB68F61E12A}.PREPROD|Any CPU.Build.0 = PREPROD|Any CPU
		{D06D23CF-EFB6-4214-973C-DBB68F61E12A}.PROD|Any CPU.ActiveCfg = PROD|Any CPU
		{D06D23CF-EFB6-4214-973C-DBB68F61E12A}.PROD|Any CPU.Build.0 = PROD|Any CPU
		{D06D23CF-EFB6-4214-973C-DBB68F61E12A}.QA|Any CPU.ActiveCfg = QA|Any CPU
		{D06D23CF-EFB6-4214-973C-DBB68F61E12A}.QA|Any CPU.Build.0 = QA|Any CPU
		{D06D23CF-EFB6-4214-973C-DBB68F61E12A}.Release|Any CPU.ActiveCfg = Debug|Any CPU
		{D06D23CF-EFB6-4214-973C-DBB68F61E12A}.Release|Any CPU.Build.0 = Debug|Any CPU
		{D06D23CF-EFB6-4214-973C-DBB68F61E12A}.TRAIN|Any CPU.ActiveCfg = TRAIN|Any CPU
		{D06D23CF-EFB6-4214-973C-DBB68F61E12A}.TRAIN|Any CPU.Build.0 = TRAIN|Any CPU
		{8769D994-ED4B-49C1-BCC9-11A44069CE75}.Debug|Any CPU.ActiveCfg = Debug|Any CPU
		{8769D994-ED4B-49C1-BCC9-11A44069CE75}.Debug|Any CPU.Build.0 = Debug|Any CPU
		{8769D994-ED4B-49C1-BCC9-11A44069CE75}.INT|Any CPU.ActiveCfg = INT|Any CPU
		{8769D994-ED4B-49C1-BCC9-11A44069CE75}.INT|Any CPU.Build.0 = INT|Any CPU
		{8769D994-ED4B-49C1-BCC9-11A44069CE75}.PERF|Any CPU.ActiveCfg = PERF|Any CPU
		{8769D994-ED4B-49C1-BCC9-11A44069CE75}.PERF|Any CPU.Build.0 = PERF|Any CPU
		{8769D994-ED4B-49C1-BCC9-11A44069CE75}.PREPROD|Any CPU.ActiveCfg = PREPROD|Any CPU
		{8769D994-ED4B-49C1-BCC9-11A44069CE75}.PREPROD|Any CPU.Build.0 = PREPROD|Any CPU
		{8769D994-ED4B-49C1-BCC9-11A44069CE75}.PROD|Any CPU.ActiveCfg = PROD|Any CPU
		{8769D994-ED4B-49C1-BCC9-11A44069CE75}.PROD|Any CPU.Build.0 = PROD|Any CPU
		{8769D994-ED4B-49C1-BCC9-11A44069CE75}.QA|Any CPU.ActiveCfg = QA|Any CPU
		{8769D994-ED4B-49C1-BCC9-11A44069CE75}.QA|Any CPU.Build.0 = QA|Any CPU
		{8769D994-ED4B-49C1-BCC9-11A44069CE75}.Release|Any CPU.ActiveCfg = Debug|Any CPU
		{8769D994-ED4B-49C1-BCC9-11A44069CE75}.Release|Any CPU.Build.0 = Debug|Any CPU
		{8769D994-ED4B-49C1-BCC9-11A44069CE75}.TRAIN|Any CPU.ActiveCfg = TRAIN|Any CPU
		{8769D994-ED4B-49C1-BCC9-11A44069CE75}.TRAIN|Any CPU.Build.0 = TRAIN|Any CPU
		{75CEE666-371F-4679-8C93-629F35309DC1}.Debug|Any CPU.ActiveCfg = Debug|Any CPU
		{75CEE666-371F-4679-8C93-629F35309DC1}.Debug|Any CPU.Build.0 = Debug|Any CPU
		{75CEE666-371F-4679-8C93-629F35309DC1}.INT|Any CPU.ActiveCfg = INT|Any CPU
		{75CEE666-371F-4679-8C93-629F35309DC1}.INT|Any CPU.Build.0 = INT|Any CPU
		{75CEE666-371F-4679-8C93-629F35309DC1}.PERF|Any CPU.ActiveCfg = PERF|Any CPU
		{75CEE666-371F-4679-8C93-629F35309DC1}.PERF|Any CPU.Build.0 = PERF|Any CPU
		{75CEE666-371F-4679-8C93-629F35309DC1}.PREPROD|Any CPU.ActiveCfg = PREPROD|Any CPU
		{75CEE666-371F-4679-8C93-629F35309DC1}.PREPROD|Any CPU.Build.0 = PREPROD|Any CPU
		{75CEE666-371F-4679-8C93-629F35309DC1}.PROD|Any CPU.ActiveCfg = PROD|Any CPU
		{75CEE666-371F-4679-8C93-629F35309DC1}.PROD|Any CPU.Build.0 = PROD|Any CPU
		{75CEE666-371F-4679-8C93-629F35309DC1}.QA|Any CPU.ActiveCfg = QA|Any CPU
		{75CEE666-371F-4679-8C93-629F35309DC1}.QA|Any CPU.Build.0 = QA|Any CPU
		{75CEE666-371F-4679-8C93-629F35309DC1}.Release|Any CPU.ActiveCfg = Debug|Any CPU
		{75CEE666-371F-4679-8C93-629F35309DC1}.Release|Any CPU.Build.0 = Debug|Any CPU
		{75CEE666-371F-4679-8C93-629F35309DC1}.TRAIN|Any CPU.ActiveCfg = TRAIN|Any CPU
		{75CEE666-371F-4679-8C93-629F35309DC1}.TRAIN|Any CPU.Build.0 = TRAIN|Any CPU
		{A4E91FC6-6983-4A58-B306-7CC71829484F}.Debug|Any CPU.ActiveCfg = Debug|Any CPU
		{A4E91FC6-6983-4A58-B306-7CC71829484F}.Debug|Any CPU.Build.0 = Debug|Any CPU
		{A4E91FC6-6983-4A58-B306-7CC71829484F}.INT|Any CPU.ActiveCfg = INT|Any CPU
		{A4E91FC6-6983-4A58-B306-7CC71829484F}.INT|Any CPU.Build.0 = INT|Any CPU
		{A4E91FC6-6983-4A58-B306-7CC71829484F}.PERF|Any CPU.ActiveCfg = PERF|Any CPU
		{A4E91FC6-6983-4A58-B306-7CC71829484F}.PERF|Any CPU.Build.0 = PERF|Any CPU
		{A4E91FC6-6983-4A58-B306-7CC71829484F}.PREPROD|Any CPU.ActiveCfg = PREPROD|Any CPU
		{A4E91FC6-6983-4A58-B306-7CC71829484F}.PREPROD|Any CPU.Build.0 = PREPROD|Any CPU
		{A4E91FC6-6983-4A58-B306-7CC71829484F}.PROD|Any CPU.ActiveCfg = PROD|Any CPU
		{A4E91FC6-6983-4A58-B306-7CC71829484F}.PROD|Any CPU.Build.0 = PROD|Any CPU
		{A4E91FC6-6983-4A58-B306-7CC71829484F}.QA|Any CPU.ActiveCfg = QA|Any CPU
		{A4E91FC6-6983-4A58-B306-7CC71829484F}.QA|Any CPU.Build.0 = QA|Any CPU
		{A4E91FC6-6983-4A58-B306-7CC71829484F}.Release|Any CPU.ActiveCfg = Debug|Any CPU
		{A4E91FC6-6983-4A58-B306-7CC71829484F}.Release|Any CPU.Build.0 = Debug|Any CPU
		{A4E91FC6-6983-4A58-B306-7CC71829484F}.TRAIN|Any CPU.ActiveCfg = TRAIN|Any CPU
		{A4E91FC6-6983-4A58-B306-7CC71829484F}.TRAIN|Any CPU.Build.0 = TRAIN|Any CPU
	EndGlobalSection
	GlobalSection(SolutionProperties) = preSolution
		HideSolutionNode = FALSE
	EndGlobalSection
	GlobalSection(ExtensibilityGlobals) = postSolution
		SolutionGuid = {17C362DE-607D-4201-9AF6-11DD5E0DC4B7}
	EndGlobalSection
EndGlobal
