
Microsoft Visual Studio Solution File, Format Version 12.00
# Visual Studio Version 16
VisualStudioVersion = 16.0.29201.188
MinimumVisualStudioVersion = 10.0.40219.1
Project("{FAE04EC0-301F-11D3-BF4B-00C04F79EFBC}") = "UDO.LOB.VirtualVAApi", "UDO.LOB.VirtualVAApi\UDO.LOB.VirtualVAApi.csproj", "{68EF4D1B-E52E-4F3E-A244-745A26A0CB71}"
EndProject
Project("{FAE04EC0-301F-11D3-BF4B-00C04F79EFBC}") = "UDO.LOB.VirtualVAApi.Tests", "UDO.LOB.VirtualVAApi.Tests\UDO.LOB.VirtualVAApi.Tests.csproj", "{DEC9740D-400F-47D6-BB1C-CBC3A30B0320}"
EndProject
Project("{FAE04EC0-301F-11D3-BF4B-00C04F79EFBC}") = "UDO.LOB.VirtualVA.Messages", "UDO.LOB.VirtualVA.Messages\UDO.LOB.VirtualVA.Messages.csproj", "{60CCA085-93BE-4A79-8124-66E5E534F358}"
EndProject
Project("{FAE04EC0-301F-11D3-BF4B-00C04F79EFBC}") = "UDO.LOB.Core", "..\UDO.Crm.LOB.Core\UDO.LOB.Core.csproj", "{75CEE666-371F-4679-8C93-629F35309DC1}"
EndProject
Project("{FAE04EC0-301F-11D3-BF4B-00C04F79EFBC}") = "UDO.LOB.Extensions", "..\UDO.Crm.LOB.Extensions\UDO.LOB.Extensions.csproj", "{A4E91FC6-6983-4A58-B306-7CC71829484F}"
EndProject
Global
	GlobalSection(SolutionConfigurationPlatforms) = preSolution
		Debug|Any CPU = Debug|Any CPU
		INT|Any CPU = INT|Any CPU
		PERF|Any CPU = PERF|Any CPU
		PREPROD|Any CPU = PREPROD|Any CPU
		PROD|Any CPU = PROD|Any CPU
		QA|Any CPU = QA|Any CPU
		Release|Any CPU = Release|Any CPU
		TRAIN|Any CPU = TRAIN|Any CPU
	EndGlobalSection
	GlobalSection(ProjectConfigurationPlatforms) = postSolution
		{68EF4D1B-E52E-4F3E-A244-745A26A0CB71}.Debug|Any CPU.ActiveCfg = Debug|Any CPU
		{68EF4D1B-E52E-4F3E-A244-745A26A0CB71}.Debug|Any CPU.Build.0 = Debug|Any CPU
		{68EF4D1B-E52E-4F3E-A244-745A26A0CB71}.INT|Any CPU.ActiveCfg = INT|Any CPU
		{68EF4D1B-E52E-4F3E-A244-745A26A0CB71}.INT|Any CPU.Build.0 = INT|Any CPU
		{68EF4D1B-E52E-4F3E-A244-745A26A0CB71}.PERF|Any CPU.ActiveCfg = PERF|Any CPU
		{68EF4D1B-E52E-4F3E-A244-745A26A0CB71}.PERF|Any CPU.Build.0 = PERF|Any CPU
		{68EF4D1B-E52E-4F3E-A244-745A26A0CB71}.PREPROD|Any CPU.ActiveCfg = PREPROD|Any CPU
		{68EF4D1B-E52E-4F3E-A244-745A26A0CB71}.PREPROD|Any CPU.Build.0 = PREPROD|Any CPU
		{68EF4D1B-E52E-4F3E-A244-745A26A0CB71}.PROD|Any CPU.ActiveCfg = PROD|Any CPU
		{68EF4D1B-E52E-4F3E-A244-745A26A0CB71}.PROD|Any CPU.Build.0 = PROD|Any CPU
		{68EF4D1B-E52E-4F3E-A244-745A26A0CB71}.QA|Any CPU.ActiveCfg = QA|Any CPU
		{68EF4D1B-E52E-4F3E-A244-745A26A0CB71}.QA|Any CPU.Build.0 = QA|Any CPU
		{68EF4D1B-E52E-4F3E-A244-745A26A0CB71}.Release|Any CPU.ActiveCfg = Release|Any CPU
		{68EF4D1B-E52E-4F3E-A244-745A26A0CB71}.Release|Any CPU.Build.0 = Release|Any CPU
		{68EF4D1B-E52E-4F3E-A244-745A26A0CB71}.TRAIN|Any CPU.ActiveCfg = TRAIN|Any CPU
		{68EF4D1B-E52E-4F3E-A244-745A26A0CB71}.TRAIN|Any CPU.Build.0 = TRAIN|Any CPU
		{DEC9740D-400F-47D6-BB1C-CBC3A30B0320}.Debug|Any CPU.ActiveCfg = Debug|Any CPU
		{DEC9740D-400F-47D6-BB1C-CBC3A30B0320}.Debug|Any CPU.Build.0 = Debug|Any CPU
		{DEC9740D-400F-47D6-BB1C-CBC3A30B0320}.INT|Any CPU.ActiveCfg = INT|Any CPU
		{DEC9740D-400F-47D6-BB1C-CBC3A30B0320}.INT|Any CPU.Build.0 = INT|Any CPU
		{DEC9740D-400F-47D6-BB1C-CBC3A30B0320}.PERF|Any CPU.ActiveCfg = PERF|Any CPU
		{DEC9740D-400F-47D6-BB1C-CBC3A30B0320}.PERF|Any CPU.Build.0 = PERF|Any CPU
		{DEC9740D-400F-47D6-BB1C-CBC3A30B0320}.PREPROD|Any CPU.ActiveCfg = PREPROD|Any CPU
		{DEC9740D-400F-47D6-BB1C-CBC3A30B0320}.PREPROD|Any CPU.Build.0 = PREPROD|Any CPU
		{DEC9740D-400F-47D6-BB1C-CBC3A30B0320}.PROD|Any CPU.ActiveCfg = PROD|Any CPU
		{DEC9740D-400F-47D6-BB1C-CBC3A30B0320}.PROD|Any CPU.Build.0 = PROD|Any CPU
		{DEC9740D-400F-47D6-BB1C-CBC3A30B0320}.QA|Any CPU.ActiveCfg = QA|Any CPU
		{DEC9740D-400F-47D6-BB1C-CBC3A30B0320}.QA|Any CPU.Build.0 = QA|Any CPU
		{DEC9740D-400F-47D6-BB1C-CBC3A30B0320}.Release|Any CPU.ActiveCfg = Release|Any CPU
		{DEC9740D-400F-47D6-BB1C-CBC3A30B0320}.Release|Any CPU.Build.0 = Release|Any CPU
		{DEC9740D-400F-47D6-BB1C-CBC3A30B0320}.TRAIN|Any CPU.ActiveCfg = TRAIN|Any CPU
		{DEC9740D-400F-47D6-BB1C-CBC3A30B0320}.TRAIN|Any CPU.Build.0 = TRAIN|Any CPU
		{60CCA085-93BE-4A79-8124-66E5E534F358}.Debug|Any CPU.ActiveCfg = Debug|Any CPU
		{60CCA085-93BE-4A79-8124-66E5E534F358}.Debug|Any CPU.Build.0 = Debug|Any CPU
		{60CCA085-93BE-4A79-8124-66E5E534F358}.INT|Any CPU.ActiveCfg = INT|Any CPU
		{60CCA085-93BE-4A79-8124-66E5E534F358}.INT|Any CPU.Build.0 = INT|Any CPU
		{60CCA085-93BE-4A79-8124-66E5E534F358}.PERF|Any CPU.ActiveCfg = PERF|Any CPU
		{60CCA085-93BE-4A79-8124-66E5E534F358}.PERF|Any CPU.Build.0 = PERF|Any CPU
		{60CCA085-93BE-4A79-8124-66E5E534F358}.PREPROD|Any CPU.ActiveCfg = PREPROD|Any CPU
		{60CCA085-93BE-4A79-8124-66E5E534F358}.PREPROD|Any CPU.Build.0 = PREPROD|Any CPU
		{60CCA085-93BE-4A79-8124-66E5E534F358}.PROD|Any CPU.ActiveCfg = PROD|Any CPU
		{60CCA085-93BE-4A79-8124-66E5E534F358}.PROD|Any CPU.Build.0 = PROD|Any CPU
		{60CCA085-93BE-4A79-8124-66E5E534F358}.QA|Any CPU.ActiveCfg = QA|Any CPU
		{60CCA085-93BE-4A79-8124-66E5E534F358}.QA|Any CPU.Build.0 = QA|Any CPU
		{60CCA085-93BE-4A79-8124-66E5E534F358}.Release|Any CPU.ActiveCfg = Release|Any CPU
		{60CCA085-93BE-4A79-8124-66E5E534F358}.Release|Any CPU.Build.0 = Release|Any CPU
		{60CCA085-93BE-4A79-8124-66E5E534F358}.TRAIN|Any CPU.ActiveCfg = TRAIN|Any CPU
		{60CCA085-93BE-4A79-8124-66E5E534F358}.TRAIN|Any CPU.Build.0 = TRAIN|Any CPU
		{75CEE666-371F-4679-8C93-629F35309DC1}.Debug|Any CPU.ActiveCfg = Debug|Any CPU
		{75CEE666-371F-4679-8C93-629F35309DC1}.Debug|Any CPU.Build.0 = Debug|Any CPU
		{75CEE666-371F-4679-8C93-629F35309DC1}.INT|Any CPU.ActiveCfg = INT|Any CPU
		{75CEE666-371F-4679-8C93-629F35309DC1}.INT|Any CPU.Build.0 = INT|Any CPU
		{75CEE666-371F-4679-8C93-629F35309DC1}.PERF|Any CPU.ActiveCfg = PERF|Any CPU
		{75CEE666-371F-4679-8C93-629F35309DC1}.PERF|Any CPU.Build.0 = PERF|Any CPU
		{75CEE666-371F-4679-8C93-629F35309DC1}.PREPROD|Any CPU.ActiveCfg = PREPROD|Any CPU
		{75CEE666-371F-4679-8C93-629F35309DC1}.PREPROD|Any CPU.Build.0 = PREPROD|Any CPU
		{75CEE666-371F-4679-8C93-629F35309DC1}.PROD|Any CPU.ActiveCfg = PROD|Any CPU
		{75CEE666-371F-4679-8C93-629F35309DC1}.PROD|Any CPU.Build.0 = PROD|Any CPU
		{75CEE666-371F-4679-8C93-629F35309DC1}.QA|Any CPU.ActiveCfg = QA|Any CPU
		{75CEE666-371F-4679-8C93-629F35309DC1}.QA|Any CPU.Build.0 = QA|Any CPU
		{75CEE666-371F-4679-8C93-629F35309DC1}.Release|Any CPU.ActiveCfg = Release|Any CPU
		{75CEE666-371F-4679-8C93-629F35309DC1}.Release|Any CPU.Build.0 = Release|Any CPU
		{75CEE666-371F-4679-8C93-629F35309DC1}.TRAIN|Any CPU.ActiveCfg = TRAIN|Any CPU
		{75CEE666-371F-4679-8C93-629F35309DC1}.TRAIN|Any CPU.Build.0 = TRAIN|Any CPU
		{A4E91FC6-6983-4A58-B306-7CC71829484F}.Debug|Any CPU.ActiveCfg = Debug|Any CPU
		{A4E91FC6-6983-4A58-B306-7CC71829484F}.Debug|Any CPU.Build.0 = Debug|Any CPU
		{A4E91FC6-6983-4A58-B306-7CC71829484F}.INT|Any CPU.ActiveCfg = INT|Any CPU
		{A4E91FC6-6983-4A58-B306-7CC71829484F}.INT|Any CPU.Build.0 = INT|Any CPU
		{A4E91FC6-6983-4A58-B306-7CC71829484F}.PERF|Any CPU.ActiveCfg = PERF|Any CPU
		{A4E91FC6-6983-4A58-B306-7CC71829484F}.PERF|Any CPU.Build.0 = PERF|Any CPU
		{A4E91FC6-6983-4A58-B306-7CC71829484F}.PREPROD|Any CPU.ActiveCfg = PREPROD|Any CPU
		{A4E91FC6-6983-4A58-B306-7CC71829484F}.PREPROD|Any CPU.Build.0 = PREPROD|Any CPU
		{A4E91FC6-6983-4A58-B306-7CC71829484F}.PROD|Any CPU.ActiveCfg = PROD|Any CPU
		{A4E91FC6-6983-4A58-B306-7CC71829484F}.PROD|Any CPU.Build.0 = PROD|Any CPU
		{A4E91FC6-6983-4A58-B306-7CC71829484F}.QA|Any CPU.ActiveCfg = QA|Any CPU
		{A4E91FC6-6983-4A58-B306-7CC71829484F}.QA|Any CPU.Build.0 = QA|Any CPU
		{A4E91FC6-6983-4A58-B306-7CC71829484F}.Release|Any CPU.ActiveCfg = Release|Any CPU
		{A4E91FC6-6983-4A58-B306-7CC71829484F}.Release|Any CPU.Build.0 = Release|Any CPU
		{A4E91FC6-6983-4A58-B306-7CC71829484F}.TRAIN|Any CPU.ActiveCfg = TRAIN|Any CPU
		{A4E91FC6-6983-4A58-B306-7CC71829484F}.TRAIN|Any CPU.Build.0 = TRAIN|Any CPU
	EndGlobalSection
	GlobalSection(SolutionProperties) = preSolution
		HideSolutionNode = FALSE
	EndGlobalSection
	GlobalSection(ExtensibilityGlobals) = postSolution
		SolutionGuid = {7BB14E0A-ECEB-41AE-92E2-EB6982BC5F43}
	EndGlobalSection
EndGlobal
