
Microsoft Visual Studio Solution File, Format Version 12.00
# Visual Studio 15
VisualStudioVersion = 15.0.28307.852
MinimumVisualStudioVersion = 10.0.40219.1
Project("{FAE04EC0-301F-11D3-BF4B-00C04F79EFBC}") = "UDO.LOB.PaymentsApi", "UDO.LOB.PaymentsApi\UDO.LOB.PaymentsApi.csproj", "{92C7A1CD-88B6-4C6E-ADB1-F9FF980419A4}"
EndProject
Project("{FAE04EC0-301F-11D3-BF4B-00C04F79EFBC}") = "UDO.LOB.PaymentsApi.Tests", "UDO.LOB.PaymentsApi.Tests\UDO.LOB.PaymentsApi.Tests.csproj", "{2DAE5C33-AC9B-4963-9B5F-75EAD29B2400}"
EndProject
Project("{FAE04EC0-301F-11D3-BF4B-00C04F79EFBC}") = "UDO.LOB.Payments.Messages", "UDO.LOB.Payments.Messages\UDO.LOB.Payments.Messages.csproj", "{E4921D59-73E3-44EA-800D-491035BA4868}"
EndProject
Project("{FAE04EC0-301F-11D3-BF4B-00C04F79EFBC}") = "UDO.LOB.Core", "..\UDO.Crm.LOB.Core\UDO.LOB.Core.csproj", "{75CEE666-371F-4679-8C93-629F35309DC1}"
EndProject
Project("{FAE04EC0-301F-11D3-BF4B-00C04F79EFBC}") = "UDO.LOB.Extensions", "..\UDO.Crm.LOB.Extensions\UDO.LOB.Extensions.csproj", "{A4E91FC6-6983-4A58-B306-7CC71829484F}"
EndProject
Global
	GlobalSection(SolutionConfigurationPlatforms) = preSolution
		Debug|Any CPU = Debug|Any CPU
		INT|Any CPU = INT|Any CPU
		PERF|Any CPU = PERF|Any CPU
		PREPROD|Any CPU = PREPROD|Any CPU
		PROD|Any CPU = PROD|Any CPU
		QA|Any CPU = QA|Any CPU
		Release|Any CPU = Release|Any CPU
		TRAIN|Any CPU = TRAIN|Any CPU
	EndGlobalSection
	GlobalSection(ProjectConfigurationPlatforms) = postSolution
		{92C7A1CD-88B6-4C6E-ADB1-F9FF980419A4}.Debug|Any CPU.ActiveCfg = Debug|Any CPU
		{92C7A1CD-88B6-4C6E-ADB1-F9FF980419A4}.Debug|Any CPU.Build.0 = Debug|Any CPU
		{92C7A1CD-88B6-4C6E-ADB1-F9FF980419A4}.INT|Any CPU.ActiveCfg = INT|Any CPU
		{92C7A1CD-88B6-4C6E-ADB1-F9FF980419A4}.INT|Any CPU.Build.0 = INT|Any CPU
		{92C7A1CD-88B6-4C6E-ADB1-F9FF980419A4}.PERF|Any CPU.ActiveCfg = PERF|Any CPU
		{92C7A1CD-88B6-4C6E-ADB1-F9FF980419A4}.PERF|Any CPU.Build.0 = PERF|Any CPU
		{92C7A1CD-88B6-4C6E-ADB1-F9FF980419A4}.PREPROD|Any CPU.ActiveCfg = PREPROD|Any CPU
		{92C7A1CD-88B6-4C6E-ADB1-F9FF980419A4}.PREPROD|Any CPU.Build.0 = PREPROD|Any CPU
		{92C7A1CD-88B6-4C6E-ADB1-F9FF980419A4}.PROD|Any CPU.ActiveCfg = PROD|Any CPU
		{92C7A1CD-88B6-4C6E-ADB1-F9FF980419A4}.PROD|Any CPU.Build.0 = PROD|Any CPU
		{92C7A1CD-88B6-4C6E-ADB1-F9FF980419A4}.QA|Any CPU.ActiveCfg = QA|Any CPU
		{92C7A1CD-88B6-4C6E-ADB1-F9FF980419A4}.QA|Any CPU.Build.0 = QA|Any CPU
		{92C7A1CD-88B6-4C6E-ADB1-F9FF980419A4}.Release|Any CPU.ActiveCfg = Release|Any CPU
		{92C7A1CD-88B6-4C6E-ADB1-F9FF980419A4}.Release|Any CPU.Build.0 = Release|Any CPU
		{92C7A1CD-88B6-4C6E-ADB1-F9FF980419A4}.TRAIN|Any CPU.ActiveCfg = TRAIN|Any CPU
		{92C7A1CD-88B6-4C6E-ADB1-F9FF980419A4}.TRAIN|Any CPU.Build.0 = TRAIN|Any CPU
		{2DAE5C33-AC9B-4963-9B5F-75EAD29B2400}.Debug|Any CPU.ActiveCfg = Debug|Any CPU
		{2DAE5C33-AC9B-4963-9B5F-75EAD29B2400}.Debug|Any CPU.Build.0 = Debug|Any CPU
		{2DAE5C33-AC9B-4963-9B5F-75EAD29B2400}.INT|Any CPU.ActiveCfg = INT|Any CPU
		{2DAE5C33-AC9B-4963-9B5F-75EAD29B2400}.INT|Any CPU.Build.0 = INT|Any CPU
		{2DAE5C33-AC9B-4963-9B5F-75EAD29B2400}.PERF|Any CPU.ActiveCfg = PERF|Any CPU
		{2DAE5C33-AC9B-4963-9B5F-75EAD29B2400}.PERF|Any CPU.Build.0 = PERF|Any CPU
		{2DAE5C33-AC9B-4963-9B5F-75EAD29B2400}.PREPROD|Any CPU.ActiveCfg = PREPROD|Any CPU
		{2DAE5C33-AC9B-4963-9B5F-75EAD29B2400}.PREPROD|Any CPU.Build.0 = PREPROD|Any CPU
		{2DAE5C33-AC9B-4963-9B5F-75EAD29B2400}.PROD|Any CPU.ActiveCfg = PROD|Any CPU
		{2DAE5C33-AC9B-4963-9B5F-75EAD29B2400}.PROD|Any CPU.Build.0 = PROD|Any CPU
		{2DAE5C33-AC9B-4963-9B5F-75EAD29B2400}.QA|Any CPU.ActiveCfg = QA|Any CPU
		{2DAE5C33-AC9B-4963-9B5F-75EAD29B2400}.QA|Any CPU.Build.0 = QA|Any CPU
		{2DAE5C33-AC9B-4963-9B5F-75EAD29B2400}.Release|Any CPU.ActiveCfg = Release|Any CPU
		{2DAE5C33-AC9B-4963-9B5F-75EAD29B2400}.Release|Any CPU.Build.0 = Release|Any CPU
		{2DAE5C33-AC9B-4963-9B5F-75EAD29B2400}.TRAIN|Any CPU.ActiveCfg = TRAIN|Any CPU
		{2DAE5C33-AC9B-4963-9B5F-75EAD29B2400}.TRAIN|Any CPU.Build.0 = TRAIN|Any CPU
		{E4921D59-73E3-44EA-800D-491035BA4868}.Debug|Any CPU.ActiveCfg = Debug|Any CPU
		{E4921D59-73E3-44EA-800D-491035BA4868}.Debug|Any CPU.Build.0 = Debug|Any CPU
		{E4921D59-73E3-44EA-800D-491035BA4868}.INT|Any CPU.ActiveCfg = INT|Any CPU
		{E4921D59-73E3-44EA-800D-491035BA4868}.INT|Any CPU.Build.0 = INT|Any CPU
		{E4921D59-73E3-44EA-800D-491035BA4868}.PERF|Any CPU.ActiveCfg = PERF|Any CPU
		{E4921D59-73E3-44EA-800D-491035BA4868}.PERF|Any CPU.Build.0 = PERF|Any CPU
		{E4921D59-73E3-44EA-800D-491035BA4868}.PREPROD|Any CPU.ActiveCfg = PREPROD|Any CPU
		{E4921D59-73E3-44EA-800D-491035BA4868}.PREPROD|Any CPU.Build.0 = PREPROD|Any CPU
		{E4921D59-73E3-44EA-800D-491035BA4868}.PROD|Any CPU.ActiveCfg = PROD|Any CPU
		{E4921D59-73E3-44EA-800D-491035BA4868}.PROD|Any CPU.Build.0 = PROD|Any CPU
		{E4921D59-73E3-44EA-800D-491035BA4868}.QA|Any CPU.ActiveCfg = QA|Any CPU
		{E4921D59-73E3-44EA-800D-491035BA4868}.QA|Any CPU.Build.0 = QA|Any CPU
		{E4921D59-73E3-44EA-800D-491035BA4868}.Release|Any CPU.ActiveCfg = Release|Any CPU
		{E4921D59-73E3-44EA-800D-491035BA4868}.Release|Any CPU.Build.0 = Release|Any CPU
		{E4921D59-73E3-44EA-800D-491035BA4868}.TRAIN|Any CPU.ActiveCfg = TRAIN|Any CPU
		{E4921D59-73E3-44EA-800D-491035BA4868}.TRAIN|Any CPU.Build.0 = TRAIN|Any CPU
		{75CEE666-371F-4679-8C93-629F35309DC1}.Debug|Any CPU.ActiveCfg = Debug|Any CPU
		{75CEE666-371F-4679-8C93-629F35309DC1}.Debug|Any CPU.Build.0 = Debug|Any CPU
		{75CEE666-371F-4679-8C93-629F35309DC1}.INT|Any CPU.ActiveCfg = INT|Any CPU
		{75CEE666-371F-4679-8C93-629F35309DC1}.INT|Any CPU.Build.0 = INT|Any CPU
		{75CEE666-371F-4679-8C93-629F35309DC1}.PERF|Any CPU.ActiveCfg = PERF|Any CPU
		{75CEE666-371F-4679-8C93-629F35309DC1}.PERF|Any CPU.Build.0 = PERF|Any CPU
		{75CEE666-371F-4679-8C93-629F35309DC1}.PREPROD|Any CPU.ActiveCfg = PREPROD|Any CPU
		{75CEE666-371F-4679-8C93-629F35309DC1}.PREPROD|Any CPU.Build.0 = PREPROD|Any CPU
		{75CEE666-371F-4679-8C93-629F35309DC1}.PROD|Any CPU.ActiveCfg = PROD|Any CPU
		{75CEE666-371F-4679-8C93-629F35309DC1}.PROD|Any CPU.Build.0 = PROD|Any CPU
		{75CEE666-371F-4679-8C93-629F35309DC1}.QA|Any CPU.ActiveCfg = QA|Any CPU
		{75CEE666-371F-4679-8C93-629F35309DC1}.QA|Any CPU.Build.0 = QA|Any CPU
		{75CEE666-371F-4679-8C93-629F35309DC1}.Release|Any CPU.ActiveCfg = Release|Any CPU
		{75CEE666-371F-4679-8C93-629F35309DC1}.Release|Any CPU.Build.0 = Release|Any CPU
		{75CEE666-371F-4679-8C93-629F35309DC1}.TRAIN|Any CPU.ActiveCfg = TRAIN|Any CPU
		{75CEE666-371F-4679-8C93-629F35309DC1}.TRAIN|Any CPU.Build.0 = TRAIN|Any CPU
		{A4E91FC6-6983-4A58-B306-7CC71829484F}.Debug|Any CPU.ActiveCfg = Debug|Any CPU
		{A4E91FC6-6983-4A58-B306-7CC71829484F}.Debug|Any CPU.Build.0 = Debug|Any CPU
		{A4E91FC6-6983-4A58-B306-7CC71829484F}.INT|Any CPU.ActiveCfg = INT|Any CPU
		{A4E91FC6-6983-4A58-B306-7CC71829484F}.INT|Any CPU.Build.0 = INT|Any CPU
		{A4E91FC6-6983-4A58-B306-7CC71829484F}.PERF|Any CPU.ActiveCfg = PERF|Any CPU
		{A4E91FC6-6983-4A58-B306-7CC71829484F}.PERF|Any CPU.Build.0 = PERF|Any CPU
		{A4E91FC6-6983-4A58-B306-7CC71829484F}.PREPROD|Any CPU.ActiveCfg = PREPROD|Any CPU
		{A4E91FC6-6983-4A58-B306-7CC71829484F}.PREPROD|Any CPU.Build.0 = PREPROD|Any CPU
		{A4E91FC6-6983-4A58-B306-7CC71829484F}.PROD|Any CPU.ActiveCfg = PROD|Any CPU
		{A4E91FC6-6983-4A58-B306-7CC71829484F}.PROD|Any CPU.Build.0 = PROD|Any CPU
		{A4E91FC6-6983-4A58-B306-7CC71829484F}.QA|Any CPU.ActiveCfg = QA|Any CPU
		{A4E91FC6-6983-4A58-B306-7CC71829484F}.QA|Any CPU.Build.0 = QA|Any CPU
		{A4E91FC6-6983-4A58-B306-7CC71829484F}.Release|Any CPU.ActiveCfg = Release|Any CPU
		{A4E91FC6-6983-4A58-B306-7CC71829484F}.Release|Any CPU.Build.0 = Release|Any CPU
		{A4E91FC6-6983-4A58-B306-7CC71829484F}.TRAIN|Any CPU.ActiveCfg = TRAIN|Any CPU
		{A4E91FC6-6983-4A58-B306-7CC71829484F}.TRAIN|Any CPU.Build.0 = TRAIN|Any CPU
	EndGlobalSection
	GlobalSection(SolutionProperties) = preSolution
		HideSolutionNode = FALSE
	EndGlobalSection
	GlobalSection(ExtensibilityGlobals) = postSolution
		SolutionGuid = {807B7A3B-F325-4BED-A9DE-8574462AE008}
	EndGlobalSection
EndGlobal
