
Microsoft Visual Studio Solution File, Format Version 12.00
# Visual Studio Version 16
VisualStudioVersion = 16.0.29201.188
MinimumVisualStudioVersion = 10.0.40219.1
Project("{FAE04EC0-301F-11D3-BF4B-00C04F79EFBC}") = "UDO.LOB.PeoplelistPayeeCodeApi", "UDO.LOB.PeoplelistPayeeCodeApi\UDO.LOB.PeoplelistPayeeCodeApi.csproj", "{5D614160-9F61-47B3-AEF1-22F13FC5149E}"
EndProject
Project("{FAE04EC0-301F-11D3-BF4B-00C04F79EFBC}") = "UDO.LOB.PeoplelistPayeeCodeApi.Tests", "UDO.LOB.PeoplelistPayeeCodeApi.Tests\UDO.LOB.PeoplelistPayeeCodeApi.Tests.csproj", "{EF2D9AC8-1D38-4333-BDC3-DACEEBAA72C2}"
EndProject
Project("{FAE04EC0-301F-11D3-BF4B-00C04F79EFBC}") = "UDO.LOB.PeoplelistPayeeCode.Messages", "UDO.LOB.PeoplelistPayeeCode.Messages\UDO.LOB.PeoplelistPayeeCode.Messages.csproj", "{B99FA246-BCE4-473F-8C8B-E132ED12C6A0}"
EndProject
Project("{FAE04EC0-301F-11D3-BF4B-00C04F79EFBC}") = "UDO.LOB.Core", "..\UDO.Crm.LOB.Core\UDO.LOB.Core.csproj", "{75CEE666-371F-4679-8C93-629F35309DC1}"
EndProject
Project("{FAE04EC0-301F-11D3-BF4B-00C04F79EFBC}") = "UDO.LOB.Extensions", "..\UDO.Crm.LOB.Extensions\UDO.LOB.Extensions.csproj", "{A4E91FC6-6983-4A58-B306-7CC71829484F}"
EndProject
Project("{FAE04EC0-301F-11D3-BF4B-00C04F79EFBC}") = "UDO.LOB.Awards.Messages", "..\UDO.LOB.Awards\UDO.LOB.Awards.Messages\UDO.LOB.Awards.Messages.csproj", "{D1E30220-EE18-4C30-B951-7F26AD9B1017}"
EndProject
Project("{FAE04EC0-301F-11D3-BF4B-00C04F79EFBC}") = "UDO.LOB.MVI.Messages", "..\UDO.LOB.MVI\UDO.LOB.MVI.Messages\UDO.LOB.MVI.Messages.csproj", "{BB60BC7A-659F-4D31-AA7F-64E31359E708}"
EndProject
Project("{FAE04EC0-301F-11D3-BF4B-00C04F79EFBC}") = "UDO.LOB.Payments.Messages", "..\UDO.LOB.Payments\UDO.LOB.Payments.Messages\UDO.LOB.Payments.Messages.csproj", "{E4921D59-73E3-44EA-800D-491035BA4868}"
EndProject
Global
	GlobalSection(SolutionConfigurationPlatforms) = preSolution
		Debug|Any CPU = Debug|Any CPU
		INT|Any CPU = INT|Any CPU
		PERF|Any CPU = PERF|Any CPU
		PREPROD|Any CPU = PREPROD|Any CPU
		PROD|Any CPU = PROD|Any CPU
		QA|Any CPU = QA|Any CPU
		Release|Any CPU = Release|Any CPU
		TRAIN|Any CPU = TRAIN|Any CPU
	EndGlobalSection
	GlobalSection(ProjectConfigurationPlatforms) = postSolution
		{5D614160-9F61-47B3-AEF1-22F13FC5149E}.Debug|Any CPU.ActiveCfg = Debug|Any CPU
		{5D614160-9F61-47B3-AEF1-22F13FC5149E}.Debug|Any CPU.Build.0 = Debug|Any CPU
		{5D614160-9F61-47B3-AEF1-22F13FC5149E}.INT|Any CPU.ActiveCfg = INT|Any CPU
		{5D614160-9F61-47B3-AEF1-22F13FC5149E}.INT|Any CPU.Build.0 = INT|Any CPU
		{5D614160-9F61-47B3-AEF1-22F13FC5149E}.PERF|Any CPU.ActiveCfg = PERF|Any CPU
		{5D614160-9F61-47B3-AEF1-22F13FC5149E}.PERF|Any CPU.Build.0 = PERF|Any CPU
		{5D614160-9F61-47B3-AEF1-22F13FC5149E}.PREPROD|Any CPU.ActiveCfg = PREPROD|Any CPU
		{5D614160-9F61-47B3-AEF1-22F13FC5149E}.PREPROD|Any CPU.Build.0 = PREPROD|Any CPU
		{5D614160-9F61-47B3-AEF1-22F13FC5149E}.PROD|Any CPU.ActiveCfg = PROD|Any CPU
		{5D614160-9F61-47B3-AEF1-22F13FC5149E}.PROD|Any CPU.Build.0 = PROD|Any CPU
		{5D614160-9F61-47B3-AEF1-22F13FC5149E}.QA|Any CPU.ActiveCfg = QA|Any CPU
		{5D614160-9F61-47B3-AEF1-22F13FC5149E}.QA|Any CPU.Build.0 = QA|Any CPU
		{5D614160-9F61-47B3-AEF1-22F13FC5149E}.Release|Any CPU.ActiveCfg = Release|Any CPU
		{5D614160-9F61-47B3-AEF1-22F13FC5149E}.Release|Any CPU.Build.0 = Release|Any CPU
		{5D614160-9F61-47B3-AEF1-22F13FC5149E}.TRAIN|Any CPU.ActiveCfg = TRAIN|Any CPU
		{5D614160-9F61-47B3-AEF1-22F13FC5149E}.TRAIN|Any CPU.Build.0 = TRAIN|Any CPU
		{EF2D9AC8-1D38-4333-BDC3-DACEEBAA72C2}.Debug|Any CPU.ActiveCfg = Debug|Any CPU
		{EF2D9AC8-1D38-4333-BDC3-DACEEBAA72C2}.Debug|Any CPU.Build.0 = Debug|Any CPU
		{EF2D9AC8-1D38-4333-BDC3-DACEEBAA72C2}.INT|Any CPU.ActiveCfg = INT|Any CPU
		{EF2D9AC8-1D38-4333-BDC3-DACEEBAA72C2}.INT|Any CPU.Build.0 = INT|Any CPU
		{EF2D9AC8-1D38-4333-BDC3-DACEEBAA72C2}.PERF|Any CPU.ActiveCfg = PERF|Any CPU
		{EF2D9AC8-1D38-4333-BDC3-DACEEBAA72C2}.PERF|Any CPU.Build.0 = PERF|Any CPU
		{EF2D9AC8-1D38-4333-BDC3-DACEEBAA72C2}.PREPROD|Any CPU.ActiveCfg = PREPROD|Any CPU
		{EF2D9AC8-1D38-4333-BDC3-DACEEBAA72C2}.PREPROD|Any CPU.Build.0 = PREPROD|Any CPU
		{EF2D9AC8-1D38-4333-BDC3-DACEEBAA72C2}.PROD|Any CPU.ActiveCfg = PROD|Any CPU
		{EF2D9AC8-1D38-4333-BDC3-DACEEBAA72C2}.PROD|Any CPU.Build.0 = PROD|Any CPU
		{EF2D9AC8-1D38-4333-BDC3-DACEEBAA72C2}.QA|Any CPU.ActiveCfg = QA|Any CPU
		{EF2D9AC8-1D38-4333-BDC3-DACEEBAA72C2}.QA|Any CPU.Build.0 = QA|Any CPU
		{EF2D9AC8-1D38-4333-BDC3-DACEEBAA72C2}.Release|Any CPU.ActiveCfg = Release|Any CPU
		{EF2D9AC8-1D38-4333-BDC3-DACEEBAA72C2}.Release|Any CPU.Build.0 = Release|Any CPU
		{EF2D9AC8-1D38-4333-BDC3-DACEEBAA72C2}.TRAIN|Any CPU.ActiveCfg = TRAIN|Any CPU
		{EF2D9AC8-1D38-4333-BDC3-DACEEBAA72C2}.TRAIN|Any CPU.Build.0 = TRAIN|Any CPU
		{B99FA246-BCE4-473F-8C8B-E132ED12C6A0}.Debug|Any CPU.ActiveCfg = Debug|Any CPU
		{B99FA246-BCE4-473F-8C8B-E132ED12C6A0}.Debug|Any CPU.Build.0 = Debug|Any CPU
		{B99FA246-BCE4-473F-8C8B-E132ED12C6A0}.INT|Any CPU.ActiveCfg = INT|Any CPU
		{B99FA246-BCE4-473F-8C8B-E132ED12C6A0}.INT|Any CPU.Build.0 = INT|Any CPU
		{B99FA246-BCE4-473F-8C8B-E132ED12C6A0}.PERF|Any CPU.ActiveCfg = PERF|Any CPU
		{B99FA246-BCE4-473F-8C8B-E132ED12C6A0}.PERF|Any CPU.Build.0 = PERF|Any CPU
		{B99FA246-BCE4-473F-8C8B-E132ED12C6A0}.PREPROD|Any CPU.ActiveCfg = PREPROD|Any CPU
		{B99FA246-BCE4-473F-8C8B-E132ED12C6A0}.PREPROD|Any CPU.Build.0 = PREPROD|Any CPU
		{B99FA246-BCE4-473F-8C8B-E132ED12C6A0}.PROD|Any CPU.ActiveCfg = PROD|Any CPU
		{B99FA246-BCE4-473F-8C8B-E132ED12C6A0}.PROD|Any CPU.Build.0 = PROD|Any CPU
		{B99FA246-BCE4-473F-8C8B-E132ED12C6A0}.QA|Any CPU.ActiveCfg = QA|Any CPU
		{B99FA246-BCE4-473F-8C8B-E132ED12C6A0}.QA|Any CPU.Build.0 = QA|Any CPU
		{B99FA246-BCE4-473F-8C8B-E132ED12C6A0}.Release|Any CPU.ActiveCfg = Release|Any CPU
		{B99FA246-BCE4-473F-8C8B-E132ED12C6A0}.Release|Any CPU.Build.0 = Release|Any CPU
		{B99FA246-BCE4-473F-8C8B-E132ED12C6A0}.TRAIN|Any CPU.ActiveCfg = TRAIN|Any CPU
		{B99FA246-BCE4-473F-8C8B-E132ED12C6A0}.TRAIN|Any CPU.Build.0 = TRAIN|Any CPU
		{75CEE666-371F-4679-8C93-629F35309DC1}.Debug|Any CPU.ActiveCfg = Debug|Any CPU
		{75CEE666-371F-4679-8C93-629F35309DC1}.Debug|Any CPU.Build.0 = Debug|Any CPU
		{75CEE666-371F-4679-8C93-629F35309DC1}.INT|Any CPU.ActiveCfg = INT|Any CPU
		{75CEE666-371F-4679-8C93-629F35309DC1}.INT|Any CPU.Build.0 = INT|Any CPU
		{75CEE666-371F-4679-8C93-629F35309DC1}.PERF|Any CPU.ActiveCfg = PERF|Any CPU
		{75CEE666-371F-4679-8C93-629F35309DC1}.PERF|Any CPU.Build.0 = PERF|Any CPU
		{75CEE666-371F-4679-8C93-629F35309DC1}.PREPROD|Any CPU.ActiveCfg = PREPROD|Any CPU
		{75CEE666-371F-4679-8C93-629F35309DC1}.PREPROD|Any CPU.Build.0 = PREPROD|Any CPU
		{75CEE666-371F-4679-8C93-629F35309DC1}.PROD|Any CPU.ActiveCfg = PROD|Any CPU
		{75CEE666-371F-4679-8C93-629F35309DC1}.PROD|Any CPU.Build.0 = PROD|Any CPU
		{75CEE666-371F-4679-8C93-629F35309DC1}.QA|Any CPU.ActiveCfg = QA|Any CPU
		{75CEE666-371F-4679-8C93-629F35309DC1}.QA|Any CPU.Build.0 = QA|Any CPU
		{75CEE666-371F-4679-8C93-629F35309DC1}.Release|Any CPU.ActiveCfg = Release|Any CPU
		{75CEE666-371F-4679-8C93-629F35309DC1}.Release|Any CPU.Build.0 = Release|Any CPU
		{75CEE666-371F-4679-8C93-629F35309DC1}.TRAIN|Any CPU.ActiveCfg = TRAIN|Any CPU
		{75CEE666-371F-4679-8C93-629F35309DC1}.TRAIN|Any CPU.Build.0 = TRAIN|Any CPU
		{A4E91FC6-6983-4A58-B306-7CC71829484F}.Debug|Any CPU.ActiveCfg = Debug|Any CPU
		{A4E91FC6-6983-4A58-B306-7CC71829484F}.Debug|Any CPU.Build.0 = Debug|Any CPU
		{A4E91FC6-6983-4A58-B306-7CC71829484F}.INT|Any CPU.ActiveCfg = INT|Any CPU
		{A4E91FC6-6983-4A58-B306-7CC71829484F}.INT|Any CPU.Build.0 = INT|Any CPU
		{A4E91FC6-6983-4A58-B306-7CC71829484F}.PERF|Any CPU.ActiveCfg = PERF|Any CPU
		{A4E91FC6-6983-4A58-B306-7CC71829484F}.PERF|Any CPU.Build.0 = PERF|Any CPU
		{A4E91FC6-6983-4A58-B306-7CC71829484F}.PREPROD|Any CPU.ActiveCfg = PREPROD|Any CPU
		{A4E91FC6-6983-4A58-B306-7CC71829484F}.PREPROD|Any CPU.Build.0 = PREPROD|Any CPU
		{A4E91FC6-6983-4A58-B306-7CC71829484F}.PROD|Any CPU.ActiveCfg = PROD|Any CPU
		{A4E91FC6-6983-4A58-B306-7CC71829484F}.PROD|Any CPU.Build.0 = PROD|Any CPU
		{A4E91FC6-6983-4A58-B306-7CC71829484F}.QA|Any CPU.ActiveCfg = QA|Any CPU
		{A4E91FC6-6983-4A58-B306-7CC71829484F}.QA|Any CPU.Build.0 = QA|Any CPU
		{A4E91FC6-6983-4A58-B306-7CC71829484F}.Release|Any CPU.ActiveCfg = Release|Any CPU
		{A4E91FC6-6983-4A58-B306-7CC71829484F}.Release|Any CPU.Build.0 = Release|Any CPU
		{A4E91FC6-6983-4A58-B306-7CC71829484F}.TRAIN|Any CPU.ActiveCfg = TRAIN|Any CPU
		{A4E91FC6-6983-4A58-B306-7CC71829484F}.TRAIN|Any CPU.Build.0 = TRAIN|Any CPU
		{D1E30220-EE18-4C30-B951-7F26AD9B1017}.Debug|Any CPU.ActiveCfg = Debug|Any CPU
		{D1E30220-EE18-4C30-B951-7F26AD9B1017}.Debug|Any CPU.Build.0 = Debug|Any CPU
		{D1E30220-EE18-4C30-B951-7F26AD9B1017}.INT|Any CPU.ActiveCfg = INT|Any CPU
		{D1E30220-EE18-4C30-B951-7F26AD9B1017}.INT|Any CPU.Build.0 = INT|Any CPU
		{D1E30220-EE18-4C30-B951-7F26AD9B1017}.PERF|Any CPU.ActiveCfg = PERF|Any CPU
		{D1E30220-EE18-4C30-B951-7F26AD9B1017}.PERF|Any CPU.Build.0 = PERF|Any CPU
		{D1E30220-EE18-4C30-B951-7F26AD9B1017}.PREPROD|Any CPU.ActiveCfg = PREPROD|Any CPU
		{D1E30220-EE18-4C30-B951-7F26AD9B1017}.PREPROD|Any CPU.Build.0 = PREPROD|Any CPU
		{D1E30220-EE18-4C30-B951-7F26AD9B1017}.PROD|Any CPU.ActiveCfg = PROD|Any CPU
		{D1E30220-EE18-4C30-B951-7F26AD9B1017}.PROD|Any CPU.Build.0 = PROD|Any CPU
		{D1E30220-EE18-4C30-B951-7F26AD9B1017}.QA|Any CPU.ActiveCfg = QA|Any CPU
		{D1E30220-EE18-4C30-B951-7F26AD9B1017}.QA|Any CPU.Build.0 = QA|Any CPU
		{D1E30220-EE18-4C30-B951-7F26AD9B1017}.Release|Any CPU.ActiveCfg = Release|Any CPU
		{D1E30220-EE18-4C30-B951-7F26AD9B1017}.Release|Any CPU.Build.0 = Release|Any CPU
		{D1E30220-EE18-4C30-B951-7F26AD9B1017}.TRAIN|Any CPU.ActiveCfg = TRAIN|Any CPU
		{D1E30220-EE18-4C30-B951-7F26AD9B1017}.TRAIN|Any CPU.Build.0 = TRAIN|Any CPU
		{BB60BC7A-659F-4D31-AA7F-64E31359E708}.Debug|Any CPU.ActiveCfg = Debug|Any CPU
		{BB60BC7A-659F-4D31-AA7F-64E31359E708}.Debug|Any CPU.Build.0 = Debug|Any CPU
		{BB60BC7A-659F-4D31-AA7F-64E31359E708}.INT|Any CPU.ActiveCfg = INT|Any CPU
		{BB60BC7A-659F-4D31-AA7F-64E31359E708}.INT|Any CPU.Build.0 = INT|Any CPU
		{BB60BC7A-659F-4D31-AA7F-64E31359E708}.PERF|Any CPU.ActiveCfg = PERF|Any CPU
		{BB60BC7A-659F-4D31-AA7F-64E31359E708}.PERF|Any CPU.Build.0 = PERF|Any CPU
		{BB60BC7A-659F-4D31-AA7F-64E31359E708}.PREPROD|Any CPU.ActiveCfg = PREPROD|Any CPU
		{BB60BC7A-659F-4D31-AA7F-64E31359E708}.PREPROD|Any CPU.Build.0 = PREPROD|Any CPU
		{BB60BC7A-659F-4D31-AA7F-64E31359E708}.PROD|Any CPU.ActiveCfg = PROD|Any CPU
		{BB60BC7A-659F-4D31-AA7F-64E31359E708}.PROD|Any CPU.Build.0 = PROD|Any CPU
		{BB60BC7A-659F-4D31-AA7F-64E31359E708}.QA|Any CPU.ActiveCfg = QA|Any CPU
		{BB60BC7A-659F-4D31-AA7F-64E31359E708}.QA|Any CPU.Build.0 = QA|Any CPU
		{BB60BC7A-659F-4D31-AA7F-64E31359E708}.Release|Any CPU.ActiveCfg = Release|Any CPU
		{BB60BC7A-659F-4D31-AA7F-64E31359E708}.Release|Any CPU.Build.0 = Release|Any CPU
		{BB60BC7A-659F-4D31-AA7F-64E31359E708}.TRAIN|Any CPU.ActiveCfg = TRAIN|Any CPU
		{BB60BC7A-659F-4D31-AA7F-64E31359E708}.TRAIN|Any CPU.Build.0 = TRAIN|Any CPU
		{E4921D59-73E3-44EA-800D-491035BA4868}.Debug|Any CPU.ActiveCfg = Debug|Any CPU
		{E4921D59-73E3-44EA-800D-491035BA4868}.Debug|Any CPU.Build.0 = Debug|Any CPU
		{E4921D59-73E3-44EA-800D-491035BA4868}.INT|Any CPU.ActiveCfg = INT|Any CPU
		{E4921D59-73E3-44EA-800D-491035BA4868}.INT|Any CPU.Build.0 = INT|Any CPU
		{E4921D59-73E3-44EA-800D-491035BA4868}.PERF|Any CPU.ActiveCfg = PERF|Any CPU
		{E4921D59-73E3-44EA-800D-491035BA4868}.PERF|Any CPU.Build.0 = PERF|Any CPU
		{E4921D59-73E3-44EA-800D-491035BA4868}.PREPROD|Any CPU.ActiveCfg = PREPROD|Any CPU
		{E4921D59-73E3-44EA-800D-491035BA4868}.PREPROD|Any CPU.Build.0 = PREPROD|Any CPU
		{E4921D59-73E3-44EA-800D-491035BA4868}.PROD|Any CPU.ActiveCfg = PROD|Any CPU
		{E4921D59-73E3-44EA-800D-491035BA4868}.PROD|Any CPU.Build.0 = PROD|Any CPU
		{E4921D59-73E3-44EA-800D-491035BA4868}.QA|Any CPU.ActiveCfg = QA|Any CPU
		{E4921D59-73E3-44EA-800D-491035BA4868}.QA|Any CPU.Build.0 = QA|Any CPU
		{E4921D59-73E3-44EA-800D-491035BA4868}.Release|Any CPU.ActiveCfg = Release|Any CPU
		{E4921D59-73E3-44EA-800D-491035BA4868}.Release|Any CPU.Build.0 = Release|Any CPU
		{E4921D59-73E3-44EA-800D-491035BA4868}.TRAIN|Any CPU.ActiveCfg = TRAIN|Any CPU
		{E4921D59-73E3-44EA-800D-491035BA4868}.TRAIN|Any CPU.Build.0 = TRAIN|Any CPU
	EndGlobalSection
	GlobalSection(SolutionProperties) = preSolution
		HideSolutionNode = FALSE
	EndGlobalSection
	GlobalSection(ExtensibilityGlobals) = postSolution
		SolutionGuid = {774E518C-0624-48CB-B36E-2914203E75A4}
	EndGlobalSection
EndGlobal
