
Microsoft Visual Studio Solution File, Format Version 12.00
# Visual Studio Version 16
VisualStudioVersion = 16.0.29201.188
MinimumVisualStudioVersion = 10.0.40219.1
Project("{FAE04EC0-301F-11D3-BF4B-00C04F79EFBC}") = "UDO.LOB.IDProofOrchestrationApi", "UDO.LOB.IDProofOrchestrationApi\UDO.LOB.IDProofOrchestrationApi.csproj", "{96834DB9-F82F-4544-B5C0-646E6F39F4A8}"
EndProject
Project("{FAE04EC0-301F-11D3-BF4B-00C04F79EFBC}") = "UDO.LOB.IDProofOrchestrationApi.Tests", "UDO.LOB.IDProofOrchestrationApi.Tests\UDO.LOB.IDProofOrchestrationApi.Tests.csproj", "{D83F80DC-C527-4A55-9159-95E901135D07}"
EndProject
Project("{FAE04EC0-301F-11D3-BF4B-00C04F79EFBC}") = "UDO.LOB.Core", "..\UDO.Crm.LOB.Core\UDO.LOB.Core.csproj", "{75CEE666-371F-4679-8C93-629F35309DC1}"
EndProject
Project("{FAE04EC0-301F-11D3-BF4B-00C04F79EFBC}") = "UDO.LOB.IDProofOrchestration.Messages", "UDO.LOB.IDProofOrchestration.Messages\UDO.LOB.IDProofOrchestration.Messages.csproj", "{DF6C2796-AF00-407D-A6C1-C469A6DB309C}"
EndProject
Project("{FAE04EC0-301F-11D3-BF4B-00C04F79EFBC}") = "UDO.LOB.Extensions", "..\UDO.Crm.LOB.Extensions\UDO.LOB.Extensions.csproj", "{A4E91FC6-6983-4A58-B306-7CC71829484F}"
EndProject
Project("{FAE04EC0-301F-11D3-BF4B-00C04F79EFBC}") = "UDO.LOB.Awards.Messages", "..\UDO.LOB.Awards\UDO.LOB.Awards.Messages\UDO.LOB.Awards.Messages.csproj", "{D1E30220-EE18-4C30-B951-7F26AD9B1017}"
EndProject
Project("{FAE04EC0-301F-11D3-BF4B-00C04F79EFBC}") = "UDO.LOB.Claims.Messages", "..\UDO.LOB.Claims\UDO.LOB.Claims.Messages\UDO.LOB.Claims.Messages.csproj", "{780B1FAC-BA28-429A-9F09-350987BB0140}"
EndProject
Project("{FAE04EC0-301F-11D3-BF4B-00C04F79EFBC}") = "UDO.LOB.Contact.Messages", "..\UDO.LOB.Contact\UDO.LOB.Contact.Messages\UDO.LOB.Contact.Messages.csproj", "{74E62DFF-9490-43A6-9F6E-AC6E03D8D9FA}"
EndProject
Project("{FAE04EC0-301F-11D3-BF4B-00C04F79EFBC}") = "UDO.LOB.Payments.Messages", "..\UDO.LOB.Payments\UDO.LOB.Payments.Messages\UDO.LOB.Payments.Messages.csproj", "{E4921D59-73E3-44EA-800D-491035BA4868}"
EndProject
Project("{FAE04EC0-301F-11D3-BF4B-00C04F79EFBC}") = "UDO.LOB.PeoplelistPayeeCode.Messages", "..\UDO.LOB.PeoplelistPayeeCode\UDO.LOB.PeoplelistPayeeCode.Messages\UDO.LOB.PeoplelistPayeeCode.Messages.csproj", "{B99FA246-BCE4-473F-8C8B-E132ED12C6A0}"
EndProject
Project("{FAE04EC0-301F-11D3-BF4B-00C04F79EFBC}") = "UDO.LOB.Ratings.Messages", "..\UDO.LOB.Ratings\UDO.LOB.Ratings.Messages\UDO.LOB.Ratings.Messages.csproj", "{016BD0E9-D4AF-4BF0-AC73-8D569E8C8F37}"
EndProject
Global
	GlobalSection(SolutionConfigurationPlatforms) = preSolution
		Debug|Any CPU = Debug|Any CPU
		INT|Any CPU = INT|Any CPU
		PERF|Any CPU = PERF|Any CPU
		PREPROD|Any CPU = PREPROD|Any CPU
		PROD|Any CPU = PROD|Any CPU
		QA|Any CPU = QA|Any CPU
		Release|Any CPU = Release|Any CPU
		TRAIN|Any CPU = TRAIN|Any CPU
	EndGlobalSection
	GlobalSection(ProjectConfigurationPlatforms) = postSolution
		{96834DB9-F82F-4544-B5C0-646E6F39F4A8}.Debug|Any CPU.ActiveCfg = Debug|Any CPU
		{96834DB9-F82F-4544-B5C0-646E6F39F4A8}.Debug|Any CPU.Build.0 = Debug|Any CPU
		{96834DB9-F82F-4544-B5C0-646E6F39F4A8}.INT|Any CPU.ActiveCfg = INT|Any CPU
		{96834DB9-F82F-4544-B5C0-646E6F39F4A8}.INT|Any CPU.Build.0 = INT|Any CPU
		{96834DB9-F82F-4544-B5C0-646E6F39F4A8}.PERF|Any CPU.ActiveCfg = PERF|Any CPU
		{96834DB9-F82F-4544-B5C0-646E6F39F4A8}.PERF|Any CPU.Build.0 = PERF|Any CPU
		{96834DB9-F82F-4544-B5C0-646E6F39F4A8}.PREPROD|Any CPU.ActiveCfg = PREPROD|Any CPU
		{96834DB9-F82F-4544-B5C0-646E6F39F4A8}.PREPROD|Any CPU.Build.0 = PREPROD|Any CPU
		{96834DB9-F82F-4544-B5C0-646E6F39F4A8}.PROD|Any CPU.ActiveCfg = PROD|Any CPU
		{96834DB9-F82F-4544-B5C0-646E6F39F4A8}.PROD|Any CPU.Build.0 = PROD|Any CPU
		{96834DB9-F82F-4544-B5C0-646E6F39F4A8}.QA|Any CPU.ActiveCfg = QA|Any CPU
		{96834DB9-F82F-4544-B5C0-646E6F39F4A8}.QA|Any CPU.Build.0 = QA|Any CPU
		{96834DB9-F82F-4544-B5C0-646E6F39F4A8}.Release|Any CPU.ActiveCfg = Debug|Any CPU
		{96834DB9-F82F-4544-B5C0-646E6F39F4A8}.Release|Any CPU.Build.0 = Debug|Any CPU
		{96834DB9-F82F-4544-B5C0-646E6F39F4A8}.TRAIN|Any CPU.ActiveCfg = TRAIN|Any CPU
		{96834DB9-F82F-4544-B5C0-646E6F39F4A8}.TRAIN|Any CPU.Build.0 = TRAIN|Any CPU
		{D83F80DC-C527-4A55-9159-95E901135D07}.Debug|Any CPU.ActiveCfg = Debug|Any CPU
		{D83F80DC-C527-4A55-9159-95E901135D07}.Debug|Any CPU.Build.0 = Debug|Any CPU
		{D83F80DC-C527-4A55-9159-95E901135D07}.INT|Any CPU.ActiveCfg = INT|Any CPU
		{D83F80DC-C527-4A55-9159-95E901135D07}.INT|Any CPU.Build.0 = INT|Any CPU
		{D83F80DC-C527-4A55-9159-95E901135D07}.PERF|Any CPU.ActiveCfg = PERF|Any CPU
		{D83F80DC-C527-4A55-9159-95E901135D07}.PERF|Any CPU.Build.0 = PERF|Any CPU
		{D83F80DC-C527-4A55-9159-95E901135D07}.PREPROD|Any CPU.ActiveCfg = PREPROD|Any CPU
		{D83F80DC-C527-4A55-9159-95E901135D07}.PREPROD|Any CPU.Build.0 = PREPROD|Any CPU
		{D83F80DC-C527-4A55-9159-95E901135D07}.PROD|Any CPU.ActiveCfg = PROD|Any CPU
		{D83F80DC-C527-4A55-9159-95E901135D07}.PROD|Any CPU.Build.0 = PROD|Any CPU
		{D83F80DC-C527-4A55-9159-95E901135D07}.QA|Any CPU.ActiveCfg = QA|Any CPU
		{D83F80DC-C527-4A55-9159-95E901135D07}.QA|Any CPU.Build.0 = QA|Any CPU
		{D83F80DC-C527-4A55-9159-95E901135D07}.Release|Any CPU.ActiveCfg = Debug|Any CPU
		{D83F80DC-C527-4A55-9159-95E901135D07}.Release|Any CPU.Build.0 = Debug|Any CPU
		{D83F80DC-C527-4A55-9159-95E901135D07}.TRAIN|Any CPU.ActiveCfg = TRAIN|Any CPU
		{D83F80DC-C527-4A55-9159-95E901135D07}.TRAIN|Any CPU.Build.0 = TRAIN|Any CPU
		{75CEE666-371F-4679-8C93-629F35309DC1}.Debug|Any CPU.ActiveCfg = Debug|Any CPU
		{75CEE666-371F-4679-8C93-629F35309DC1}.Debug|Any CPU.Build.0 = Debug|Any CPU
		{75CEE666-371F-4679-8C93-629F35309DC1}.INT|Any CPU.ActiveCfg = INT|Any CPU
		{75CEE666-371F-4679-8C93-629F35309DC1}.INT|Any CPU.Build.0 = INT|Any CPU
		{75CEE666-371F-4679-8C93-629F35309DC1}.PERF|Any CPU.ActiveCfg = PERF|Any CPU
		{75CEE666-371F-4679-8C93-629F35309DC1}.PERF|Any CPU.Build.0 = PERF|Any CPU
		{75CEE666-371F-4679-8C93-629F35309DC1}.PREPROD|Any CPU.ActiveCfg = PREPROD|Any CPU
		{75CEE666-371F-4679-8C93-629F35309DC1}.PREPROD|Any CPU.Build.0 = PREPROD|Any CPU
		{75CEE666-371F-4679-8C93-629F35309DC1}.PROD|Any CPU.ActiveCfg = PROD|Any CPU
		{75CEE666-371F-4679-8C93-629F35309DC1}.PROD|Any CPU.Build.0 = PROD|Any CPU
		{75CEE666-371F-4679-8C93-629F35309DC1}.QA|Any CPU.ActiveCfg = QA|Any CPU
		{75CEE666-371F-4679-8C93-629F35309DC1}.QA|Any CPU.Build.0 = QA|Any CPU
		{75CEE666-371F-4679-8C93-629F35309DC1}.Release|Any CPU.ActiveCfg = Debug|Any CPU
		{75CEE666-371F-4679-8C93-629F35309DC1}.Release|Any CPU.Build.0 = Debug|Any CPU
		{75CEE666-371F-4679-8C93-629F35309DC1}.TRAIN|Any CPU.ActiveCfg = TRAIN|Any CPU
		{75CEE666-371F-4679-8C93-629F35309DC1}.TRAIN|Any CPU.Build.0 = TRAIN|Any CPU
		{DF6C2796-AF00-407D-A6C1-C469A6DB309C}.Debug|Any CPU.ActiveCfg = Debug|Any CPU
		{DF6C2796-AF00-407D-A6C1-C469A6DB309C}.Debug|Any CPU.Build.0 = Debug|Any CPU
		{DF6C2796-AF00-407D-A6C1-C469A6DB309C}.INT|Any CPU.ActiveCfg = INT|Any CPU
		{DF6C2796-AF00-407D-A6C1-C469A6DB309C}.INT|Any CPU.Build.0 = INT|Any CPU
		{DF6C2796-AF00-407D-A6C1-C469A6DB309C}.PERF|Any CPU.ActiveCfg = PERF|Any CPU
		{DF6C2796-AF00-407D-A6C1-C469A6DB309C}.PERF|Any CPU.Build.0 = PERF|Any CPU
		{DF6C2796-AF00-407D-A6C1-C469A6DB309C}.PREPROD|Any CPU.ActiveCfg = PREPROD|Any CPU
		{DF6C2796-AF00-407D-A6C1-C469A6DB309C}.PREPROD|Any CPU.Build.0 = PREPROD|Any CPU
		{DF6C2796-AF00-407D-A6C1-C469A6DB309C}.PROD|Any CPU.ActiveCfg = PROD|Any CPU
		{DF6C2796-AF00-407D-A6C1-C469A6DB309C}.PROD|Any CPU.Build.0 = PROD|Any CPU
		{DF6C2796-AF00-407D-A6C1-C469A6DB309C}.QA|Any CPU.ActiveCfg = QA|Any CPU
		{DF6C2796-AF00-407D-A6C1-C469A6DB309C}.QA|Any CPU.Build.0 = QA|Any CPU
		{DF6C2796-AF00-407D-A6C1-C469A6DB309C}.Release|Any CPU.ActiveCfg = Debug|Any CPU
		{DF6C2796-AF00-407D-A6C1-C469A6DB309C}.Release|Any CPU.Build.0 = Debug|Any CPU
		{DF6C2796-AF00-407D-A6C1-C469A6DB309C}.TRAIN|Any CPU.ActiveCfg = TRAIN|Any CPU
		{DF6C2796-AF00-407D-A6C1-C469A6DB309C}.TRAIN|Any CPU.Build.0 = TRAIN|Any CPU
		{A4E91FC6-6983-4A58-B306-7CC71829484F}.Debug|Any CPU.ActiveCfg = Debug|Any CPU
		{A4E91FC6-6983-4A58-B306-7CC71829484F}.Debug|Any CPU.Build.0 = Debug|Any CPU
		{A4E91FC6-6983-4A58-B306-7CC71829484F}.INT|Any CPU.ActiveCfg = INT|Any CPU
		{A4E91FC6-6983-4A58-B306-7CC71829484F}.INT|Any CPU.Build.0 = INT|Any CPU
		{A4E91FC6-6983-4A58-B306-7CC71829484F}.PERF|Any CPU.ActiveCfg = PERF|Any CPU
		{A4E91FC6-6983-4A58-B306-7CC71829484F}.PERF|Any CPU.Build.0 = PERF|Any CPU
		{A4E91FC6-6983-4A58-B306-7CC71829484F}.PREPROD|Any CPU.ActiveCfg = PREPROD|Any CPU
		{A4E91FC6-6983-4A58-B306-7CC71829484F}.PREPROD|Any CPU.Build.0 = PREPROD|Any CPU
		{A4E91FC6-6983-4A58-B306-7CC71829484F}.PROD|Any CPU.ActiveCfg = PROD|Any CPU
		{A4E91FC6-6983-4A58-B306-7CC71829484F}.PROD|Any CPU.Build.0 = PROD|Any CPU
		{A4E91FC6-6983-4A58-B306-7CC71829484F}.QA|Any CPU.ActiveCfg = QA|Any CPU
		{A4E91FC6-6983-4A58-B306-7CC71829484F}.QA|Any CPU.Build.0 = QA|Any CPU
		{A4E91FC6-6983-4A58-B306-7CC71829484F}.Release|Any CPU.ActiveCfg = Debug|Any CPU
		{A4E91FC6-6983-4A58-B306-7CC71829484F}.Release|Any CPU.Build.0 = Debug|Any CPU
		{A4E91FC6-6983-4A58-B306-7CC71829484F}.TRAIN|Any CPU.ActiveCfg = TRAIN|Any CPU
		{A4E91FC6-6983-4A58-B306-7CC71829484F}.TRAIN|Any CPU.Build.0 = TRAIN|Any CPU
		{D1E30220-EE18-4C30-B951-7F26AD9B1017}.Debug|Any CPU.ActiveCfg = Debug|Any CPU
		{D1E30220-EE18-4C30-B951-7F26AD9B1017}.Debug|Any CPU.Build.0 = Debug|Any CPU
		{D1E30220-EE18-4C30-B951-7F26AD9B1017}.INT|Any CPU.ActiveCfg = INT|Any CPU
		{D1E30220-EE18-4C30-B951-7F26AD9B1017}.INT|Any CPU.Build.0 = INT|Any CPU
		{D1E30220-EE18-4C30-B951-7F26AD9B1017}.PERF|Any CPU.ActiveCfg = PERF|Any CPU
		{D1E30220-EE18-4C30-B951-7F26AD9B1017}.PERF|Any CPU.Build.0 = PERF|Any CPU
		{D1E30220-EE18-4C30-B951-7F26AD9B1017}.PREPROD|Any CPU.ActiveCfg = PREPROD|Any CPU
		{D1E30220-EE18-4C30-B951-7F26AD9B1017}.PREPROD|Any CPU.Build.0 = PREPROD|Any CPU
		{D1E30220-EE18-4C30-B951-7F26AD9B1017}.PROD|Any CPU.ActiveCfg = PROD|Any CPU
		{D1E30220-EE18-4C30-B951-7F26AD9B1017}.PROD|Any CPU.Build.0 = PROD|Any CPU
		{D1E30220-EE18-4C30-B951-7F26AD9B1017}.QA|Any CPU.ActiveCfg = QA|Any CPU
		{D1E30220-EE18-4C30-B951-7F26AD9B1017}.QA|Any CPU.Build.0 = QA|Any CPU
		{D1E30220-EE18-4C30-B951-7F26AD9B1017}.Release|Any CPU.ActiveCfg = Debug|Any CPU
		{D1E30220-EE18-4C30-B951-7F26AD9B1017}.Release|Any CPU.Build.0 = Debug|Any CPU
		{D1E30220-EE18-4C30-B951-7F26AD9B1017}.TRAIN|Any CPU.ActiveCfg = TRAIN|Any CPU
		{D1E30220-EE18-4C30-B951-7F26AD9B1017}.TRAIN|Any CPU.Build.0 = TRAIN|Any CPU
		{780B1FAC-BA28-429A-9F09-350987BB0140}.Debug|Any CPU.ActiveCfg = Debug|Any CPU
		{780B1FAC-BA28-429A-9F09-350987BB0140}.Debug|Any CPU.Build.0 = Debug|Any CPU
		{780B1FAC-BA28-429A-9F09-350987BB0140}.INT|Any CPU.ActiveCfg = INT|Any CPU
		{780B1FAC-BA28-429A-9F09-350987BB0140}.INT|Any CPU.Build.0 = INT|Any CPU
		{780B1FAC-BA28-429A-9F09-350987BB0140}.PERF|Any CPU.ActiveCfg = PERF|Any CPU
		{780B1FAC-BA28-429A-9F09-350987BB0140}.PERF|Any CPU.Build.0 = PERF|Any CPU
		{780B1FAC-BA28-429A-9F09-350987BB0140}.PREPROD|Any CPU.ActiveCfg = PREPROD|Any CPU
		{780B1FAC-BA28-429A-9F09-350987BB0140}.PREPROD|Any CPU.Build.0 = PREPROD|Any CPU
		{780B1FAC-BA28-429A-9F09-350987BB0140}.PROD|Any CPU.ActiveCfg = PROD|Any CPU
		{780B1FAC-BA28-429A-9F09-350987BB0140}.PROD|Any CPU.Build.0 = PROD|Any CPU
		{780B1FAC-BA28-429A-9F09-350987BB0140}.QA|Any CPU.ActiveCfg = QA|Any CPU
		{780B1FAC-BA28-429A-9F09-350987BB0140}.QA|Any CPU.Build.0 = QA|Any CPU
		{780B1FAC-BA28-429A-9F09-350987BB0140}.Release|Any CPU.ActiveCfg = Debug|Any CPU
		{780B1FAC-BA28-429A-9F09-350987BB0140}.Release|Any CPU.Build.0 = Debug|Any CPU
		{780B1FAC-BA28-429A-9F09-350987BB0140}.TRAIN|Any CPU.ActiveCfg = TRAIN|Any CPU
		{780B1FAC-BA28-429A-9F09-350987BB0140}.TRAIN|Any CPU.Build.0 = TRAIN|Any CPU
		{74E62DFF-9490-43A6-9F6E-AC6E03D8D9FA}.Debug|Any CPU.ActiveCfg = Debug|Any CPU
		{74E62DFF-9490-43A6-9F6E-AC6E03D8D9FA}.Debug|Any CPU.Build.0 = Debug|Any CPU
		{74E62DFF-9490-43A6-9F6E-AC6E03D8D9FA}.INT|Any CPU.ActiveCfg = INT|Any CPU
		{74E62DFF-9490-43A6-9F6E-AC6E03D8D9FA}.INT|Any CPU.Build.0 = INT|Any CPU
		{74E62DFF-9490-43A6-9F6E-AC6E03D8D9FA}.PERF|Any CPU.ActiveCfg = PERF|Any CPU
		{74E62DFF-9490-43A6-9F6E-AC6E03D8D9FA}.PERF|Any CPU.Build.0 = PERF|Any CPU
		{74E62DFF-9490-43A6-9F6E-AC6E03D8D9FA}.PREPROD|Any CPU.ActiveCfg = PREPROD|Any CPU
		{74E62DFF-9490-43A6-9F6E-AC6E03D8D9FA}.PREPROD|Any CPU.Build.0 = PREPROD|Any CPU
		{74E62DFF-9490-43A6-9F6E-AC6E03D8D9FA}.PROD|Any CPU.ActiveCfg = PROD|Any CPU
		{74E62DFF-9490-43A6-9F6E-AC6E03D8D9FA}.PROD|Any CPU.Build.0 = PROD|Any CPU
		{74E62DFF-9490-43A6-9F6E-AC6E03D8D9FA}.QA|Any CPU.ActiveCfg = QA|Any CPU
		{74E62DFF-9490-43A6-9F6E-AC6E03D8D9FA}.QA|Any CPU.Build.0 = QA|Any CPU
		{74E62DFF-9490-43A6-9F6E-AC6E03D8D9FA}.Release|Any CPU.ActiveCfg = Debug|Any CPU
		{74E62DFF-9490-43A6-9F6E-AC6E03D8D9FA}.Release|Any CPU.Build.0 = Debug|Any CPU
		{74E62DFF-9490-43A6-9F6E-AC6E03D8D9FA}.TRAIN|Any CPU.ActiveCfg = TRAIN|Any CPU
		{74E62DFF-9490-43A6-9F6E-AC6E03D8D9FA}.TRAIN|Any CPU.Build.0 = TRAIN|Any CPU
		{E4921D59-73E3-44EA-800D-491035BA4868}.Debug|Any CPU.ActiveCfg = Debug|Any CPU
		{E4921D59-73E3-44EA-800D-491035BA4868}.Debug|Any CPU.Build.0 = Debug|Any CPU
		{E4921D59-73E3-44EA-800D-491035BA4868}.INT|Any CPU.ActiveCfg = INT|Any CPU
		{E4921D59-73E3-44EA-800D-491035BA4868}.INT|Any CPU.Build.0 = INT|Any CPU
		{E4921D59-73E3-44EA-800D-491035BA4868}.PERF|Any CPU.ActiveCfg = PERF|Any CPU
		{E4921D59-73E3-44EA-800D-491035BA4868}.PERF|Any CPU.Build.0 = PERF|Any CPU
		{E4921D59-73E3-44EA-800D-491035BA4868}.PREPROD|Any CPU.ActiveCfg = PREPROD|Any CPU
		{E4921D59-73E3-44EA-800D-491035BA4868}.PREPROD|Any CPU.Build.0 = PREPROD|Any CPU
		{E4921D59-73E3-44EA-800D-491035BA4868}.PROD|Any CPU.ActiveCfg = PROD|Any CPU
		{E4921D59-73E3-44EA-800D-491035BA4868}.PROD|Any CPU.Build.0 = PROD|Any CPU
		{E4921D59-73E3-44EA-800D-491035BA4868}.QA|Any CPU.ActiveCfg = QA|Any CPU
		{E4921D59-73E3-44EA-800D-491035BA4868}.QA|Any CPU.Build.0 = QA|Any CPU
		{E4921D59-73E3-44EA-800D-491035BA4868}.Release|Any CPU.ActiveCfg = Debug|Any CPU
		{E4921D59-73E3-44EA-800D-491035BA4868}.Release|Any CPU.Build.0 = Debug|Any CPU
		{E4921D59-73E3-44EA-800D-491035BA4868}.TRAIN|Any CPU.ActiveCfg = TRAIN|Any CPU
		{E4921D59-73E3-44EA-800D-491035BA4868}.TRAIN|Any CPU.Build.0 = TRAIN|Any CPU
		{B99FA246-BCE4-473F-8C8B-E132ED12C6A0}.Debug|Any CPU.ActiveCfg = Debug|Any CPU
		{B99FA246-BCE4-473F-8C8B-E132ED12C6A0}.Debug|Any CPU.Build.0 = Debug|Any CPU
		{B99FA246-BCE4-473F-8C8B-E132ED12C6A0}.INT|Any CPU.ActiveCfg = INT|Any CPU
		{B99FA246-BCE4-473F-8C8B-E132ED12C6A0}.INT|Any CPU.Build.0 = INT|Any CPU
		{B99FA246-BCE4-473F-8C8B-E132ED12C6A0}.PERF|Any CPU.ActiveCfg = PERF|Any CPU
		{B99FA246-BCE4-473F-8C8B-E132ED12C6A0}.PERF|Any CPU.Build.0 = PERF|Any CPU
		{B99FA246-BCE4-473F-8C8B-E132ED12C6A0}.PREPROD|Any CPU.ActiveCfg = PREPROD|Any CPU
		{B99FA246-BCE4-473F-8C8B-E132ED12C6A0}.PREPROD|Any CPU.Build.0 = PREPROD|Any CPU
		{B99FA246-BCE4-473F-8C8B-E132ED12C6A0}.PROD|Any CPU.ActiveCfg = PROD|Any CPU
		{B99FA246-BCE4-473F-8C8B-E132ED12C6A0}.PROD|Any CPU.Build.0 = PROD|Any CPU
		{B99FA246-BCE4-473F-8C8B-E132ED12C6A0}.QA|Any CPU.ActiveCfg = QA|Any CPU
		{B99FA246-BCE4-473F-8C8B-E132ED12C6A0}.QA|Any CPU.Build.0 = QA|Any CPU
		{B99FA246-BCE4-473F-8C8B-E132ED12C6A0}.Release|Any CPU.ActiveCfg = Debug|Any CPU
		{B99FA246-BCE4-473F-8C8B-E132ED12C6A0}.Release|Any CPU.Build.0 = Debug|Any CPU
		{B99FA246-BCE4-473F-8C8B-E132ED12C6A0}.TRAIN|Any CPU.ActiveCfg = TRAIN|Any CPU
		{B99FA246-BCE4-473F-8C8B-E132ED12C6A0}.TRAIN|Any CPU.Build.0 = TRAIN|Any CPU
		{016BD0E9-D4AF-4BF0-AC73-8D569E8C8F37}.Debug|Any CPU.ActiveCfg = Debug|Any CPU
		{016BD0E9-D4AF-4BF0-AC73-8D569E8C8F37}.Debug|Any CPU.Build.0 = Debug|Any CPU
		{016BD0E9-D4AF-4BF0-AC73-8D569E8C8F37}.INT|Any CPU.ActiveCfg = INT|Any CPU
		{016BD0E9-D4AF-4BF0-AC73-8D569E8C8F37}.INT|Any CPU.Build.0 = INT|Any CPU
		{016BD0E9-D4AF-4BF0-AC73-8D569E8C8F37}.PERF|Any CPU.ActiveCfg = PERF|Any CPU
		{016BD0E9-D4AF-4BF0-AC73-8D569E8C8F37}.PERF|Any CPU.Build.0 = PERF|Any CPU
		{016BD0E9-D4AF-4BF0-AC73-8D569E8C8F37}.PREPROD|Any CPU.ActiveCfg = PREPROD|Any CPU
		{016BD0E9-D4AF-4BF0-AC73-8D569E8C8F37}.PREPROD|Any CPU.Build.0 = PREPROD|Any CPU
		{016BD0E9-D4AF-4BF0-AC73-8D569E8C8F37}.PROD|Any CPU.ActiveCfg = PROD|Any CPU
		{016BD0E9-D4AF-4BF0-AC73-8D569E8C8F37}.PROD|Any CPU.Build.0 = PROD|Any CPU
		{016BD0E9-D4AF-4BF0-AC73-8D569E8C8F37}.QA|Any CPU.ActiveCfg = QA|Any CPU
		{016BD0E9-D4AF-4BF0-AC73-8D569E8C8F37}.QA|Any CPU.Build.0 = QA|Any CPU
		{016BD0E9-D4AF-4BF0-AC73-8D569E8C8F37}.Release|Any CPU.ActiveCfg = Debug|Any CPU
		{016BD0E9-D4AF-4BF0-AC73-8D569E8C8F37}.Release|Any CPU.Build.0 = Debug|Any CPU
		{016BD0E9-D4AF-4BF0-AC73-8D569E8C8F37}.TRAIN|Any CPU.ActiveCfg = TRAIN|Any CPU
		{016BD0E9-D4AF-4BF0-AC73-8D569E8C8F37}.TRAIN|Any CPU.Build.0 = TRAIN|Any CPU
	EndGlobalSection
	GlobalSection(SolutionProperties) = preSolution
		HideSolutionNode = FALSE
	EndGlobalSection
	GlobalSection(ExtensibilityGlobals) = postSolution
		SolutionGuid = {4801ED97-B5CC-4F9B-B8DE-762A0C4DF28D}
	EndGlobalSection
EndGlobal
