
Microsoft Visual Studio Solution File, Format Version 12.00
# Visual Studio Version 16
VisualStudioVersion = 16.0.30104.148
MinimumVisualStudioVersion = 10.0.40219.1
Project("{FAE04EC0-301F-11D3-BF4B-00C04F79EFBC}") = "CrmPackage", "CrmPackage.csproj", "{870E1994-93BB-4BC6-A5B5-F0DBD578ACF6}"
EndProject
Global
	GlobalSection(SolutionConfigurationPlatforms) = preSolution
		Debug|Any CPU = Debug|Any CPU
		Release|Any CPU = Release|Any CPU
	EndGlobalSection
	GlobalSection(ProjectConfigurationPlatforms) = postSolution
		{870E1994-93BB-4BC6-A5B5-F0DBD578ACF6}.Debug|Any CPU.ActiveCfg = Debug|Any CPU
		{870E1994-93BB-4BC6-A5B5-F0DBD578ACF6}.Debug|Any CPU.Build.0 = Debug|Any CPU
		{870E1994-93BB-4BC6-A5B5-F0DBD578ACF6}.Release|Any CPU.ActiveCfg = Release|Any CPU
		{870E1994-93BB-4BC6-A5B5-F0DBD578ACF6}.Release|Any CPU.Build.0 = Release|Any CPU
	EndGlobalSection
	GlobalSection(SolutionProperties) = preSolution
		HideSolutionNode = FALSE
	EndGlobalSection
	GlobalSection(ExtensibilityGlobals) = postSolution
		SolutionGuid = {C5341516-90F3-48D1-B45B-37477C54B7CA}
	EndGlobalSection
EndGlobal
