
Microsoft Visual Studio Solution File, Format Version 12.00
# Visual Studio Version 16
VisualStudioVersion = 16.0.29201.188
MinimumVisualStudioVersion = 10.0.40219.1
Project("{FAE04EC0-301F-11D3-BF4B-00C04F79EFBC}") = "UDO.LOB.LettersApi", "UDO.LOB.LettersApi\UDO.LOB.LettersApi.csproj", "{3EF918A2-1D10-419E-84B2-1A1D0499C4E7}"
EndProject
Project("{FAE04EC0-301F-11D3-BF4B-00C04F79EFBC}") = "UDO.LOB.LettersApi.Tests", "UDO.LOB.LettersApi.Tests\UDO.LOB.LettersApi.Tests.csproj", "{88FB9BB8-5C7A-4E96-811D-65E251DC83BF}"
EndProject
Project("{FAE04EC0-301F-11D3-BF4B-00C04F79EFBC}") = "UDO.LOB.Letters.Messages", "UDO.LOB.Letters.Messages\UDO.LOB.Letters.Messages.csproj", "{500305D4-8435-4237-AF39-57D9342F01DD}"
EndProject
Project("{FAE04EC0-301F-11D3-BF4B-00C04F79EFBC}") = "UDO.LOB.Core", "..\UDO.Crm.LOB.Core\UDO.LOB.Core.csproj", "{75CEE666-371F-4679-8C93-629F35309DC1}"
EndProject
Project("{FAE04EC0-301F-11D3-BF4B-00C04F79EFBC}") = "UDO.LOB.Extensions", "..\UDO.Crm.LOB.Extensions\UDO.LOB.Extensions.csproj", "{A4E91FC6-6983-4A58-B306-7CC71829484F}"
EndProject
Project("{FAE04EC0-301F-11D3-BF4B-00C04F79EFBC}") = "UDO.LOB.Notes.Messages", "..\UDO.LOB.Notes\UDO.LOB.Notes.Messages\UDO.LOB.Notes.Messages.csproj", "{9E797B97-D3C0-4EB5-A3C9-202450ED5C6B}"
EndProject
Project("{FAE04EC0-301F-11D3-BF4B-00C04F79EFBC}") = "UDO.LOB.Ratings.Messages", "..\UDO.LOB.Ratings\UDO.LOB.Ratings.Messages\UDO.LOB.Ratings.Messages.csproj", "{016BD0E9-D4AF-4BF0-AC73-8D569E8C8F37}"
EndProject
Global
	GlobalSection(SolutionConfigurationPlatforms) = preSolution
		Debug|Any CPU = Debug|Any CPU
		INT|Any CPU = INT|Any CPU
		PERF|Any CPU = PERF|Any CPU
		PREPROD|Any CPU = PREPROD|Any CPU
		PROD|Any CPU = PROD|Any CPU
		QA|Any CPU = QA|Any CPU
		Release|Any CPU = Release|Any CPU
		TRAIN|Any CPU = TRAIN|Any CPU
	EndGlobalSection
	GlobalSection(ProjectConfigurationPlatforms) = postSolution
		{3EF918A2-1D10-419E-84B2-1A1D0499C4E7}.Debug|Any CPU.ActiveCfg = Debug|Any CPU
		{3EF918A2-1D10-419E-84B2-1A1D0499C4E7}.Debug|Any CPU.Build.0 = Debug|Any CPU
		{3EF918A2-1D10-419E-84B2-1A1D0499C4E7}.INT|Any CPU.ActiveCfg = INT|Any CPU
		{3EF918A2-1D10-419E-84B2-1A1D0499C4E7}.INT|Any CPU.Build.0 = INT|Any CPU
		{3EF918A2-1D10-419E-84B2-1A1D0499C4E7}.PERF|Any CPU.ActiveCfg = PERF|Any CPU
		{3EF918A2-1D10-419E-84B2-1A1D0499C4E7}.PERF|Any CPU.Build.0 = PERF|Any CPU
		{3EF918A2-1D10-419E-84B2-1A1D0499C4E7}.PREPROD|Any CPU.ActiveCfg = PREPROD|Any CPU
		{3EF918A2-1D10-419E-84B2-1A1D0499C4E7}.PREPROD|Any CPU.Build.0 = PREPROD|Any CPU
		{3EF918A2-1D10-419E-84B2-1A1D0499C4E7}.PROD|Any CPU.ActiveCfg = PROD|Any CPU
		{3EF918A2-1D10-419E-84B2-1A1D0499C4E7}.PROD|Any CPU.Build.0 = PROD|Any CPU
		{3EF918A2-1D10-419E-84B2-1A1D0499C4E7}.QA|Any CPU.ActiveCfg = QA|Any CPU
		{3EF918A2-1D10-419E-84B2-1A1D0499C4E7}.QA|Any CPU.Build.0 = QA|Any CPU
		{3EF918A2-1D10-419E-84B2-1A1D0499C4E7}.Release|Any CPU.ActiveCfg = Release|Any CPU
		{3EF918A2-1D10-419E-84B2-1A1D0499C4E7}.Release|Any CPU.Build.0 = Release|Any CPU
		{3EF918A2-1D10-419E-84B2-1A1D0499C4E7}.TRAIN|Any CPU.ActiveCfg = TRAIN|Any CPU
		{3EF918A2-1D10-419E-84B2-1A1D0499C4E7}.TRAIN|Any CPU.Build.0 = TRAIN|Any CPU
		{88FB9BB8-5C7A-4E96-811D-65E251DC83BF}.Debug|Any CPU.ActiveCfg = Debug|Any CPU
		{88FB9BB8-5C7A-4E96-811D-65E251DC83BF}.Debug|Any CPU.Build.0 = Debug|Any CPU
		{88FB9BB8-5C7A-4E96-811D-65E251DC83BF}.INT|Any CPU.ActiveCfg = INT|Any CPU
		{88FB9BB8-5C7A-4E96-811D-65E251DC83BF}.INT|Any CPU.Build.0 = INT|Any CPU
		{88FB9BB8-5C7A-4E96-811D-65E251DC83BF}.PERF|Any CPU.ActiveCfg = PERF|Any CPU
		{88FB9BB8-5C7A-4E96-811D-65E251DC83BF}.PERF|Any CPU.Build.0 = PERF|Any CPU
		{88FB9BB8-5C7A-4E96-811D-65E251DC83BF}.PREPROD|Any CPU.ActiveCfg = PREPROD|Any CPU
		{88FB9BB8-5C7A-4E96-811D-65E251DC83BF}.PREPROD|Any CPU.Build.0 = PREPROD|Any CPU
		{88FB9BB8-5C7A-4E96-811D-65E251DC83BF}.PROD|Any CPU.ActiveCfg = PROD|Any CPU
		{88FB9BB8-5C7A-4E96-811D-65E251DC83BF}.PROD|Any CPU.Build.0 = PROD|Any CPU
		{88FB9BB8-5C7A-4E96-811D-65E251DC83BF}.QA|Any CPU.ActiveCfg = QA|Any CPU
		{88FB9BB8-5C7A-4E96-811D-65E251DC83BF}.QA|Any CPU.Build.0 = QA|Any CPU
		{88FB9BB8-5C7A-4E96-811D-65E251DC83BF}.Release|Any CPU.ActiveCfg = Release|Any CPU
		{88FB9BB8-5C7A-4E96-811D-65E251DC83BF}.Release|Any CPU.Build.0 = Release|Any CPU
		{88FB9BB8-5C7A-4E96-811D-65E251DC83BF}.TRAIN|Any CPU.ActiveCfg = TRAIN|Any CPU
		{88FB9BB8-5C7A-4E96-811D-65E251DC83BF}.TRAIN|Any CPU.Build.0 = TRAIN|Any CPU
		{500305D4-8435-4237-AF39-57D9342F01DD}.Debug|Any CPU.ActiveCfg = Debug|Any CPU
		{500305D4-8435-4237-AF39-57D9342F01DD}.Debug|Any CPU.Build.0 = Debug|Any CPU
		{500305D4-8435-4237-AF39-57D9342F01DD}.INT|Any CPU.ActiveCfg = INT|Any CPU
		{500305D4-8435-4237-AF39-57D9342F01DD}.INT|Any CPU.Build.0 = INT|Any CPU
		{500305D4-8435-4237-AF39-57D9342F01DD}.PERF|Any CPU.ActiveCfg = PERF|Any CPU
		{500305D4-8435-4237-AF39-57D9342F01DD}.PERF|Any CPU.Build.0 = PERF|Any CPU
		{500305D4-8435-4237-AF39-57D9342F01DD}.PREPROD|Any CPU.ActiveCfg = PREPROD|Any CPU
		{500305D4-8435-4237-AF39-57D9342F01DD}.PREPROD|Any CPU.Build.0 = PREPROD|Any CPU
		{500305D4-8435-4237-AF39-57D9342F01DD}.PROD|Any CPU.ActiveCfg = PROD|Any CPU
		{500305D4-8435-4237-AF39-57D9342F01DD}.PROD|Any CPU.Build.0 = PROD|Any CPU
		{500305D4-8435-4237-AF39-57D9342F01DD}.QA|Any CPU.ActiveCfg = QA|Any CPU
		{500305D4-8435-4237-AF39-57D9342F01DD}.QA|Any CPU.Build.0 = QA|Any CPU
		{500305D4-8435-4237-AF39-57D9342F01DD}.Release|Any CPU.ActiveCfg = Release|Any CPU
		{500305D4-8435-4237-AF39-57D9342F01DD}.Release|Any CPU.Build.0 = Release|Any CPU
		{500305D4-8435-4237-AF39-57D9342F01DD}.TRAIN|Any CPU.ActiveCfg = TRAIN|Any CPU
		{500305D4-8435-4237-AF39-57D9342F01DD}.TRAIN|Any CPU.Build.0 = TRAIN|Any CPU
		{75CEE666-371F-4679-8C93-629F35309DC1}.Debug|Any CPU.ActiveCfg = Debug|Any CPU
		{75CEE666-371F-4679-8C93-629F35309DC1}.Debug|Any CPU.Build.0 = Debug|Any CPU
		{75CEE666-371F-4679-8C93-629F35309DC1}.INT|Any CPU.ActiveCfg = INT|Any CPU
		{75CEE666-371F-4679-8C93-629F35309DC1}.INT|Any CPU.Build.0 = INT|Any CPU
		{75CEE666-371F-4679-8C93-629F35309DC1}.PERF|Any CPU.ActiveCfg = PERF|Any CPU
		{75CEE666-371F-4679-8C93-629F35309DC1}.PERF|Any CPU.Build.0 = PERF|Any CPU
		{75CEE666-371F-4679-8C93-629F35309DC1}.PREPROD|Any CPU.ActiveCfg = PREPROD|Any CPU
		{75CEE666-371F-4679-8C93-629F35309DC1}.PREPROD|Any CPU.Build.0 = PREPROD|Any CPU
		{75CEE666-371F-4679-8C93-629F35309DC1}.PROD|Any CPU.ActiveCfg = PROD|Any CPU
		{75CEE666-371F-4679-8C93-629F35309DC1}.PROD|Any CPU.Build.0 = PROD|Any CPU
		{75CEE666-371F-4679-8C93-629F35309DC1}.QA|Any CPU.ActiveCfg = QA|Any CPU
		{75CEE666-371F-4679-8C93-629F35309DC1}.QA|Any CPU.Build.0 = QA|Any CPU
		{75CEE666-371F-4679-8C93-629F35309DC1}.Release|Any CPU.ActiveCfg = Release|Any CPU
		{75CEE666-371F-4679-8C93-629F35309DC1}.Release|Any CPU.Build.0 = Release|Any CPU
		{75CEE666-371F-4679-8C93-629F35309DC1}.TRAIN|Any CPU.ActiveCfg = TRAIN|Any CPU
		{75CEE666-371F-4679-8C93-629F35309DC1}.TRAIN|Any CPU.Build.0 = TRAIN|Any CPU
		{A4E91FC6-6983-4A58-B306-7CC71829484F}.Debug|Any CPU.ActiveCfg = Debug|Any CPU
		{A4E91FC6-6983-4A58-B306-7CC71829484F}.Debug|Any CPU.Build.0 = Debug|Any CPU
		{A4E91FC6-6983-4A58-B306-7CC71829484F}.INT|Any CPU.ActiveCfg = INT|Any CPU
		{A4E91FC6-6983-4A58-B306-7CC71829484F}.INT|Any CPU.Build.0 = INT|Any CPU
		{A4E91FC6-6983-4A58-B306-7CC71829484F}.PERF|Any CPU.ActiveCfg = PERF|Any CPU
		{A4E91FC6-6983-4A58-B306-7CC71829484F}.PERF|Any CPU.Build.0 = PERF|Any CPU
		{A4E91FC6-6983-4A58-B306-7CC71829484F}.PREPROD|Any CPU.ActiveCfg = PREPROD|Any CPU
		{A4E91FC6-6983-4A58-B306-7CC71829484F}.PREPROD|Any CPU.Build.0 = PREPROD|Any CPU
		{A4E91FC6-6983-4A58-B306-7CC71829484F}.PROD|Any CPU.ActiveCfg = PROD|Any CPU
		{A4E91FC6-6983-4A58-B306-7CC71829484F}.PROD|Any CPU.Build.0 = PROD|Any CPU
		{A4E91FC6-6983-4A58-B306-7CC71829484F}.QA|Any CPU.ActiveCfg = QA|Any CPU
		{A4E91FC6-6983-4A58-B306-7CC71829484F}.QA|Any CPU.Build.0 = QA|Any CPU
		{A4E91FC6-6983-4A58-B306-7CC71829484F}.Release|Any CPU.ActiveCfg = Release|Any CPU
		{A4E91FC6-6983-4A58-B306-7CC71829484F}.Release|Any CPU.Build.0 = Release|Any CPU
		{A4E91FC6-6983-4A58-B306-7CC71829484F}.TRAIN|Any CPU.ActiveCfg = TRAIN|Any CPU
		{A4E91FC6-6983-4A58-B306-7CC71829484F}.TRAIN|Any CPU.Build.0 = TRAIN|Any CPU
		{9E797B97-D3C0-4EB5-A3C9-202450ED5C6B}.Debug|Any CPU.ActiveCfg = Debug|Any CPU
		{9E797B97-D3C0-4EB5-A3C9-202450ED5C6B}.Debug|Any CPU.Build.0 = Debug|Any CPU
		{9E797B97-D3C0-4EB5-A3C9-202450ED5C6B}.INT|Any CPU.ActiveCfg = INT|Any CPU
		{9E797B97-D3C0-4EB5-A3C9-202450ED5C6B}.INT|Any CPU.Build.0 = INT|Any CPU
		{9E797B97-D3C0-4EB5-A3C9-202450ED5C6B}.PERF|Any CPU.ActiveCfg = PERF|Any CPU
		{9E797B97-D3C0-4EB5-A3C9-202450ED5C6B}.PERF|Any CPU.Build.0 = PERF|Any CPU
		{9E797B97-D3C0-4EB5-A3C9-202450ED5C6B}.PREPROD|Any CPU.ActiveCfg = PREPROD|Any CPU
		{9E797B97-D3C0-4EB5-A3C9-202450ED5C6B}.PREPROD|Any CPU.Build.0 = PREPROD|Any CPU
		{9E797B97-D3C0-4EB5-A3C9-202450ED5C6B}.PROD|Any CPU.ActiveCfg = PROD|Any CPU
		{9E797B97-D3C0-4EB5-A3C9-202450ED5C6B}.PROD|Any CPU.Build.0 = PROD|Any CPU
		{9E797B97-D3C0-4EB5-A3C9-202450ED5C6B}.QA|Any CPU.ActiveCfg = QA|Any CPU
		{9E797B97-D3C0-4EB5-A3C9-202450ED5C6B}.QA|Any CPU.Build.0 = QA|Any CPU
		{9E797B97-D3C0-4EB5-A3C9-202450ED5C6B}.Release|Any CPU.ActiveCfg = Release|Any CPU
		{9E797B97-D3C0-4EB5-A3C9-202450ED5C6B}.Release|Any CPU.Build.0 = Release|Any CPU
		{9E797B97-D3C0-4EB5-A3C9-202450ED5C6B}.TRAIN|Any CPU.ActiveCfg = TRAIN|Any CPU
		{9E797B97-D3C0-4EB5-A3C9-202450ED5C6B}.TRAIN|Any CPU.Build.0 = TRAIN|Any CPU
		{016BD0E9-D4AF-4BF0-AC73-8D569E8C8F37}.Debug|Any CPU.ActiveCfg = Debug|Any CPU
		{016BD0E9-D4AF-4BF0-AC73-8D569E8C8F37}.Debug|Any CPU.Build.0 = Debug|Any CPU
		{016BD0E9-D4AF-4BF0-AC73-8D569E8C8F37}.INT|Any CPU.ActiveCfg = INT|Any CPU
		{016BD0E9-D4AF-4BF0-AC73-8D569E8C8F37}.INT|Any CPU.Build.0 = INT|Any CPU
		{016BD0E9-D4AF-4BF0-AC73-8D569E8C8F37}.PERF|Any CPU.ActiveCfg = PERF|Any CPU
		{016BD0E9-D4AF-4BF0-AC73-8D569E8C8F37}.PERF|Any CPU.Build.0 = PERF|Any CPU
		{016BD0E9-D4AF-4BF0-AC73-8D569E8C8F37}.PREPROD|Any CPU.ActiveCfg = PREPROD|Any CPU
		{016BD0E9-D4AF-4BF0-AC73-8D569E8C8F37}.PREPROD|Any CPU.Build.0 = PREPROD|Any CPU
		{016BD0E9-D4AF-4BF0-AC73-8D569E8C8F37}.PROD|Any CPU.ActiveCfg = PROD|Any CPU
		{016BD0E9-D4AF-4BF0-AC73-8D569E8C8F37}.PROD|Any CPU.Build.0 = PROD|Any CPU
		{016BD0E9-D4AF-4BF0-AC73-8D569E8C8F37}.QA|Any CPU.ActiveCfg = QA|Any CPU
		{016BD0E9-D4AF-4BF0-AC73-8D569E8C8F37}.QA|Any CPU.Build.0 = QA|Any CPU
		{016BD0E9-D4AF-4BF0-AC73-8D569E8C8F37}.Release|Any CPU.ActiveCfg = Release|Any CPU
		{016BD0E9-D4AF-4BF0-AC73-8D569E8C8F37}.Release|Any CPU.Build.0 = Release|Any CPU
		{016BD0E9-D4AF-4BF0-AC73-8D569E8C8F37}.TRAIN|Any CPU.ActiveCfg = TRAIN|Any CPU
		{016BD0E9-D4AF-4BF0-AC73-8D569E8C8F37}.TRAIN|Any CPU.Build.0 = TRAIN|Any CPU
	EndGlobalSection
	GlobalSection(SolutionProperties) = preSolution
		HideSolutionNode = FALSE
	EndGlobalSection
	GlobalSection(ExtensibilityGlobals) = postSolution
		SolutionGuid = {17E40D41-C37B-450F-A801-0D3B5274A5BF}
	EndGlobalSection
EndGlobal
