
Microsoft Visual Studio Solution File, Format Version 12.00
# Visual Studio Version 16
VisualStudioVersion = 16.0.29201.188
MinimumVisualStudioVersion = 10.0.40219.1
Project("{FAE04EC0-301F-11D3-BF4B-00C04F79EFBC}") = "UDO.LOB.BIRLSApi", "UDO.LOB.BIRLSApi\UDO.LOB.BIRLSApi.csproj", "{64D85760-B299-43A9-9593-BDA0AABF2994}"
EndProject
Project("{FAE04EC0-301F-11D3-BF4B-00C04F79EFBC}") = "UDO.LOB.BIRLSApi.Tests", "UDO.LOB.BIRLSApi.Tests\UDO.LOB.BIRLSApi.Tests.csproj", "{3D5EC70C-0180-4155-9622-1174909B8BBF}"
EndProject
Project("{FAE04EC0-301F-11D3-BF4B-00C04F79EFBC}") = "UDO.LOB.Core", "..\UDO.Crm.LOB.Core\UDO.LOB.Core.csproj", "{75CEE666-371F-4679-8C93-629F35309DC1}"
EndProject
Project("{FAE04EC0-301F-11D3-BF4B-00C04F79EFBC}") = "UDO.LOB.BIRLS.Messages", "UDO.LOB.BIRLS.Messages\UDO.LOB.BIRLS.Messages.csproj", "{8B620290-7228-47EA-922A-4F2330325D0D}"
EndProject
Project("{FAE04EC0-301F-11D3-BF4B-00C04F79EFBC}") = "UDO.LOB.Extensions", "..\UDO.Crm.LOB.Extensions\UDO.LOB.Extensions.csproj", "{A4E91FC6-6983-4A58-B306-7CC71829484F}"
EndProject
Global
	GlobalSection(SolutionConfigurationPlatforms) = preSolution
		Debug|Any CPU = Debug|Any CPU
		INT|Any CPU = INT|Any CPU
		PERF|Any CPU = PERF|Any CPU
		PREPROD|Any CPU = PREPROD|Any CPU
		PROD|Any CPU = PROD|Any CPU
		QA|Any CPU = QA|Any CPU
		Release|Any CPU = Release|Any CPU
		TRAIN|Any CPU = TRAIN|Any CPU
	EndGlobalSection
	GlobalSection(ProjectConfigurationPlatforms) = postSolution
		{64D85760-B299-43A9-9593-BDA0AABF2994}.Debug|Any CPU.ActiveCfg = Debug|Any CPU
		{64D85760-B299-43A9-9593-BDA0AABF2994}.Debug|Any CPU.Build.0 = Debug|Any CPU
		{64D85760-B299-43A9-9593-BDA0AABF2994}.INT|Any CPU.ActiveCfg = INT|Any CPU
		{64D85760-B299-43A9-9593-BDA0AABF2994}.INT|Any CPU.Build.0 = INT|Any CPU
		{64D85760-B299-43A9-9593-BDA0AABF2994}.PERF|Any CPU.ActiveCfg = PERF|Any CPU
		{64D85760-B299-43A9-9593-BDA0AABF2994}.PERF|Any CPU.Build.0 = PERF|Any CPU
		{64D85760-B299-43A9-9593-BDA0AABF2994}.PREPROD|Any CPU.ActiveCfg = PREPROD|Any CPU
		{64D85760-B299-43A9-9593-BDA0AABF2994}.PREPROD|Any CPU.Build.0 = PREPROD|Any CPU
		{64D85760-B299-43A9-9593-BDA0AABF2994}.PROD|Any CPU.ActiveCfg = PROD|Any CPU
		{64D85760-B299-43A9-9593-BDA0AABF2994}.PROD|Any CPU.Build.0 = PROD|Any CPU
		{64D85760-B299-43A9-9593-BDA0AABF2994}.QA|Any CPU.ActiveCfg = QA|Any CPU
		{64D85760-B299-43A9-9593-BDA0AABF2994}.QA|Any CPU.Build.0 = QA|Any CPU
		{64D85760-B299-43A9-9593-BDA0AABF2994}.Release|Any CPU.ActiveCfg = Release|Any CPU
		{64D85760-B299-43A9-9593-BDA0AABF2994}.Release|Any CPU.Build.0 = Release|Any CPU
		{64D85760-B299-43A9-9593-BDA0AABF2994}.TRAIN|Any CPU.ActiveCfg = TRAIN|Any CPU
		{64D85760-B299-43A9-9593-BDA0AABF2994}.TRAIN|Any CPU.Build.0 = TRAIN|Any CPU
		{3D5EC70C-0180-4155-9622-1174909B8BBF}.Debug|Any CPU.ActiveCfg = Debug|Any CPU
		{3D5EC70C-0180-4155-9622-1174909B8BBF}.Debug|Any CPU.Build.0 = Debug|Any CPU
		{3D5EC70C-0180-4155-9622-1174909B8BBF}.INT|Any CPU.ActiveCfg = INT|Any CPU
		{3D5EC70C-0180-4155-9622-1174909B8BBF}.INT|Any CPU.Build.0 = INT|Any CPU
		{3D5EC70C-0180-4155-9622-1174909B8BBF}.PERF|Any CPU.ActiveCfg = PERF|Any CPU
		{3D5EC70C-0180-4155-9622-1174909B8BBF}.PERF|Any CPU.Build.0 = PERF|Any CPU
		{3D5EC70C-0180-4155-9622-1174909B8BBF}.PREPROD|Any CPU.ActiveCfg = PREPROD|Any CPU
		{3D5EC70C-0180-4155-9622-1174909B8BBF}.PREPROD|Any CPU.Build.0 = PREPROD|Any CPU
		{3D5EC70C-0180-4155-9622-1174909B8BBF}.PROD|Any CPU.ActiveCfg = PROD|Any CPU
		{3D5EC70C-0180-4155-9622-1174909B8BBF}.PROD|Any CPU.Build.0 = PROD|Any CPU
		{3D5EC70C-0180-4155-9622-1174909B8BBF}.QA|Any CPU.ActiveCfg = QA|Any CPU
		{3D5EC70C-0180-4155-9622-1174909B8BBF}.QA|Any CPU.Build.0 = QA|Any CPU
		{3D5EC70C-0180-4155-9622-1174909B8BBF}.Release|Any CPU.ActiveCfg = Release|Any CPU
		{3D5EC70C-0180-4155-9622-1174909B8BBF}.Release|Any CPU.Build.0 = Release|Any CPU
		{3D5EC70C-0180-4155-9622-1174909B8BBF}.TRAIN|Any CPU.ActiveCfg = TRAIN|Any CPU
		{3D5EC70C-0180-4155-9622-1174909B8BBF}.TRAIN|Any CPU.Build.0 = TRAIN|Any CPU
		{75CEE666-371F-4679-8C93-629F35309DC1}.Debug|Any CPU.ActiveCfg = Debug|Any CPU
		{75CEE666-371F-4679-8C93-629F35309DC1}.Debug|Any CPU.Build.0 = Debug|Any CPU
		{75CEE666-371F-4679-8C93-629F35309DC1}.INT|Any CPU.ActiveCfg = INT|Any CPU
		{75CEE666-371F-4679-8C93-629F35309DC1}.INT|Any CPU.Build.0 = INT|Any CPU
		{75CEE666-371F-4679-8C93-629F35309DC1}.PERF|Any CPU.ActiveCfg = PERF|Any CPU
		{75CEE666-371F-4679-8C93-629F35309DC1}.PERF|Any CPU.Build.0 = PERF|Any CPU
		{75CEE666-371F-4679-8C93-629F35309DC1}.PREPROD|Any CPU.ActiveCfg = PREPROD|Any CPU
		{75CEE666-371F-4679-8C93-629F35309DC1}.PREPROD|Any CPU.Build.0 = PREPROD|Any CPU
		{75CEE666-371F-4679-8C93-629F35309DC1}.PROD|Any CPU.ActiveCfg = PROD|Any CPU
		{75CEE666-371F-4679-8C93-629F35309DC1}.PROD|Any CPU.Build.0 = PROD|Any CPU
		{75CEE666-371F-4679-8C93-629F35309DC1}.QA|Any CPU.ActiveCfg = QA|Any CPU
		{75CEE666-371F-4679-8C93-629F35309DC1}.QA|Any CPU.Build.0 = QA|Any CPU
		{75CEE666-371F-4679-8C93-629F35309DC1}.Release|Any CPU.ActiveCfg = Release|Any CPU
		{75CEE666-371F-4679-8C93-629F35309DC1}.Release|Any CPU.Build.0 = Release|Any CPU
		{75CEE666-371F-4679-8C93-629F35309DC1}.TRAIN|Any CPU.ActiveCfg = TRAIN|Any CPU
		{75CEE666-371F-4679-8C93-629F35309DC1}.TRAIN|Any CPU.Build.0 = TRAIN|Any CPU
		{8B620290-7228-47EA-922A-4F2330325D0D}.Debug|Any CPU.ActiveCfg = Debug|Any CPU
		{8B620290-7228-47EA-922A-4F2330325D0D}.Debug|Any CPU.Build.0 = Debug|Any CPU
		{8B620290-7228-47EA-922A-4F2330325D0D}.INT|Any CPU.ActiveCfg = INT|Any CPU
		{8B620290-7228-47EA-922A-4F2330325D0D}.INT|Any CPU.Build.0 = INT|Any CPU
		{8B620290-7228-47EA-922A-4F2330325D0D}.PERF|Any CPU.ActiveCfg = PERF|Any CPU
		{8B620290-7228-47EA-922A-4F2330325D0D}.PERF|Any CPU.Build.0 = PERF|Any CPU
		{8B620290-7228-47EA-922A-4F2330325D0D}.PREPROD|Any CPU.ActiveCfg = PREPROD|Any CPU
		{8B620290-7228-47EA-922A-4F2330325D0D}.PREPROD|Any CPU.Build.0 = PREPROD|Any CPU
		{8B620290-7228-47EA-922A-4F2330325D0D}.PROD|Any CPU.ActiveCfg = PROD|Any CPU
		{8B620290-7228-47EA-922A-4F2330325D0D}.PROD|Any CPU.Build.0 = PROD|Any CPU
		{8B620290-7228-47EA-922A-4F2330325D0D}.QA|Any CPU.ActiveCfg = QA|Any CPU
		{8B620290-7228-47EA-922A-4F2330325D0D}.QA|Any CPU.Build.0 = QA|Any CPU
		{8B620290-7228-47EA-922A-4F2330325D0D}.Release|Any CPU.ActiveCfg = Release|Any CPU
		{8B620290-7228-47EA-922A-4F2330325D0D}.Release|Any CPU.Build.0 = Release|Any CPU
		{8B620290-7228-47EA-922A-4F2330325D0D}.TRAIN|Any CPU.ActiveCfg = TRAIN|Any CPU
		{8B620290-7228-47EA-922A-4F2330325D0D}.TRAIN|Any CPU.Build.0 = TRAIN|Any CPU
		{A4E91FC6-6983-4A58-B306-7CC71829484F}.Debug|Any CPU.ActiveCfg = Debug|Any CPU
		{A4E91FC6-6983-4A58-B306-7CC71829484F}.Debug|Any CPU.Build.0 = Debug|Any CPU
		{A4E91FC6-6983-4A58-B306-7CC71829484F}.INT|Any CPU.ActiveCfg = INT|Any CPU
		{A4E91FC6-6983-4A58-B306-7CC71829484F}.INT|Any CPU.Build.0 = INT|Any CPU
		{A4E91FC6-6983-4A58-B306-7CC71829484F}.PERF|Any CPU.ActiveCfg = PERF|Any CPU
		{A4E91FC6-6983-4A58-B306-7CC71829484F}.PERF|Any CPU.Build.0 = PERF|Any CPU
		{A4E91FC6-6983-4A58-B306-7CC71829484F}.PREPROD|Any CPU.ActiveCfg = PREPROD|Any CPU
		{A4E91FC6-6983-4A58-B306-7CC71829484F}.PREPROD|Any CPU.Build.0 = PREPROD|Any CPU
		{A4E91FC6-6983-4A58-B306-7CC71829484F}.PROD|Any CPU.ActiveCfg = PROD|Any CPU
		{A4E91FC6-6983-4A58-B306-7CC71829484F}.PROD|Any CPU.Build.0 = PROD|Any CPU
		{A4E91FC6-6983-4A58-B306-7CC71829484F}.QA|Any CPU.ActiveCfg = QA|Any CPU
		{A4E91FC6-6983-4A58-B306-7CC71829484F}.QA|Any CPU.Build.0 = QA|Any CPU
		{A4E91FC6-6983-4A58-B306-7CC71829484F}.Release|Any CPU.ActiveCfg = Release|Any CPU
		{A4E91FC6-6983-4A58-B306-7CC71829484F}.Release|Any CPU.Build.0 = Release|Any CPU
		{A4E91FC6-6983-4A58-B306-7CC71829484F}.TRAIN|Any CPU.ActiveCfg = TRAIN|Any CPU
		{A4E91FC6-6983-4A58-B306-7CC71829484F}.TRAIN|Any CPU.Build.0 = TRAIN|Any CPU
	EndGlobalSection
	GlobalSection(SolutionProperties) = preSolution
		HideSolutionNode = FALSE
	EndGlobalSection
	GlobalSection(ExtensibilityGlobals) = postSolution
		SolutionGuid = {8B0C2D1F-0578-4B1A-B0EE-F7858C009B6A}
	EndGlobalSection
EndGlobal
