
Microsoft Visual Studio Solution File, Format Version 12.00
# Visual Studio Version 16
VisualStudioVersion = 16.0.29201.188
MinimumVisualStudioVersion = 10.0.40219.1
Project("{FAE04EC0-301F-11D3-BF4B-00C04F79EFBC}") = "UDO.LOB.eGain.Messages", "UDO.LOB.eGain.Messages\UDO.LOB.eGain.Messages.csproj", "{0D55C77C-1754-4B09-9767-F158B63BAAC9}"
EndProject
Project("{FAE04EC0-301F-11D3-BF4B-00C04F79EFBC}") = "UDO.LOB.Core", "..\UDO.Crm.LOB.Core\UDO.LOB.Core.csproj", "{75CEE666-371F-4679-8C93-629F35309DC1}"
EndProject
Project("{FAE04EC0-301F-11D3-BF4B-00C04F79EFBC}") = "UDO.LOB.Extensions", "..\UDO.Crm.LOB.Extensions\UDO.LOB.Extensions.csproj", "{A4E91FC6-6983-4A58-B306-7CC71829484F}"
EndProject
Project("{FAE04EC0-301F-11D3-BF4B-00C04F79EFBC}") = "UDO.LOB.eGainApi", "UDO.LOB.eGainApi\UDO.LOB.eGainApi.csproj", "{F07E79F9-E19E-4641-A421-3CDBD8112427}"
EndProject
Project("{FAE04EC0-301F-11D3-BF4B-00C04F79EFBC}") = "UDO.LOB.eGainApi.Tests", "UDO.LOB.eGainApi.Tests\UDO.LOB.eGainApi.Tests.csproj", "{801CAFB5-A926-40F0-8229-C1F1CAA7F708}"
EndProject
Global
	GlobalSection(SolutionConfigurationPlatforms) = preSolution
		Debug|Any CPU = Debug|Any CPU
		INT|Any CPU = INT|Any CPU
		PREPROD|Any CPU = PREPROD|Any CPU
		PROD|Any CPU = PROD|Any CPU
		QA|Any CPU = QA|Any CPU
		Release|Any CPU = Release|Any CPU
		TRAIN|Any CPU = TRAIN|Any CPU
	EndGlobalSection
	GlobalSection(ProjectConfigurationPlatforms) = postSolution
		{0D55C77C-1754-4B09-9767-F158B63BAAC9}.Debug|Any CPU.ActiveCfg = Debug|Any CPU
		{0D55C77C-1754-4B09-9767-F158B63BAAC9}.Debug|Any CPU.Build.0 = Debug|Any CPU
		{0D55C77C-1754-4B09-9767-F158B63BAAC9}.INT|Any CPU.ActiveCfg = Debug|Any CPU
		{0D55C77C-1754-4B09-9767-F158B63BAAC9}.INT|Any CPU.Build.0 = Debug|Any CPU
		{0D55C77C-1754-4B09-9767-F158B63BAAC9}.PREPROD|Any CPU.ActiveCfg = Debug|Any CPU
		{0D55C77C-1754-4B09-9767-F158B63BAAC9}.PREPROD|Any CPU.Build.0 = Debug|Any CPU
		{0D55C77C-1754-4B09-9767-F158B63BAAC9}.PROD|Any CPU.ActiveCfg = PROD|Any CPU
		{0D55C77C-1754-4B09-9767-F158B63BAAC9}.PROD|Any CPU.Build.0 = PROD|Any CPU
		{0D55C77C-1754-4B09-9767-F158B63BAAC9}.QA|Any CPU.ActiveCfg = Debug|Any CPU
		{0D55C77C-1754-4B09-9767-F158B63BAAC9}.QA|Any CPU.Build.0 = Debug|Any CPU
		{0D55C77C-1754-4B09-9767-F158B63BAAC9}.Release|Any CPU.ActiveCfg = Debug|Any CPU
		{0D55C77C-1754-4B09-9767-F158B63BAAC9}.Release|Any CPU.Build.0 = Debug|Any CPU
		{0D55C77C-1754-4B09-9767-F158B63BAAC9}.TRAIN|Any CPU.ActiveCfg = Debug|Any CPU
		{0D55C77C-1754-4B09-9767-F158B63BAAC9}.TRAIN|Any CPU.Build.0 = Debug|Any CPU
		{75CEE666-371F-4679-8C93-629F35309DC1}.Debug|Any CPU.ActiveCfg = Debug|Any CPU
		{75CEE666-371F-4679-8C93-629F35309DC1}.Debug|Any CPU.Build.0 = Debug|Any CPU
		{75CEE666-371F-4679-8C93-629F35309DC1}.INT|Any CPU.ActiveCfg = Debug|Any CPU
		{75CEE666-371F-4679-8C93-629F35309DC1}.INT|Any CPU.Build.0 = Debug|Any CPU
		{75CEE666-371F-4679-8C93-629F35309DC1}.PREPROD|Any CPU.ActiveCfg = Debug|Any CPU
		{75CEE666-371F-4679-8C93-629F35309DC1}.PREPROD|Any CPU.Build.0 = Debug|Any CPU
		{75CEE666-371F-4679-8C93-629F35309DC1}.PROD|Any CPU.ActiveCfg = PROD|Any CPU
		{75CEE666-371F-4679-8C93-629F35309DC1}.PROD|Any CPU.Build.0 = PROD|Any CPU
		{75CEE666-371F-4679-8C93-629F35309DC1}.QA|Any CPU.ActiveCfg = Debug|Any CPU
		{75CEE666-371F-4679-8C93-629F35309DC1}.QA|Any CPU.Build.0 = Debug|Any CPU
		{75CEE666-371F-4679-8C93-629F35309DC1}.Release|Any CPU.ActiveCfg = Debug|Any CPU
		{75CEE666-371F-4679-8C93-629F35309DC1}.Release|Any CPU.Build.0 = Debug|Any CPU
		{75CEE666-371F-4679-8C93-629F35309DC1}.TRAIN|Any CPU.ActiveCfg = Debug|Any CPU
		{75CEE666-371F-4679-8C93-629F35309DC1}.TRAIN|Any CPU.Build.0 = Debug|Any CPU
		{A4E91FC6-6983-4A58-B306-7CC71829484F}.Debug|Any CPU.ActiveCfg = Debug|Any CPU
		{A4E91FC6-6983-4A58-B306-7CC71829484F}.Debug|Any CPU.Build.0 = Debug|Any CPU
		{A4E91FC6-6983-4A58-B306-7CC71829484F}.INT|Any CPU.ActiveCfg = Debug|Any CPU
		{A4E91FC6-6983-4A58-B306-7CC71829484F}.INT|Any CPU.Build.0 = Debug|Any CPU
		{A4E91FC6-6983-4A58-B306-7CC71829484F}.PREPROD|Any CPU.ActiveCfg = Debug|Any CPU
		{A4E91FC6-6983-4A58-B306-7CC71829484F}.PREPROD|Any CPU.Build.0 = Debug|Any CPU
		{A4E91FC6-6983-4A58-B306-7CC71829484F}.PROD|Any CPU.ActiveCfg = PROD|Any CPU
		{A4E91FC6-6983-4A58-B306-7CC71829484F}.PROD|Any CPU.Build.0 = PROD|Any CPU
		{A4E91FC6-6983-4A58-B306-7CC71829484F}.QA|Any CPU.ActiveCfg = Debug|Any CPU
		{A4E91FC6-6983-4A58-B306-7CC71829484F}.QA|Any CPU.Build.0 = Debug|Any CPU
		{A4E91FC6-6983-4A58-B306-7CC71829484F}.Release|Any CPU.ActiveCfg = Debug|Any CPU
		{A4E91FC6-6983-4A58-B306-7CC71829484F}.Release|Any CPU.Build.0 = Debug|Any CPU
		{A4E91FC6-6983-4A58-B306-7CC71829484F}.TRAIN|Any CPU.ActiveCfg = Debug|Any CPU
		{A4E91FC6-6983-4A58-B306-7CC71829484F}.TRAIN|Any CPU.Build.0 = Debug|Any CPU
		{F07E79F9-E19E-4641-A421-3CDBD8112427}.Debug|Any CPU.ActiveCfg = Debug|Any CPU
		{F07E79F9-E19E-4641-A421-3CDBD8112427}.Debug|Any CPU.Build.0 = Debug|Any CPU
		{F07E79F9-E19E-4641-A421-3CDBD8112427}.INT|Any CPU.ActiveCfg = Debug|Any CPU
		{F07E79F9-E19E-4641-A421-3CDBD8112427}.INT|Any CPU.Build.0 = Debug|Any CPU
		{F07E79F9-E19E-4641-A421-3CDBD8112427}.PREPROD|Any CPU.ActiveCfg = Debug|Any CPU
		{F07E79F9-E19E-4641-A421-3CDBD8112427}.PREPROD|Any CPU.Build.0 = Debug|Any CPU
		{F07E79F9-E19E-4641-A421-3CDBD8112427}.PROD|Any CPU.ActiveCfg = PROD|Any CPU
		{F07E79F9-E19E-4641-A421-3CDBD8112427}.PROD|Any CPU.Build.0 = PROD|Any CPU
		{F07E79F9-E19E-4641-A421-3CDBD8112427}.QA|Any CPU.ActiveCfg = Debug|Any CPU
		{F07E79F9-E19E-4641-A421-3CDBD8112427}.QA|Any CPU.Build.0 = Debug|Any CPU
		{F07E79F9-E19E-4641-A421-3CDBD8112427}.Release|Any CPU.ActiveCfg = Debug|Any CPU
		{F07E79F9-E19E-4641-A421-3CDBD8112427}.Release|Any CPU.Build.0 = Debug|Any CPU
		{F07E79F9-E19E-4641-A421-3CDBD8112427}.TRAIN|Any CPU.ActiveCfg = Debug|Any CPU
		{F07E79F9-E19E-4641-A421-3CDBD8112427}.TRAIN|Any CPU.Build.0 = Debug|Any CPU
		{801CAFB5-A926-40F0-8229-C1F1CAA7F708}.Debug|Any CPU.ActiveCfg = Debug|Any CPU
		{801CAFB5-A926-40F0-8229-C1F1CAA7F708}.Debug|Any CPU.Build.0 = Debug|Any CPU
		{801CAFB5-A926-40F0-8229-C1F1CAA7F708}.INT|Any CPU.ActiveCfg = Debug|Any CPU
		{801CAFB5-A926-40F0-8229-C1F1CAA7F708}.INT|Any CPU.Build.0 = Debug|Any CPU
		{801CAFB5-A926-40F0-8229-C1F1CAA7F708}.PREPROD|Any CPU.ActiveCfg = Debug|Any CPU
		{801CAFB5-A926-40F0-8229-C1F1CAA7F708}.PREPROD|Any CPU.Build.0 = Debug|Any CPU
		{801CAFB5-A926-40F0-8229-C1F1CAA7F708}.PROD|Any CPU.ActiveCfg = PROD|Any CPU
		{801CAFB5-A926-40F0-8229-C1F1CAA7F708}.PROD|Any CPU.Build.0 = PROD|Any CPU
		{801CAFB5-A926-40F0-8229-C1F1CAA7F708}.QA|Any CPU.ActiveCfg = Debug|Any CPU
		{801CAFB5-A926-40F0-8229-C1F1CAA7F708}.QA|Any CPU.Build.0 = Debug|Any CPU
		{801CAFB5-A926-40F0-8229-C1F1CAA7F708}.Release|Any CPU.ActiveCfg = Debug|Any CPU
		{801CAFB5-A926-40F0-8229-C1F1CAA7F708}.Release|Any CPU.Build.0 = Debug|Any CPU
		{801CAFB5-A926-40F0-8229-C1F1CAA7F708}.TRAIN|Any CPU.ActiveCfg = Debug|Any CPU
		{801CAFB5-A926-40F0-8229-C1F1CAA7F708}.TRAIN|Any CPU.Build.0 = Debug|Any CPU
	EndGlobalSection
	GlobalSection(SolutionProperties) = preSolution
		HideSolutionNode = FALSE
	EndGlobalSection
	GlobalSection(ExtensibilityGlobals) = postSolution
		SolutionGuid = {981CC21A-A77A-4A9B-93A4-943EFFB66439}
	EndGlobalSection
EndGlobal
