
Microsoft Visual Studio Solution File, Format Version 12.00
# Visual Studio Version 16
VisualStudioVersion = 16.0.29201.188
MinimumVisualStudioVersion = 10.0.40219.1
Project("{FAE04EC0-301F-11D3-BF4B-00C04F79EFBC}") = "UDO.LOB.SSRSApi", "UDO.LOB.SSRSApi\UDO.LOB.SSRSApi.csproj", "{5D078A48-B995-48E4-85A3-7F07E47C7525}"
EndProject
Project("{FAE04EC0-301F-11D3-BF4B-00C04F79EFBC}") = "UDO.LOB.SSRSApi.Tests", "UDO.LOB.SSRSApi.Tests\UDO.LOB.SSRSApi.Tests.csproj", "{5ECE8D6B-530C-42A3-A49F-23B7B6EE1DAF}"
EndProject
Project("{FAE04EC0-301F-11D3-BF4B-00C04F79EFBC}") = "UDO.LOB.SSRS.Messages", "UDO.LOB.SSRS.Messages\UDO.LOB.SSRS.Messages.csproj", "{08FD5237-BA47-4858-9BDB-431935D4D61F}"
EndProject
Project("{FAE04EC0-301F-11D3-BF4B-00C04F79EFBC}") = "UDO.LOB.Core", "..\UDO.Crm.LOB.Core\UDO.LOB.Core.csproj", "{75CEE666-371F-4679-8C93-629F35309DC1}"
EndProject
Project("{FAE04EC0-301F-11D3-BF4B-00C04F79EFBC}") = "UDO.LOB.Extensions", "..\UDO.Crm.LOB.Extensions\UDO.LOB.Extensions.csproj", "{A4E91FC6-6983-4A58-B306-7CC71829484F}"
EndProject
Global
	GlobalSection(SolutionConfigurationPlatforms) = preSolution
		Debug|Any CPU = Debug|Any CPU
		INT|Any CPU = INT|Any CPU
		PERF|Any CPU = PERF|Any CPU
		PREPROD|Any CPU = PREPROD|Any CPU
		PROD|Any CPU = PROD|Any CPU
		QA|Any CPU = QA|Any CPU
		Release|Any CPU = Release|Any CPU
		TRAIN|Any CPU = TRAIN|Any CPU
	EndGlobalSection
	GlobalSection(ProjectConfigurationPlatforms) = postSolution
		{5D078A48-B995-48E4-85A3-7F07E47C7525}.Debug|Any CPU.ActiveCfg = Debug|Any CPU
		{5D078A48-B995-48E4-85A3-7F07E47C7525}.Debug|Any CPU.Build.0 = Debug|Any CPU
		{5D078A48-B995-48E4-85A3-7F07E47C7525}.INT|Any CPU.ActiveCfg = INT|Any CPU
		{5D078A48-B995-48E4-85A3-7F07E47C7525}.INT|Any CPU.Build.0 = INT|Any CPU
		{5D078A48-B995-48E4-85A3-7F07E47C7525}.PERF|Any CPU.ActiveCfg = PERF|Any CPU
		{5D078A48-B995-48E4-85A3-7F07E47C7525}.PERF|Any CPU.Build.0 = PERF|Any CPU
		{5D078A48-B995-48E4-85A3-7F07E47C7525}.PREPROD|Any CPU.ActiveCfg = Debug|Any CPU
		{5D078A48-B995-48E4-85A3-7F07E47C7525}.PREPROD|Any CPU.Build.0 = Debug|Any CPU
		{5D078A48-B995-48E4-85A3-7F07E47C7525}.PROD|Any CPU.ActiveCfg = PROD|Any CPU
		{5D078A48-B995-48E4-85A3-7F07E47C7525}.PROD|Any CPU.Build.0 = PROD|Any CPU
		{5D078A48-B995-48E4-85A3-7F07E47C7525}.QA|Any CPU.ActiveCfg = Debug|Any CPU
		{5D078A48-B995-48E4-85A3-7F07E47C7525}.QA|Any CPU.Build.0 = Debug|Any CPU
		{5D078A48-B995-48E4-85A3-7F07E47C7525}.Release|Any CPU.ActiveCfg = Debug|Any CPU
		{5D078A48-B995-48E4-85A3-7F07E47C7525}.Release|Any CPU.Build.0 = Debug|Any CPU
		{5D078A48-B995-48E4-85A3-7F07E47C7525}.TRAIN|Any CPU.ActiveCfg = Debug|Any CPU
		{5D078A48-B995-48E4-85A3-7F07E47C7525}.TRAIN|Any CPU.Build.0 = Debug|Any CPU
		{5ECE8D6B-530C-42A3-A49F-23B7B6EE1DAF}.Debug|Any CPU.ActiveCfg = Debug|Any CPU
		{5ECE8D6B-530C-42A3-A49F-23B7B6EE1DAF}.Debug|Any CPU.Build.0 = Debug|Any CPU
		{5ECE8D6B-530C-42A3-A49F-23B7B6EE1DAF}.INT|Any CPU.ActiveCfg = Debug|Any CPU
		{5ECE8D6B-530C-42A3-A49F-23B7B6EE1DAF}.INT|Any CPU.Build.0 = Debug|Any CPU
		{5ECE8D6B-530C-42A3-A49F-23B7B6EE1DAF}.PERF|Any CPU.ActiveCfg = PERF|Any CPU
		{5ECE8D6B-530C-42A3-A49F-23B7B6EE1DAF}.PERF|Any CPU.Build.0 = PERF|Any CPU
		{5ECE8D6B-530C-42A3-A49F-23B7B6EE1DAF}.PREPROD|Any CPU.ActiveCfg = Debug|Any CPU
		{5ECE8D6B-530C-42A3-A49F-23B7B6EE1DAF}.PREPROD|Any CPU.Build.0 = Debug|Any CPU
		{5ECE8D6B-530C-42A3-A49F-23B7B6EE1DAF}.PROD|Any CPU.ActiveCfg = PROD|Any CPU
		{5ECE8D6B-530C-42A3-A49F-23B7B6EE1DAF}.PROD|Any CPU.Build.0 = PROD|Any CPU
		{5ECE8D6B-530C-42A3-A49F-23B7B6EE1DAF}.QA|Any CPU.ActiveCfg = Debug|Any CPU
		{5ECE8D6B-530C-42A3-A49F-23B7B6EE1DAF}.QA|Any CPU.Build.0 = Debug|Any CPU
		{5ECE8D6B-530C-42A3-A49F-23B7B6EE1DAF}.Release|Any CPU.ActiveCfg = Debug|Any CPU
		{5ECE8D6B-530C-42A3-A49F-23B7B6EE1DAF}.Release|Any CPU.Build.0 = Debug|Any CPU
		{5ECE8D6B-530C-42A3-A49F-23B7B6EE1DAF}.TRAIN|Any CPU.ActiveCfg = Debug|Any CPU
		{5ECE8D6B-530C-42A3-A49F-23B7B6EE1DAF}.TRAIN|Any CPU.Build.0 = Debug|Any CPU
		{08FD5237-BA47-4858-9BDB-431935D4D61F}.Debug|Any CPU.ActiveCfg = Debug|Any CPU
		{08FD5237-BA47-4858-9BDB-431935D4D61F}.Debug|Any CPU.Build.0 = Debug|Any CPU
		{08FD5237-BA47-4858-9BDB-431935D4D61F}.INT|Any CPU.ActiveCfg = Debug|Any CPU
		{08FD5237-BA47-4858-9BDB-431935D4D61F}.INT|Any CPU.Build.0 = Debug|Any CPU
		{08FD5237-BA47-4858-9BDB-431935D4D61F}.PERF|Any CPU.ActiveCfg = PERF|Any CPU
		{08FD5237-BA47-4858-9BDB-431935D4D61F}.PERF|Any CPU.Build.0 = PERF|Any CPU
		{08FD5237-BA47-4858-9BDB-431935D4D61F}.PREPROD|Any CPU.ActiveCfg = Debug|Any CPU
		{08FD5237-BA47-4858-9BDB-431935D4D61F}.PREPROD|Any CPU.Build.0 = Debug|Any CPU
		{08FD5237-BA47-4858-9BDB-431935D4D61F}.PROD|Any CPU.ActiveCfg = PROD|Any CPU
		{08FD5237-BA47-4858-9BDB-431935D4D61F}.PROD|Any CPU.Build.0 = PROD|Any CPU
		{08FD5237-BA47-4858-9BDB-431935D4D61F}.QA|Any CPU.ActiveCfg = Debug|Any CPU
		{08FD5237-BA47-4858-9BDB-431935D4D61F}.QA|Any CPU.Build.0 = Debug|Any CPU
		{08FD5237-BA47-4858-9BDB-431935D4D61F}.Release|Any CPU.ActiveCfg = Debug|Any CPU
		{08FD5237-BA47-4858-9BDB-431935D4D61F}.Release|Any CPU.Build.0 = Debug|Any CPU
		{08FD5237-BA47-4858-9BDB-431935D4D61F}.TRAIN|Any CPU.ActiveCfg = Debug|Any CPU
		{08FD5237-BA47-4858-9BDB-431935D4D61F}.TRAIN|Any CPU.Build.0 = Debug|Any CPU
		{75CEE666-371F-4679-8C93-629F35309DC1}.Debug|Any CPU.ActiveCfg = Debug|Any CPU
		{75CEE666-371F-4679-8C93-629F35309DC1}.Debug|Any CPU.Build.0 = Debug|Any CPU
		{75CEE666-371F-4679-8C93-629F35309DC1}.INT|Any CPU.ActiveCfg = Debug|Any CPU
		{75CEE666-371F-4679-8C93-629F35309DC1}.INT|Any CPU.Build.0 = Debug|Any CPU
		{75CEE666-371F-4679-8C93-629F35309DC1}.PERF|Any CPU.ActiveCfg = PERF|Any CPU
		{75CEE666-371F-4679-8C93-629F35309DC1}.PERF|Any CPU.Build.0 = PERF|Any CPU
		{75CEE666-371F-4679-8C93-629F35309DC1}.PREPROD|Any CPU.ActiveCfg = Debug|Any CPU
		{75CEE666-371F-4679-8C93-629F35309DC1}.PREPROD|Any CPU.Build.0 = Debug|Any CPU
		{75CEE666-371F-4679-8C93-629F35309DC1}.PROD|Any CPU.ActiveCfg = PROD|Any CPU
		{75CEE666-371F-4679-8C93-629F35309DC1}.PROD|Any CPU.Build.0 = PROD|Any CPU
		{75CEE666-371F-4679-8C93-629F35309DC1}.QA|Any CPU.ActiveCfg = Debug|Any CPU
		{75CEE666-371F-4679-8C93-629F35309DC1}.QA|Any CPU.Build.0 = Debug|Any CPU
		{75CEE666-371F-4679-8C93-629F35309DC1}.Release|Any CPU.ActiveCfg = Debug|Any CPU
		{75CEE666-371F-4679-8C93-629F35309DC1}.Release|Any CPU.Build.0 = Debug|Any CPU
		{75CEE666-371F-4679-8C93-629F35309DC1}.TRAIN|Any CPU.ActiveCfg = Debug|Any CPU
		{75CEE666-371F-4679-8C93-629F35309DC1}.TRAIN|Any CPU.Build.0 = Debug|Any CPU
		{A4E91FC6-6983-4A58-B306-7CC71829484F}.Debug|Any CPU.ActiveCfg = Debug|Any CPU
		{A4E91FC6-6983-4A58-B306-7CC71829484F}.Debug|Any CPU.Build.0 = Debug|Any CPU
		{A4E91FC6-6983-4A58-B306-7CC71829484F}.INT|Any CPU.ActiveCfg = Debug|Any CPU
		{A4E91FC6-6983-4A58-B306-7CC71829484F}.INT|Any CPU.Build.0 = Debug|Any CPU
		{A4E91FC6-6983-4A58-B306-7CC71829484F}.PERF|Any CPU.ActiveCfg = PERF|Any CPU
		{A4E91FC6-6983-4A58-B306-7CC71829484F}.PERF|Any CPU.Build.0 = PERF|Any CPU
		{A4E91FC6-6983-4A58-B306-7CC71829484F}.PREPROD|Any CPU.ActiveCfg = Debug|Any CPU
		{A4E91FC6-6983-4A58-B306-7CC71829484F}.PREPROD|Any CPU.Build.0 = Debug|Any CPU
		{A4E91FC6-6983-4A58-B306-7CC71829484F}.PROD|Any CPU.ActiveCfg = PROD|Any CPU
		{A4E91FC6-6983-4A58-B306-7CC71829484F}.PROD|Any CPU.Build.0 = PROD|Any CPU
		{A4E91FC6-6983-4A58-B306-7CC71829484F}.QA|Any CPU.ActiveCfg = Debug|Any CPU
		{A4E91FC6-6983-4A58-B306-7CC71829484F}.QA|Any CPU.Build.0 = Debug|Any CPU
		{A4E91FC6-6983-4A58-B306-7CC71829484F}.Release|Any CPU.ActiveCfg = Debug|Any CPU
		{A4E91FC6-6983-4A58-B306-7CC71829484F}.Release|Any CPU.Build.0 = Debug|Any CPU
		{A4E91FC6-6983-4A58-B306-7CC71829484F}.TRAIN|Any CPU.ActiveCfg = Debug|Any CPU
		{A4E91FC6-6983-4A58-B306-7CC71829484F}.TRAIN|Any CPU.Build.0 = Debug|Any CPU
	EndGlobalSection
	GlobalSection(SolutionProperties) = preSolution
		HideSolutionNode = FALSE
	EndGlobalSection
	GlobalSection(ExtensibilityGlobals) = postSolution
		SolutionGuid = {59F2EBB6-BCFB-4B30-8B81-6A980CC9005B}
	EndGlobalSection
EndGlobal
