
Microsoft Visual Studio Solution File, Format Version 12.00
# Visual Studio 15
VisualStudioVersion = 15.0.28307.1000
MinimumVisualStudioVersion = 10.0.40219.1
Project("{FAE04EC0-301F-11D3-BF4B-00C04F79EFBC}") = "UDO.CustomActions.FNOD.Plugins", "UDO.CustomActions.FNOD.Plugins.csproj", "{BCE844AF-72D5-4997-B48F-351DA89442DB}"
EndProject
Global
	GlobalSection(SolutionConfigurationPlatforms) = preSolution
		Debug|Any CPU = Debug|Any CPU
		Release|Any CPU = Release|Any CPU
	EndGlobalSection
	GlobalSection(ProjectConfigurationPlatforms) = postSolution
		{BCE844AF-72D5-4997-B48F-351DA89442DB}.Debug|Any CPU.ActiveCfg = Debug|Any CPU
		{BCE844AF-72D5-4997-B48F-351DA89442DB}.Debug|Any CPU.Build.0 = Debug|Any CPU
		{BCE844AF-72D5-4997-B48F-351DA89442DB}.Release|Any CPU.ActiveCfg = Release|Any CPU
		{BCE844AF-72D5-4997-B48F-351DA89442DB}.Release|Any CPU.Build.0 = Release|Any CPU
	EndGlobalSection
	GlobalSection(SolutionProperties) = preSolution
		HideSolutionNode = FALSE
	EndGlobalSection
	GlobalSection(ExtensibilityGlobals) = postSolution
		SolutionGuid = {4801AB57-1856-4EB9-8535-1F1550983363}
	EndGlobalSection
EndGlobal
