
Microsoft Visual Studio Solution File, Format Version 12.00
# Visual Studio Version 16
VisualStudioVersion = 16.0.29201.188
MinimumVisualStudioVersion = 10.0.40219.1
Project("{FAE04EC0-301F-11D3-BF4B-00C04F79EFBC}") = "UDO.LOB.VBMSApi", "UDO.LOB.VBMSApi\UDO.LOB.VBMSApi.csproj", "{BEB2C9C0-50D8-40D8-AD46-612ABB30868C}"
EndProject
Project("{FAE04EC0-301F-11D3-BF4B-00C04F79EFBC}") = "UDO.LOB.VBMSApi.Tests", "UDO.LOB.VBMSApi.Tests\UDO.LOB.VBMSApi.Tests.csproj", "{E1FBC57C-DCF2-400D-A8E3-B2DDDAB23F62}"
EndProject
Project("{FAE04EC0-301F-11D3-BF4B-00C04F79EFBC}") = "UDO.LOB.VBMS.Messages", "UDO.LOB.VBMS.Messages\UDO.LOB.VBMS.Messages.csproj", "{013230D0-23C0-4FF0-991E-7EE921C80C6E}"
EndProject
Project("{FAE04EC0-301F-11D3-BF4B-00C04F79EFBC}") = "UDO.LOB.Core", "..\UDO.Crm.LOB.Core\UDO.LOB.Core.csproj", "{75CEE666-371F-4679-8C93-629F35309DC1}"
EndProject
Project("{FAE04EC0-301F-11D3-BF4B-00C04F79EFBC}") = "UDO.LOB.Extensions", "..\UDO.Crm.LOB.Extensions\UDO.LOB.Extensions.csproj", "{A4E91FC6-6983-4A58-B306-7CC71829484F}"
EndProject
Project("{FAE04EC0-301F-11D3-BF4B-00C04F79EFBC}") = "UDO.LOB.Notes.Messages", "..\UDO.LOB.Notes\UDO.LOB.Notes.Messages\UDO.LOB.Notes.Messages.csproj", "{9E797B97-D3C0-4EB5-A3C9-202450ED5C6B}"
EndProject
Global
	GlobalSection(SolutionConfigurationPlatforms) = preSolution
		Debug|Any CPU = Debug|Any CPU
		INT|Any CPU = INT|Any CPU
		PERF|Any CPU = PERF|Any CPU
		PREPROD|Any CPU = PREPROD|Any CPU
		PROD|Any CPU = PROD|Any CPU
		QA|Any CPU = QA|Any CPU
		Release|Any CPU = Release|Any CPU
		TRAIN|Any CPU = TRAIN|Any CPU
	EndGlobalSection
	GlobalSection(ProjectConfigurationPlatforms) = postSolution
		{BEB2C9C0-50D8-40D8-AD46-612ABB30868C}.Debug|Any CPU.ActiveCfg = Debug|Any CPU
		{BEB2C9C0-50D8-40D8-AD46-612ABB30868C}.Debug|Any CPU.Build.0 = Debug|Any CPU
		{BEB2C9C0-50D8-40D8-AD46-612ABB30868C}.INT|Any CPU.ActiveCfg = INT|Any CPU
		{BEB2C9C0-50D8-40D8-AD46-612ABB30868C}.INT|Any CPU.Build.0 = INT|Any CPU
		{BEB2C9C0-50D8-40D8-AD46-612ABB30868C}.PERF|Any CPU.ActiveCfg = PERF|Any CPU
		{BEB2C9C0-50D8-40D8-AD46-612ABB30868C}.PERF|Any CPU.Build.0 = PERF|Any CPU
		{BEB2C9C0-50D8-40D8-AD46-612ABB30868C}.PREPROD|Any CPU.ActiveCfg = Debug|Any CPU
		{BEB2C9C0-50D8-40D8-AD46-612ABB30868C}.PREPROD|Any CPU.Build.0 = Debug|Any CPU
		{BEB2C9C0-50D8-40D8-AD46-612ABB30868C}.PROD|Any CPU.ActiveCfg = PROD|Any CPU
		{BEB2C9C0-50D8-40D8-AD46-612ABB30868C}.PROD|Any CPU.Build.0 = PROD|Any CPU
		{BEB2C9C0-50D8-40D8-AD46-612ABB30868C}.QA|Any CPU.ActiveCfg = Debug|Any CPU
		{BEB2C9C0-50D8-40D8-AD46-612ABB30868C}.QA|Any CPU.Build.0 = Debug|Any CPU
		{BEB2C9C0-50D8-40D8-AD46-612ABB30868C}.Release|Any CPU.ActiveCfg = Debug|Any CPU
		{BEB2C9C0-50D8-40D8-AD46-612ABB30868C}.Release|Any CPU.Build.0 = Debug|Any CPU
		{BEB2C9C0-50D8-40D8-AD46-612ABB30868C}.TRAIN|Any CPU.ActiveCfg = Debug|Any CPU
		{BEB2C9C0-50D8-40D8-AD46-612ABB30868C}.TRAIN|Any CPU.Build.0 = Debug|Any CPU
		{E1FBC57C-DCF2-400D-A8E3-B2DDDAB23F62}.Debug|Any CPU.ActiveCfg = Debug|Any CPU
		{E1FBC57C-DCF2-400D-A8E3-B2DDDAB23F62}.Debug|Any CPU.Build.0 = Debug|Any CPU
		{E1FBC57C-DCF2-400D-A8E3-B2DDDAB23F62}.INT|Any CPU.ActiveCfg = Debug|Any CPU
		{E1FBC57C-DCF2-400D-A8E3-B2DDDAB23F62}.INT|Any CPU.Build.0 = Debug|Any CPU
		{E1FBC57C-DCF2-400D-A8E3-B2DDDAB23F62}.PERF|Any CPU.ActiveCfg = PERF|Any CPU
		{E1FBC57C-DCF2-400D-A8E3-B2DDDAB23F62}.PERF|Any CPU.Build.0 = PERF|Any CPU
		{E1FBC57C-DCF2-400D-A8E3-B2DDDAB23F62}.PREPROD|Any CPU.ActiveCfg = Debug|Any CPU
		{E1FBC57C-DCF2-400D-A8E3-B2DDDAB23F62}.PREPROD|Any CPU.Build.0 = Debug|Any CPU
		{E1FBC57C-DCF2-400D-A8E3-B2DDDAB23F62}.PROD|Any CPU.ActiveCfg = PROD|Any CPU
		{E1FBC57C-DCF2-400D-A8E3-B2DDDAB23F62}.PROD|Any CPU.Build.0 = PROD|Any CPU
		{E1FBC57C-DCF2-400D-A8E3-B2DDDAB23F62}.QA|Any CPU.ActiveCfg = Debug|Any CPU
		{E1FBC57C-DCF2-400D-A8E3-B2DDDAB23F62}.QA|Any CPU.Build.0 = Debug|Any CPU
		{E1FBC57C-DCF2-400D-A8E3-B2DDDAB23F62}.Release|Any CPU.ActiveCfg = Debug|Any CPU
		{E1FBC57C-DCF2-400D-A8E3-B2DDDAB23F62}.Release|Any CPU.Build.0 = Debug|Any CPU
		{E1FBC57C-DCF2-400D-A8E3-B2DDDAB23F62}.TRAIN|Any CPU.ActiveCfg = Debug|Any CPU
		{E1FBC57C-DCF2-400D-A8E3-B2DDDAB23F62}.TRAIN|Any CPU.Build.0 = Debug|Any CPU
		{013230D0-23C0-4FF0-991E-7EE921C80C6E}.Debug|Any CPU.ActiveCfg = Debug|Any CPU
		{013230D0-23C0-4FF0-991E-7EE921C80C6E}.Debug|Any CPU.Build.0 = Debug|Any CPU
		{013230D0-23C0-4FF0-991E-7EE921C80C6E}.INT|Any CPU.ActiveCfg = Debug|Any CPU
		{013230D0-23C0-4FF0-991E-7EE921C80C6E}.INT|Any CPU.Build.0 = Debug|Any CPU
		{013230D0-23C0-4FF0-991E-7EE921C80C6E}.PERF|Any CPU.ActiveCfg = PERF|Any CPU
		{013230D0-23C0-4FF0-991E-7EE921C80C6E}.PERF|Any CPU.Build.0 = PERF|Any CPU
		{013230D0-23C0-4FF0-991E-7EE921C80C6E}.PREPROD|Any CPU.ActiveCfg = Debug|Any CPU
		{013230D0-23C0-4FF0-991E-7EE921C80C6E}.PREPROD|Any CPU.Build.0 = Debug|Any CPU
		{013230D0-23C0-4FF0-991E-7EE921C80C6E}.PROD|Any CPU.ActiveCfg = PROD|Any CPU
		{013230D0-23C0-4FF0-991E-7EE921C80C6E}.PROD|Any CPU.Build.0 = PROD|Any CPU
		{013230D0-23C0-4FF0-991E-7EE921C80C6E}.QA|Any CPU.ActiveCfg = Debug|Any CPU
		{013230D0-23C0-4FF0-991E-7EE921C80C6E}.QA|Any CPU.Build.0 = Debug|Any CPU
		{013230D0-23C0-4FF0-991E-7EE921C80C6E}.Release|Any CPU.ActiveCfg = Debug|Any CPU
		{013230D0-23C0-4FF0-991E-7EE921C80C6E}.Release|Any CPU.Build.0 = Debug|Any CPU
		{013230D0-23C0-4FF0-991E-7EE921C80C6E}.TRAIN|Any CPU.ActiveCfg = Debug|Any CPU
		{013230D0-23C0-4FF0-991E-7EE921C80C6E}.TRAIN|Any CPU.Build.0 = Debug|Any CPU
		{75CEE666-371F-4679-8C93-629F35309DC1}.Debug|Any CPU.ActiveCfg = Debug|Any CPU
		{75CEE666-371F-4679-8C93-629F35309DC1}.Debug|Any CPU.Build.0 = Debug|Any CPU
		{75CEE666-371F-4679-8C93-629F35309DC1}.INT|Any CPU.ActiveCfg = Debug|Any CPU
		{75CEE666-371F-4679-8C93-629F35309DC1}.INT|Any CPU.Build.0 = Debug|Any CPU
		{75CEE666-371F-4679-8C93-629F35309DC1}.PERF|Any CPU.ActiveCfg = PERF|Any CPU
		{75CEE666-371F-4679-8C93-629F35309DC1}.PERF|Any CPU.Build.0 = PERF|Any CPU
		{75CEE666-371F-4679-8C93-629F35309DC1}.PREPROD|Any CPU.ActiveCfg = Debug|Any CPU
		{75CEE666-371F-4679-8C93-629F35309DC1}.PREPROD|Any CPU.Build.0 = Debug|Any CPU
		{75CEE666-371F-4679-8C93-629F35309DC1}.PROD|Any CPU.ActiveCfg = PROD|Any CPU
		{75CEE666-371F-4679-8C93-629F35309DC1}.PROD|Any CPU.Build.0 = PROD|Any CPU
		{75CEE666-371F-4679-8C93-629F35309DC1}.QA|Any CPU.ActiveCfg = Debug|Any CPU
		{75CEE666-371F-4679-8C93-629F35309DC1}.QA|Any CPU.Build.0 = Debug|Any CPU
		{75CEE666-371F-4679-8C93-629F35309DC1}.Release|Any CPU.ActiveCfg = Debug|Any CPU
		{75CEE666-371F-4679-8C93-629F35309DC1}.Release|Any CPU.Build.0 = Debug|Any CPU
		{75CEE666-371F-4679-8C93-629F35309DC1}.TRAIN|Any CPU.ActiveCfg = Debug|Any CPU
		{75CEE666-371F-4679-8C93-629F35309DC1}.TRAIN|Any CPU.Build.0 = Debug|Any CPU
		{A4E91FC6-6983-4A58-B306-7CC71829484F}.Debug|Any CPU.ActiveCfg = Debug|Any CPU
		{A4E91FC6-6983-4A58-B306-7CC71829484F}.Debug|Any CPU.Build.0 = Debug|Any CPU
		{A4E91FC6-6983-4A58-B306-7CC71829484F}.INT|Any CPU.ActiveCfg = Debug|Any CPU
		{A4E91FC6-6983-4A58-B306-7CC71829484F}.INT|Any CPU.Build.0 = Debug|Any CPU
		{A4E91FC6-6983-4A58-B306-7CC71829484F}.PERF|Any CPU.ActiveCfg = PERF|Any CPU
		{A4E91FC6-6983-4A58-B306-7CC71829484F}.PERF|Any CPU.Build.0 = PERF|Any CPU
		{A4E91FC6-6983-4A58-B306-7CC71829484F}.PREPROD|Any CPU.ActiveCfg = Debug|Any CPU
		{A4E91FC6-6983-4A58-B306-7CC71829484F}.PREPROD|Any CPU.Build.0 = Debug|Any CPU
		{A4E91FC6-6983-4A58-B306-7CC71829484F}.PROD|Any CPU.ActiveCfg = PROD|Any CPU
		{A4E91FC6-6983-4A58-B306-7CC71829484F}.PROD|Any CPU.Build.0 = PROD|Any CPU
		{A4E91FC6-6983-4A58-B306-7CC71829484F}.QA|Any CPU.ActiveCfg = Debug|Any CPU
		{A4E91FC6-6983-4A58-B306-7CC71829484F}.QA|Any CPU.Build.0 = Debug|Any CPU
		{A4E91FC6-6983-4A58-B306-7CC71829484F}.Release|Any CPU.ActiveCfg = Debug|Any CPU
		{A4E91FC6-6983-4A58-B306-7CC71829484F}.Release|Any CPU.Build.0 = Debug|Any CPU
		{A4E91FC6-6983-4A58-B306-7CC71829484F}.TRAIN|Any CPU.ActiveCfg = Debug|Any CPU
		{A4E91FC6-6983-4A58-B306-7CC71829484F}.TRAIN|Any CPU.Build.0 = Debug|Any CPU
		{9E797B97-D3C0-4EB5-A3C9-202450ED5C6B}.Debug|Any CPU.ActiveCfg = Debug|Any CPU
		{9E797B97-D3C0-4EB5-A3C9-202450ED5C6B}.Debug|Any CPU.Build.0 = Debug|Any CPU
		{9E797B97-D3C0-4EB5-A3C9-202450ED5C6B}.INT|Any CPU.ActiveCfg = Debug|Any CPU
		{9E797B97-D3C0-4EB5-A3C9-202450ED5C6B}.INT|Any CPU.Build.0 = Debug|Any CPU
		{9E797B97-D3C0-4EB5-A3C9-202450ED5C6B}.PERF|Any CPU.ActiveCfg = PERF|Any CPU
		{9E797B97-D3C0-4EB5-A3C9-202450ED5C6B}.PERF|Any CPU.Build.0 = PERF|Any CPU
		{9E797B97-D3C0-4EB5-A3C9-202450ED5C6B}.PREPROD|Any CPU.ActiveCfg = Debug|Any CPU
		{9E797B97-D3C0-4EB5-A3C9-202450ED5C6B}.PREPROD|Any CPU.Build.0 = Debug|Any CPU
		{9E797B97-D3C0-4EB5-A3C9-202450ED5C6B}.PROD|Any CPU.ActiveCfg = PROD|Any CPU
		{9E797B97-D3C0-4EB5-A3C9-202450ED5C6B}.PROD|Any CPU.Build.0 = PROD|Any CPU
		{9E797B97-D3C0-4EB5-A3C9-202450ED5C6B}.QA|Any CPU.ActiveCfg = Debug|Any CPU
		{9E797B97-D3C0-4EB5-A3C9-202450ED5C6B}.QA|Any CPU.Build.0 = Debug|Any CPU
		{9E797B97-D3C0-4EB5-A3C9-202450ED5C6B}.Release|Any CPU.ActiveCfg = Debug|Any CPU
		{9E797B97-D3C0-4EB5-A3C9-202450ED5C6B}.Release|Any CPU.Build.0 = Debug|Any CPU
		{9E797B97-D3C0-4EB5-A3C9-202450ED5C6B}.TRAIN|Any CPU.ActiveCfg = Debug|Any CPU
		{9E797B97-D3C0-4EB5-A3C9-202450ED5C6B}.TRAIN|Any CPU.Build.0 = Debug|Any CPU
	EndGlobalSection
	GlobalSection(SolutionProperties) = preSolution
		HideSolutionNode = FALSE
	EndGlobalSection
	GlobalSection(ExtensibilityGlobals) = postSolution
		SolutionGuid = {810167B2-DD21-44CC-AB2E-E8106D05754A}
	EndGlobalSection
EndGlobal
