
Microsoft Visual Studio Solution File, Format Version 12.00
# Visual Studio Version 16
VisualStudioVersion = 16.0.29201.188
MinimumVisualStudioVersion = 10.0.40219.1
Project("{FAE04EC0-301F-11D3-BF4B-00C04F79EFBC}") = "UDO.LOB.MVIApi", "UDO.LOB.MVIApi\UDO.LOB.MVIApi.csproj", "{9FA93C98-16E1-4AB8-88A8-98290F497CA9}"
EndProject
Project("{FAE04EC0-301F-11D3-BF4B-00C04F79EFBC}") = "UDO.LOB.MVIApi.Tests", "UDO.LOB.MVIApi.Tests\UDO.LOB.MVIApi.Tests.csproj", "{47387C05-DDC0-4DE0-8B8C-800008BC2CDB}"
EndProject
Project("{FAE04EC0-301F-11D3-BF4B-00C04F79EFBC}") = "UDO.LOB.MVI.Messages", "UDO.LOB.MVI.Messages\UDO.LOB.MVI.Messages.csproj", "{BB60BC7A-659F-4D31-AA7F-64E31359E708}"
EndProject
Project("{FAE04EC0-301F-11D3-BF4B-00C04F79EFBC}") = "UDO.LOB.Core", "..\UDO.Crm.LOB.Core\UDO.LOB.Core.csproj", "{75CEE666-371F-4679-8C93-629F35309DC1}"
EndProject
Project("{FAE04EC0-301F-11D3-BF4B-00C04F79EFBC}") = "UDO.LOB.Extensions", "..\UDO.Crm.LOB.Extensions\UDO.LOB.Extensions.csproj", "{A4E91FC6-6983-4A58-B306-7CC71829484F}"
EndProject
Project("{FAE04EC0-301F-11D3-BF4B-00C04F79EFBC}") = "UDO.LOB.VeteranSnapShot.Messages", "..\UDO.LOB.VeteranSnapShot\UDO.LOB.VeteranSnapShot.Messages\UDO.LOB.VeteranSnapShot.Messages.csproj", "{2583C2EF-E3D0-4260-98EA-BE37A6534C54}"
EndProject
Project("{FAE04EC0-301F-11D3-BF4B-00C04F79EFBC}") = "UDO.LOB.MilitaryService.Messages", "..\UDO.LOB.MilitaryService\UDO.LOB.MilitaryService.Messages\UDO.LOB.MilitaryService.Messages.csproj", "{59550E0F-541C-4EBD-8EF5-3C7D45096291}"
EndProject
Project("{FAE04EC0-301F-11D3-BF4B-00C04F79EFBC}") = "UDO.LOB.Appeals.Messages", "..\UDO.LOB.Appeals\UDO.LOB.Appeals.Messages\UDO.LOB.Appeals.Messages.csproj", "{1EF50324-6A68-4028-A50C-1A27BD580AB8}"
EndProject
Project("{FAE04EC0-301F-11D3-BF4B-00C04F79EFBC}") = "UDO.LOB.LegacyPayments.Messages", "..\UDO.LOB.LegacyPayments\UDO.LOB.LegacyPayments.Messages\UDO.LOB.LegacyPayments.Messages.csproj", "{90AF72CB-29A2-4265-BFD4-8C2D6BDCE3B0}"
EndProject
Project("{FAE04EC0-301F-11D3-BF4B-00C04F79EFBC}") = "UDO.LOB.IDProofOrchestration.Messages", "..\UDO.LOB.IDProofOrchestration\UDO.LOB.IDProofOrchestration.Messages\UDO.LOB.IDProofOrchestration.Messages.csproj", "{DF6C2796-AF00-407D-A6C1-C469A6DB309C}"
EndProject
Project("{FAE04EC0-301F-11D3-BF4B-00C04F79EFBC}") = "UDO.LOB.eMIS.Messages", "..\UDO.LOB.eMIS\UDO.LOB.eMIS.Messages\UDO.LOB.eMIS.Messages.csproj", "{8372C7ED-C480-4490-B183-F866F1EAC723}"
EndProject
Global
	GlobalSection(SolutionConfigurationPlatforms) = preSolution
		Debug|Any CPU = Debug|Any CPU
		INT|Any CPU = INT|Any CPU
		PERF|Any CPU = PERF|Any CPU
		PREPROD|Any CPU = PREPROD|Any CPU
		PROD|Any CPU = PROD|Any CPU
		QA|Any CPU = QA|Any CPU
		Release|Any CPU = Release|Any CPU
		TRAIN|Any CPU = TRAIN|Any CPU
	EndGlobalSection
	GlobalSection(ProjectConfigurationPlatforms) = postSolution
		{9FA93C98-16E1-4AB8-88A8-98290F497CA9}.Debug|Any CPU.ActiveCfg = Debug|Any CPU
		{9FA93C98-16E1-4AB8-88A8-98290F497CA9}.Debug|Any CPU.Build.0 = Debug|Any CPU
		{9FA93C98-16E1-4AB8-88A8-98290F497CA9}.INT|Any CPU.ActiveCfg = INT|Any CPU
		{9FA93C98-16E1-4AB8-88A8-98290F497CA9}.INT|Any CPU.Build.0 = INT|Any CPU
		{9FA93C98-16E1-4AB8-88A8-98290F497CA9}.PERF|Any CPU.ActiveCfg = PERF|Any CPU
		{9FA93C98-16E1-4AB8-88A8-98290F497CA9}.PERF|Any CPU.Build.0 = PERF|Any CPU
		{9FA93C98-16E1-4AB8-88A8-98290F497CA9}.PREPROD|Any CPU.ActiveCfg = PREPROD|Any CPU
		{9FA93C98-16E1-4AB8-88A8-98290F497CA9}.PREPROD|Any CPU.Build.0 = PREPROD|Any CPU
		{9FA93C98-16E1-4AB8-88A8-98290F497CA9}.PROD|Any CPU.ActiveCfg = PROD|Any CPU
		{9FA93C98-16E1-4AB8-88A8-98290F497CA9}.PROD|Any CPU.Build.0 = PROD|Any CPU
		{9FA93C98-16E1-4AB8-88A8-98290F497CA9}.QA|Any CPU.ActiveCfg = QA|Any CPU
		{9FA93C98-16E1-4AB8-88A8-98290F497CA9}.QA|Any CPU.Build.0 = QA|Any CPU
		{9FA93C98-16E1-4AB8-88A8-98290F497CA9}.Release|Any CPU.ActiveCfg = Debug|Any CPU
		{9FA93C98-16E1-4AB8-88A8-98290F497CA9}.Release|Any CPU.Build.0 = Debug|Any CPU
		{9FA93C98-16E1-4AB8-88A8-98290F497CA9}.TRAIN|Any CPU.ActiveCfg = TRAIN|Any CPU
		{9FA93C98-16E1-4AB8-88A8-98290F497CA9}.TRAIN|Any CPU.Build.0 = TRAIN|Any CPU
		{47387C05-DDC0-4DE0-8B8C-800008BC2CDB}.Debug|Any CPU.ActiveCfg = Debug|Any CPU
		{47387C05-DDC0-4DE0-8B8C-800008BC2CDB}.Debug|Any CPU.Build.0 = Debug|Any CPU
		{47387C05-DDC0-4DE0-8B8C-800008BC2CDB}.INT|Any CPU.ActiveCfg = INT|Any CPU
		{47387C05-DDC0-4DE0-8B8C-800008BC2CDB}.INT|Any CPU.Build.0 = INT|Any CPU
		{47387C05-DDC0-4DE0-8B8C-800008BC2CDB}.PERF|Any CPU.ActiveCfg = PERF|Any CPU
		{47387C05-DDC0-4DE0-8B8C-800008BC2CDB}.PERF|Any CPU.Build.0 = PERF|Any CPU
		{47387C05-DDC0-4DE0-8B8C-800008BC2CDB}.PREPROD|Any CPU.ActiveCfg = PREPROD|Any CPU
		{47387C05-DDC0-4DE0-8B8C-800008BC2CDB}.PREPROD|Any CPU.Build.0 = PREPROD|Any CPU
		{47387C05-DDC0-4DE0-8B8C-800008BC2CDB}.PROD|Any CPU.ActiveCfg = PROD|Any CPU
		{47387C05-DDC0-4DE0-8B8C-800008BC2CDB}.PROD|Any CPU.Build.0 = PROD|Any CPU
		{47387C05-DDC0-4DE0-8B8C-800008BC2CDB}.QA|Any CPU.ActiveCfg = QA|Any CPU
		{47387C05-DDC0-4DE0-8B8C-800008BC2CDB}.QA|Any CPU.Build.0 = QA|Any CPU
		{47387C05-DDC0-4DE0-8B8C-800008BC2CDB}.Release|Any CPU.ActiveCfg = Debug|Any CPU
		{47387C05-DDC0-4DE0-8B8C-800008BC2CDB}.Release|Any CPU.Build.0 = Debug|Any CPU
		{47387C05-DDC0-4DE0-8B8C-800008BC2CDB}.TRAIN|Any CPU.ActiveCfg = TRAIN|Any CPU
		{47387C05-DDC0-4DE0-8B8C-800008BC2CDB}.TRAIN|Any CPU.Build.0 = TRAIN|Any CPU
		{BB60BC7A-659F-4D31-AA7F-64E31359E708}.Debug|Any CPU.ActiveCfg = Debug|Any CPU
		{BB60BC7A-659F-4D31-AA7F-64E31359E708}.Debug|Any CPU.Build.0 = Debug|Any CPU
		{BB60BC7A-659F-4D31-AA7F-64E31359E708}.INT|Any CPU.ActiveCfg = INT|Any CPU
		{BB60BC7A-659F-4D31-AA7F-64E31359E708}.INT|Any CPU.Build.0 = INT|Any CPU
		{BB60BC7A-659F-4D31-AA7F-64E31359E708}.PERF|Any CPU.ActiveCfg = PERF|Any CPU
		{BB60BC7A-659F-4D31-AA7F-64E31359E708}.PERF|Any CPU.Build.0 = PERF|Any CPU
		{BB60BC7A-659F-4D31-AA7F-64E31359E708}.PREPROD|Any CPU.ActiveCfg = PREPROD|Any CPU
		{BB60BC7A-659F-4D31-AA7F-64E31359E708}.PREPROD|Any CPU.Build.0 = PREPROD|Any CPU
		{BB60BC7A-659F-4D31-AA7F-64E31359E708}.PROD|Any CPU.ActiveCfg = PROD|Any CPU
		{BB60BC7A-659F-4D31-AA7F-64E31359E708}.PROD|Any CPU.Build.0 = PROD|Any CPU
		{BB60BC7A-659F-4D31-AA7F-64E31359E708}.QA|Any CPU.ActiveCfg = QA|Any CPU
		{BB60BC7A-659F-4D31-AA7F-64E31359E708}.QA|Any CPU.Build.0 = QA|Any CPU
		{BB60BC7A-659F-4D31-AA7F-64E31359E708}.Release|Any CPU.ActiveCfg = Debug|Any CPU
		{BB60BC7A-659F-4D31-AA7F-64E31359E708}.Release|Any CPU.Build.0 = Debug|Any CPU
		{BB60BC7A-659F-4D31-AA7F-64E31359E708}.TRAIN|Any CPU.ActiveCfg = TRAIN|Any CPU
		{BB60BC7A-659F-4D31-AA7F-64E31359E708}.TRAIN|Any CPU.Build.0 = TRAIN|Any CPU
		{75CEE666-371F-4679-8C93-629F35309DC1}.Debug|Any CPU.ActiveCfg = Debug|Any CPU
		{75CEE666-371F-4679-8C93-629F35309DC1}.Debug|Any CPU.Build.0 = Debug|Any CPU
		{75CEE666-371F-4679-8C93-629F35309DC1}.INT|Any CPU.ActiveCfg = INT|Any CPU
		{75CEE666-371F-4679-8C93-629F35309DC1}.INT|Any CPU.Build.0 = INT|Any CPU
		{75CEE666-371F-4679-8C93-629F35309DC1}.PERF|Any CPU.ActiveCfg = PERF|Any CPU
		{75CEE666-371F-4679-8C93-629F35309DC1}.PERF|Any CPU.Build.0 = PERF|Any CPU
		{75CEE666-371F-4679-8C93-629F35309DC1}.PREPROD|Any CPU.ActiveCfg = PREPROD|Any CPU
		{75CEE666-371F-4679-8C93-629F35309DC1}.PREPROD|Any CPU.Build.0 = PREPROD|Any CPU
		{75CEE666-371F-4679-8C93-629F35309DC1}.PROD|Any CPU.ActiveCfg = PROD|Any CPU
		{75CEE666-371F-4679-8C93-629F35309DC1}.PROD|Any CPU.Build.0 = PROD|Any CPU
		{75CEE666-371F-4679-8C93-629F35309DC1}.QA|Any CPU.ActiveCfg = QA|Any CPU
		{75CEE666-371F-4679-8C93-629F35309DC1}.QA|Any CPU.Build.0 = QA|Any CPU
		{75CEE666-371F-4679-8C93-629F35309DC1}.Release|Any CPU.ActiveCfg = Debug|Any CPU
		{75CEE666-371F-4679-8C93-629F35309DC1}.Release|Any CPU.Build.0 = Debug|Any CPU
		{75CEE666-371F-4679-8C93-629F35309DC1}.TRAIN|Any CPU.ActiveCfg = TRAIN|Any CPU
		{75CEE666-371F-4679-8C93-629F35309DC1}.TRAIN|Any CPU.Build.0 = TRAIN|Any CPU
		{A4E91FC6-6983-4A58-B306-7CC71829484F}.Debug|Any CPU.ActiveCfg = Debug|Any CPU
		{A4E91FC6-6983-4A58-B306-7CC71829484F}.Debug|Any CPU.Build.0 = Debug|Any CPU
		{A4E91FC6-6983-4A58-B306-7CC71829484F}.INT|Any CPU.ActiveCfg = INT|Any CPU
		{A4E91FC6-6983-4A58-B306-7CC71829484F}.INT|Any CPU.Build.0 = INT|Any CPU
		{A4E91FC6-6983-4A58-B306-7CC71829484F}.PERF|Any CPU.ActiveCfg = PERF|Any CPU
		{A4E91FC6-6983-4A58-B306-7CC71829484F}.PERF|Any CPU.Build.0 = PERF|Any CPU
		{A4E91FC6-6983-4A58-B306-7CC71829484F}.PREPROD|Any CPU.ActiveCfg = PREPROD|Any CPU
		{A4E91FC6-6983-4A58-B306-7CC71829484F}.PREPROD|Any CPU.Build.0 = PREPROD|Any CPU
		{A4E91FC6-6983-4A58-B306-7CC71829484F}.PROD|Any CPU.ActiveCfg = PROD|Any CPU
		{A4E91FC6-6983-4A58-B306-7CC71829484F}.PROD|Any CPU.Build.0 = PROD|Any CPU
		{A4E91FC6-6983-4A58-B306-7CC71829484F}.QA|Any CPU.ActiveCfg = QA|Any CPU
		{A4E91FC6-6983-4A58-B306-7CC71829484F}.QA|Any CPU.Build.0 = QA|Any CPU
		{A4E91FC6-6983-4A58-B306-7CC71829484F}.Release|Any CPU.ActiveCfg = Debug|Any CPU
		{A4E91FC6-6983-4A58-B306-7CC71829484F}.Release|Any CPU.Build.0 = Debug|Any CPU
		{A4E91FC6-6983-4A58-B306-7CC71829484F}.TRAIN|Any CPU.ActiveCfg = TRAIN|Any CPU
		{A4E91FC6-6983-4A58-B306-7CC71829484F}.TRAIN|Any CPU.Build.0 = TRAIN|Any CPU
		{2583C2EF-E3D0-4260-98EA-BE37A6534C54}.Debug|Any CPU.ActiveCfg = Debug|Any CPU
		{2583C2EF-E3D0-4260-98EA-BE37A6534C54}.Debug|Any CPU.Build.0 = Debug|Any CPU
		{2583C2EF-E3D0-4260-98EA-BE37A6534C54}.INT|Any CPU.ActiveCfg = INT|Any CPU
		{2583C2EF-E3D0-4260-98EA-BE37A6534C54}.INT|Any CPU.Build.0 = INT|Any CPU
		{2583C2EF-E3D0-4260-98EA-BE37A6534C54}.PERF|Any CPU.ActiveCfg = PERF|Any CPU
		{2583C2EF-E3D0-4260-98EA-BE37A6534C54}.PERF|Any CPU.Build.0 = PERF|Any CPU
		{2583C2EF-E3D0-4260-98EA-BE37A6534C54}.PREPROD|Any CPU.ActiveCfg = PREPROD|Any CPU
		{2583C2EF-E3D0-4260-98EA-BE37A6534C54}.PREPROD|Any CPU.Build.0 = PREPROD|Any CPU
		{2583C2EF-E3D0-4260-98EA-BE37A6534C54}.PROD|Any CPU.ActiveCfg = PROD|Any CPU
		{2583C2EF-E3D0-4260-98EA-BE37A6534C54}.PROD|Any CPU.Build.0 = PROD|Any CPU
		{2583C2EF-E3D0-4260-98EA-BE37A6534C54}.QA|Any CPU.ActiveCfg = QA|Any CPU
		{2583C2EF-E3D0-4260-98EA-BE37A6534C54}.QA|Any CPU.Build.0 = QA|Any CPU
		{2583C2EF-E3D0-4260-98EA-BE37A6534C54}.Release|Any CPU.ActiveCfg = Debug|Any CPU
		{2583C2EF-E3D0-4260-98EA-BE37A6534C54}.Release|Any CPU.Build.0 = Debug|Any CPU
		{2583C2EF-E3D0-4260-98EA-BE37A6534C54}.TRAIN|Any CPU.ActiveCfg = TRAIN|Any CPU
		{2583C2EF-E3D0-4260-98EA-BE37A6534C54}.TRAIN|Any CPU.Build.0 = TRAIN|Any CPU
		{59550E0F-541C-4EBD-8EF5-3C7D45096291}.Debug|Any CPU.ActiveCfg = Debug|Any CPU
		{59550E0F-541C-4EBD-8EF5-3C7D45096291}.Debug|Any CPU.Build.0 = Debug|Any CPU
		{59550E0F-541C-4EBD-8EF5-3C7D45096291}.INT|Any CPU.ActiveCfg = INT|Any CPU
		{59550E0F-541C-4EBD-8EF5-3C7D45096291}.INT|Any CPU.Build.0 = INT|Any CPU
		{59550E0F-541C-4EBD-8EF5-3C7D45096291}.PERF|Any CPU.ActiveCfg = PERF|Any CPU
		{59550E0F-541C-4EBD-8EF5-3C7D45096291}.PERF|Any CPU.Build.0 = PERF|Any CPU
		{59550E0F-541C-4EBD-8EF5-3C7D45096291}.PREPROD|Any CPU.ActiveCfg = PREPROD|Any CPU
		{59550E0F-541C-4EBD-8EF5-3C7D45096291}.PREPROD|Any CPU.Build.0 = PREPROD|Any CPU
		{59550E0F-541C-4EBD-8EF5-3C7D45096291}.PROD|Any CPU.ActiveCfg = PROD|Any CPU
		{59550E0F-541C-4EBD-8EF5-3C7D45096291}.PROD|Any CPU.Build.0 = PROD|Any CPU
		{59550E0F-541C-4EBD-8EF5-3C7D45096291}.QA|Any CPU.ActiveCfg = QA|Any CPU
		{59550E0F-541C-4EBD-8EF5-3C7D45096291}.QA|Any CPU.Build.0 = QA|Any CPU
		{59550E0F-541C-4EBD-8EF5-3C7D45096291}.Release|Any CPU.ActiveCfg = Debug|Any CPU
		{59550E0F-541C-4EBD-8EF5-3C7D45096291}.Release|Any CPU.Build.0 = Debug|Any CPU
		{59550E0F-541C-4EBD-8EF5-3C7D45096291}.TRAIN|Any CPU.ActiveCfg = TRAIN|Any CPU
		{59550E0F-541C-4EBD-8EF5-3C7D45096291}.TRAIN|Any CPU.Build.0 = TRAIN|Any CPU
		{1EF50324-6A68-4028-A50C-1A27BD580AB8}.Debug|Any CPU.ActiveCfg = Debug|Any CPU
		{1EF50324-6A68-4028-A50C-1A27BD580AB8}.Debug|Any CPU.Build.0 = Debug|Any CPU
		{1EF50324-6A68-4028-A50C-1A27BD580AB8}.INT|Any CPU.ActiveCfg = INT|Any CPU
		{1EF50324-6A68-4028-A50C-1A27BD580AB8}.INT|Any CPU.Build.0 = INT|Any CPU
		{1EF50324-6A68-4028-A50C-1A27BD580AB8}.PERF|Any CPU.ActiveCfg = PERF|Any CPU
		{1EF50324-6A68-4028-A50C-1A27BD580AB8}.PERF|Any CPU.Build.0 = PERF|Any CPU
		{1EF50324-6A68-4028-A50C-1A27BD580AB8}.PREPROD|Any CPU.ActiveCfg = PREPROD|Any CPU
		{1EF50324-6A68-4028-A50C-1A27BD580AB8}.PREPROD|Any CPU.Build.0 = PREPROD|Any CPU
		{1EF50324-6A68-4028-A50C-1A27BD580AB8}.PROD|Any CPU.ActiveCfg = PROD|Any CPU
		{1EF50324-6A68-4028-A50C-1A27BD580AB8}.PROD|Any CPU.Build.0 = PROD|Any CPU
		{1EF50324-6A68-4028-A50C-1A27BD580AB8}.QA|Any CPU.ActiveCfg = QA|Any CPU
		{1EF50324-6A68-4028-A50C-1A27BD580AB8}.QA|Any CPU.Build.0 = QA|Any CPU
		{1EF50324-6A68-4028-A50C-1A27BD580AB8}.Release|Any CPU.ActiveCfg = Debug|Any CPU
		{1EF50324-6A68-4028-A50C-1A27BD580AB8}.Release|Any CPU.Build.0 = Debug|Any CPU
		{1EF50324-6A68-4028-A50C-1A27BD580AB8}.TRAIN|Any CPU.ActiveCfg = TRAIN|Any CPU
		{1EF50324-6A68-4028-A50C-1A27BD580AB8}.TRAIN|Any CPU.Build.0 = TRAIN|Any CPU
		{90AF72CB-29A2-4265-BFD4-8C2D6BDCE3B0}.Debug|Any CPU.ActiveCfg = Debug|Any CPU
		{90AF72CB-29A2-4265-BFD4-8C2D6BDCE3B0}.Debug|Any CPU.Build.0 = Debug|Any CPU
		{90AF72CB-29A2-4265-BFD4-8C2D6BDCE3B0}.INT|Any CPU.ActiveCfg = INT|Any CPU
		{90AF72CB-29A2-4265-BFD4-8C2D6BDCE3B0}.INT|Any CPU.Build.0 = INT|Any CPU
		{90AF72CB-29A2-4265-BFD4-8C2D6BDCE3B0}.PERF|Any CPU.ActiveCfg = PERF|Any CPU
		{90AF72CB-29A2-4265-BFD4-8C2D6BDCE3B0}.PERF|Any CPU.Build.0 = PERF|Any CPU
		{90AF72CB-29A2-4265-BFD4-8C2D6BDCE3B0}.PREPROD|Any CPU.ActiveCfg = PREPROD|Any CPU
		{90AF72CB-29A2-4265-BFD4-8C2D6BDCE3B0}.PREPROD|Any CPU.Build.0 = PREPROD|Any CPU
		{90AF72CB-29A2-4265-BFD4-8C2D6BDCE3B0}.PROD|Any CPU.ActiveCfg = PROD|Any CPU
		{90AF72CB-29A2-4265-BFD4-8C2D6BDCE3B0}.PROD|Any CPU.Build.0 = PROD|Any CPU
		{90AF72CB-29A2-4265-BFD4-8C2D6BDCE3B0}.QA|Any CPU.ActiveCfg = QA|Any CPU
		{90AF72CB-29A2-4265-BFD4-8C2D6BDCE3B0}.QA|Any CPU.Build.0 = QA|Any CPU
		{90AF72CB-29A2-4265-BFD4-8C2D6BDCE3B0}.Release|Any CPU.ActiveCfg = Debug|Any CPU
		{90AF72CB-29A2-4265-BFD4-8C2D6BDCE3B0}.Release|Any CPU.Build.0 = Debug|Any CPU
		{90AF72CB-29A2-4265-BFD4-8C2D6BDCE3B0}.TRAIN|Any CPU.ActiveCfg = TRAIN|Any CPU
		{90AF72CB-29A2-4265-BFD4-8C2D6BDCE3B0}.TRAIN|Any CPU.Build.0 = TRAIN|Any CPU
		{DF6C2796-AF00-407D-A6C1-C469A6DB309C}.Debug|Any CPU.ActiveCfg = Debug|Any CPU
		{DF6C2796-AF00-407D-A6C1-C469A6DB309C}.Debug|Any CPU.Build.0 = Debug|Any CPU
		{DF6C2796-AF00-407D-A6C1-C469A6DB309C}.INT|Any CPU.ActiveCfg = INT|Any CPU
		{DF6C2796-AF00-407D-A6C1-C469A6DB309C}.INT|Any CPU.Build.0 = INT|Any CPU
		{DF6C2796-AF00-407D-A6C1-C469A6DB309C}.PERF|Any CPU.ActiveCfg = PERF|Any CPU
		{DF6C2796-AF00-407D-A6C1-C469A6DB309C}.PERF|Any CPU.Build.0 = PERF|Any CPU
		{DF6C2796-AF00-407D-A6C1-C469A6DB309C}.PREPROD|Any CPU.ActiveCfg = PREPROD|Any CPU
		{DF6C2796-AF00-407D-A6C1-C469A6DB309C}.PREPROD|Any CPU.Build.0 = PREPROD|Any CPU
		{DF6C2796-AF00-407D-A6C1-C469A6DB309C}.PROD|Any CPU.ActiveCfg = PROD|Any CPU
		{DF6C2796-AF00-407D-A6C1-C469A6DB309C}.PROD|Any CPU.Build.0 = PROD|Any CPU
		{DF6C2796-AF00-407D-A6C1-C469A6DB309C}.QA|Any CPU.ActiveCfg = QA|Any CPU
		{DF6C2796-AF00-407D-A6C1-C469A6DB309C}.QA|Any CPU.Build.0 = QA|Any CPU
		{DF6C2796-AF00-407D-A6C1-C469A6DB309C}.Release|Any CPU.ActiveCfg = Debug|Any CPU
		{DF6C2796-AF00-407D-A6C1-C469A6DB309C}.Release|Any CPU.Build.0 = Debug|Any CPU
		{DF6C2796-AF00-407D-A6C1-C469A6DB309C}.TRAIN|Any CPU.ActiveCfg = TRAIN|Any CPU
		{DF6C2796-AF00-407D-A6C1-C469A6DB309C}.TRAIN|Any CPU.Build.0 = TRAIN|Any CPU
		{8372C7ED-C480-4490-B183-F866F1EAC723}.Debug|Any CPU.ActiveCfg = Debug|Any CPU
		{8372C7ED-C480-4490-B183-F866F1EAC723}.Debug|Any CPU.Build.0 = Debug|Any CPU
		{8372C7ED-C480-4490-B183-F866F1EAC723}.INT|Any CPU.ActiveCfg = INT|Any CPU
		{8372C7ED-C480-4490-B183-F866F1EAC723}.INT|Any CPU.Build.0 = INT|Any CPU
		{8372C7ED-C480-4490-B183-F866F1EAC723}.PERF|Any CPU.ActiveCfg = PERF|Any CPU
		{8372C7ED-C480-4490-B183-F866F1EAC723}.PERF|Any CPU.Build.0 = PERF|Any CPU
		{8372C7ED-C480-4490-B183-F866F1EAC723}.PREPROD|Any CPU.ActiveCfg = PREPROD|Any CPU
		{8372C7ED-C480-4490-B183-F866F1EAC723}.PREPROD|Any CPU.Build.0 = PREPROD|Any CPU
		{8372C7ED-C480-4490-B183-F866F1EAC723}.PROD|Any CPU.ActiveCfg = PROD|Any CPU
		{8372C7ED-C480-4490-B183-F866F1EAC723}.PROD|Any CPU.Build.0 = PROD|Any CPU
		{8372C7ED-C480-4490-B183-F866F1EAC723}.QA|Any CPU.ActiveCfg = QA|Any CPU
		{8372C7ED-C480-4490-B183-F866F1EAC723}.QA|Any CPU.Build.0 = QA|Any CPU
		{8372C7ED-C480-4490-B183-F866F1EAC723}.Release|Any CPU.ActiveCfg = Debug|Any CPU
		{8372C7ED-C480-4490-B183-F866F1EAC723}.Release|Any CPU.Build.0 = Debug|Any CPU
		{8372C7ED-C480-4490-B183-F866F1EAC723}.TRAIN|Any CPU.ActiveCfg = TRAIN|Any CPU
		{8372C7ED-C480-4490-B183-F866F1EAC723}.TRAIN|Any CPU.Build.0 = TRAIN|Any CPU
	EndGlobalSection
	GlobalSection(SolutionProperties) = preSolution
		HideSolutionNode = FALSE
	EndGlobalSection
	GlobalSection(ExtensibilityGlobals) = postSolution
		SolutionGuid = {59E6E4DC-B979-4EB7-9000-2F349FCC03E7}
	EndGlobalSection
EndGlobal
