
Microsoft Visual Studio Solution File, Format Version 12.00
# Visual Studio Version 16
VisualStudioVersion = 16.0.29201.188
MinimumVisualStudioVersion = 10.0.40219.1
Project("{FAE04EC0-301F-11D3-BF4B-00C04F79EFBC}") = "UDO.LOB.ClaimEstablishmentApi", "UDO.LOB.ClaimEstablishmentApi\UDO.LOB.ClaimEstablishmentApi.csproj", "{2DABCCA2-EB4E-4EA8-B127-E80A58654CB9}"
EndProject
Project("{FAE04EC0-301F-11D3-BF4B-00C04F79EFBC}") = "UDO.LOB.ClaimEstablishmentApi.Tests", "UDO.LOB.ClaimEstablishmentApi.Tests\UDO.LOB.ClaimEstablishmentApi.Tests.csproj", "{99967985-6544-4909-AD04-F6544FF7F575}"
EndProject
Project("{FAE04EC0-301F-11D3-BF4B-00C04F79EFBC}") = "UDO.LOB.ClaimEstablishment.Messages", "UDO.LOB.ClaimEstablishment.Messages\UDO.LOB.ClaimEstablishment.Messages.csproj", "{D7A1D732-1C9A-47A2-BAED-1BD69991A00E}"
EndProject
Project("{FAE04EC0-301F-11D3-BF4B-00C04F79EFBC}") = "UDO.LOB.Core", "..\UDO.Crm.LOB.Core\UDO.LOB.Core.csproj", "{75CEE666-371F-4679-8C93-629F35309DC1}"
EndProject
Project("{FAE04EC0-301F-11D3-BF4B-00C04F79EFBC}") = "UDO.LOB.Extensions", "..\UDO.Crm.LOB.Extensions\UDO.LOB.Extensions.csproj", "{A4E91FC6-6983-4A58-B306-7CC71829484F}"
EndProject
Global
	GlobalSection(SolutionConfigurationPlatforms) = preSolution
		Debug|Any CPU = Debug|Any CPU
		INT|Any CPU = INT|Any CPU
		PERF|Any CPU = PERF|Any CPU
		PREPROD|Any CPU = PREPROD|Any CPU
		PROD|Any CPU = PROD|Any CPU
		QA|Any CPU = QA|Any CPU
		Release|Any CPU = Release|Any CPU
		TRAIN|Any CPU = TRAIN|Any CPU
	EndGlobalSection
	GlobalSection(ProjectConfigurationPlatforms) = postSolution
		{2DABCCA2-EB4E-4EA8-B127-E80A58654CB9}.Debug|Any CPU.ActiveCfg = Debug|Any CPU
		{2DABCCA2-EB4E-4EA8-B127-E80A58654CB9}.Debug|Any CPU.Build.0 = Debug|Any CPU
		{2DABCCA2-EB4E-4EA8-B127-E80A58654CB9}.INT|Any CPU.ActiveCfg = INT|Any CPU
		{2DABCCA2-EB4E-4EA8-B127-E80A58654CB9}.INT|Any CPU.Build.0 = INT|Any CPU
		{2DABCCA2-EB4E-4EA8-B127-E80A58654CB9}.PERF|Any CPU.ActiveCfg = PERF|Any CPU
		{2DABCCA2-EB4E-4EA8-B127-E80A58654CB9}.PERF|Any CPU.Build.0 = PERF|Any CPU
		{2DABCCA2-EB4E-4EA8-B127-E80A58654CB9}.PREPROD|Any CPU.ActiveCfg = PREPROD|Any CPU
		{2DABCCA2-EB4E-4EA8-B127-E80A58654CB9}.PREPROD|Any CPU.Build.0 = PREPROD|Any CPU
		{2DABCCA2-EB4E-4EA8-B127-E80A58654CB9}.PROD|Any CPU.ActiveCfg = PROD|Any CPU
		{2DABCCA2-EB4E-4EA8-B127-E80A58654CB9}.PROD|Any CPU.Build.0 = PROD|Any CPU
		{2DABCCA2-EB4E-4EA8-B127-E80A58654CB9}.QA|Any CPU.ActiveCfg = QA|Any CPU
		{2DABCCA2-EB4E-4EA8-B127-E80A58654CB9}.QA|Any CPU.Build.0 = QA|Any CPU
		{2DABCCA2-EB4E-4EA8-B127-E80A58654CB9}.Release|Any CPU.ActiveCfg = Release|Any CPU
		{2DABCCA2-EB4E-4EA8-B127-E80A58654CB9}.Release|Any CPU.Build.0 = Release|Any CPU
		{2DABCCA2-EB4E-4EA8-B127-E80A58654CB9}.TRAIN|Any CPU.ActiveCfg = TRAIN|Any CPU
		{2DABCCA2-EB4E-4EA8-B127-E80A58654CB9}.TRAIN|Any CPU.Build.0 = TRAIN|Any CPU
		{99967985-6544-4909-AD04-F6544FF7F575}.Debug|Any CPU.ActiveCfg = Debug|Any CPU
		{99967985-6544-4909-AD04-F6544FF7F575}.Debug|Any CPU.Build.0 = Debug|Any CPU
		{99967985-6544-4909-AD04-F6544FF7F575}.INT|Any CPU.ActiveCfg = INT|Any CPU
		{99967985-6544-4909-AD04-F6544FF7F575}.INT|Any CPU.Build.0 = INT|Any CPU
		{99967985-6544-4909-AD04-F6544FF7F575}.PERF|Any CPU.ActiveCfg = PERF|Any CPU
		{99967985-6544-4909-AD04-F6544FF7F575}.PERF|Any CPU.Build.0 = PERF|Any CPU
		{99967985-6544-4909-AD04-F6544FF7F575}.PREPROD|Any CPU.ActiveCfg = PREPROD|Any CPU
		{99967985-6544-4909-AD04-F6544FF7F575}.PREPROD|Any CPU.Build.0 = PREPROD|Any CPU
		{99967985-6544-4909-AD04-F6544FF7F575}.PROD|Any CPU.ActiveCfg = PROD|Any CPU
		{99967985-6544-4909-AD04-F6544FF7F575}.PROD|Any CPU.Build.0 = PROD|Any CPU
		{99967985-6544-4909-AD04-F6544FF7F575}.QA|Any CPU.ActiveCfg = QA|Any CPU
		{99967985-6544-4909-AD04-F6544FF7F575}.QA|Any CPU.Build.0 = QA|Any CPU
		{99967985-6544-4909-AD04-F6544FF7F575}.Release|Any CPU.ActiveCfg = Release|Any CPU
		{99967985-6544-4909-AD04-F6544FF7F575}.Release|Any CPU.Build.0 = Release|Any CPU
		{99967985-6544-4909-AD04-F6544FF7F575}.TRAIN|Any CPU.ActiveCfg = TRAIN|Any CPU
		{99967985-6544-4909-AD04-F6544FF7F575}.TRAIN|Any CPU.Build.0 = TRAIN|Any CPU
		{D7A1D732-1C9A-47A2-BAED-1BD69991A00E}.Debug|Any CPU.ActiveCfg = Debug|Any CPU
		{D7A1D732-1C9A-47A2-BAED-1BD69991A00E}.Debug|Any CPU.Build.0 = Debug|Any CPU
		{D7A1D732-1C9A-47A2-BAED-1BD69991A00E}.INT|Any CPU.ActiveCfg = INT|Any CPU
		{D7A1D732-1C9A-47A2-BAED-1BD69991A00E}.INT|Any CPU.Build.0 = INT|Any CPU
		{D7A1D732-1C9A-47A2-BAED-1BD69991A00E}.PERF|Any CPU.ActiveCfg = PERF|Any CPU
		{D7A1D732-1C9A-47A2-BAED-1BD69991A00E}.PERF|Any CPU.Build.0 = PERF|Any CPU
		{D7A1D732-1C9A-47A2-BAED-1BD69991A00E}.PREPROD|Any CPU.ActiveCfg = PREPROD|Any CPU
		{D7A1D732-1C9A-47A2-BAED-1BD69991A00E}.PREPROD|Any CPU.Build.0 = PREPROD|Any CPU
		{D7A1D732-1C9A-47A2-BAED-1BD69991A00E}.PROD|Any CPU.ActiveCfg = PROD|Any CPU
		{D7A1D732-1C9A-47A2-BAED-1BD69991A00E}.PROD|Any CPU.Build.0 = PROD|Any CPU
		{D7A1D732-1C9A-47A2-BAED-1BD69991A00E}.QA|Any CPU.ActiveCfg = QA|Any CPU
		{D7A1D732-1C9A-47A2-BAED-1BD69991A00E}.QA|Any CPU.Build.0 = QA|Any CPU
		{D7A1D732-1C9A-47A2-BAED-1BD69991A00E}.Release|Any CPU.ActiveCfg = Release|Any CPU
		{D7A1D732-1C9A-47A2-BAED-1BD69991A00E}.Release|Any CPU.Build.0 = Release|Any CPU
		{D7A1D732-1C9A-47A2-BAED-1BD69991A00E}.TRAIN|Any CPU.ActiveCfg = TRAIN|Any CPU
		{D7A1D732-1C9A-47A2-BAED-1BD69991A00E}.TRAIN|Any CPU.Build.0 = TRAIN|Any CPU
		{75CEE666-371F-4679-8C93-629F35309DC1}.Debug|Any CPU.ActiveCfg = Debug|Any CPU
		{75CEE666-371F-4679-8C93-629F35309DC1}.Debug|Any CPU.Build.0 = Debug|Any CPU
		{75CEE666-371F-4679-8C93-629F35309DC1}.INT|Any CPU.ActiveCfg = INT|Any CPU
		{75CEE666-371F-4679-8C93-629F35309DC1}.INT|Any CPU.Build.0 = INT|Any CPU
		{75CEE666-371F-4679-8C93-629F35309DC1}.PERF|Any CPU.ActiveCfg = PERF|Any CPU
		{75CEE666-371F-4679-8C93-629F35309DC1}.PERF|Any CPU.Build.0 = PERF|Any CPU
		{75CEE666-371F-4679-8C93-629F35309DC1}.PREPROD|Any CPU.ActiveCfg = PREPROD|Any CPU
		{75CEE666-371F-4679-8C93-629F35309DC1}.PREPROD|Any CPU.Build.0 = PREPROD|Any CPU
		{75CEE666-371F-4679-8C93-629F35309DC1}.PROD|Any CPU.ActiveCfg = PROD|Any CPU
		{75CEE666-371F-4679-8C93-629F35309DC1}.PROD|Any CPU.Build.0 = PROD|Any CPU
		{75CEE666-371F-4679-8C93-629F35309DC1}.QA|Any CPU.ActiveCfg = QA|Any CPU
		{75CEE666-371F-4679-8C93-629F35309DC1}.QA|Any CPU.Build.0 = QA|Any CPU
		{75CEE666-371F-4679-8C93-629F35309DC1}.Release|Any CPU.ActiveCfg = Release|Any CPU
		{75CEE666-371F-4679-8C93-629F35309DC1}.Release|Any CPU.Build.0 = Release|Any CPU
		{75CEE666-371F-4679-8C93-629F35309DC1}.TRAIN|Any CPU.ActiveCfg = TRAIN|Any CPU
		{75CEE666-371F-4679-8C93-629F35309DC1}.TRAIN|Any CPU.Build.0 = TRAIN|Any CPU
		{A4E91FC6-6983-4A58-B306-7CC71829484F}.Debug|Any CPU.ActiveCfg = Debug|Any CPU
		{A4E91FC6-6983-4A58-B306-7CC71829484F}.Debug|Any CPU.Build.0 = Debug|Any CPU
		{A4E91FC6-6983-4A58-B306-7CC71829484F}.INT|Any CPU.ActiveCfg = INT|Any CPU
		{A4E91FC6-6983-4A58-B306-7CC71829484F}.INT|Any CPU.Build.0 = INT|Any CPU
		{A4E91FC6-6983-4A58-B306-7CC71829484F}.PERF|Any CPU.ActiveCfg = PERF|Any CPU
		{A4E91FC6-6983-4A58-B306-7CC71829484F}.PERF|Any CPU.Build.0 = PERF|Any CPU
		{A4E91FC6-6983-4A58-B306-7CC71829484F}.PREPROD|Any CPU.ActiveCfg = PREPROD|Any CPU
		{A4E91FC6-6983-4A58-B306-7CC71829484F}.PREPROD|Any CPU.Build.0 = PREPROD|Any CPU
		{A4E91FC6-6983-4A58-B306-7CC71829484F}.PROD|Any CPU.ActiveCfg = PROD|Any CPU
		{A4E91FC6-6983-4A58-B306-7CC71829484F}.PROD|Any CPU.Build.0 = PROD|Any CPU
		{A4E91FC6-6983-4A58-B306-7CC71829484F}.QA|Any CPU.ActiveCfg = QA|Any CPU
		{A4E91FC6-6983-4A58-B306-7CC71829484F}.QA|Any CPU.Build.0 = QA|Any CPU
		{A4E91FC6-6983-4A58-B306-7CC71829484F}.Release|Any CPU.ActiveCfg = Release|Any CPU
		{A4E91FC6-6983-4A58-B306-7CC71829484F}.Release|Any CPU.Build.0 = Release|Any CPU
		{A4E91FC6-6983-4A58-B306-7CC71829484F}.TRAIN|Any CPU.ActiveCfg = TRAIN|Any CPU
		{A4E91FC6-6983-4A58-B306-7CC71829484F}.TRAIN|Any CPU.Build.0 = TRAIN|Any CPU
	EndGlobalSection
	GlobalSection(SolutionProperties) = preSolution
		HideSolutionNode = FALSE
	EndGlobalSection
	GlobalSection(ExtensibilityGlobals) = postSolution
		SolutionGuid = {2DB15ACF-D433-48CA-8DA3-E1FED793EB43}
	EndGlobalSection
EndGlobal
