
Microsoft Visual Studio Solution File, Format Version 12.00
# Visual Studio Version 16
VisualStudioVersion = 16.0.29201.188
MinimumVisualStudioVersion = 10.0.40219.1
Project("{FAE04EC0-301F-11D3-BF4B-00C04F79EFBC}") = "UDO.LOB.VBMSeFolderApi", "UDO.LOB.VBMSeFolderApi\UDO.LOB.VBMSeFolderApi.csproj", "{FAF657BD-D88F-4278-92EE-497EE4B60CE8}"
EndProject
Project("{FAE04EC0-301F-11D3-BF4B-00C04F79EFBC}") = "UDO.LOB.VBMSeFolderApi.Tests", "UDO.LOB.VBMSeFolderApi.Tests\UDO.LOB.VBMSeFolderApi.Tests.csproj", "{916A51C0-14FC-4CB5-B9C8-1B43CF3723A3}"
EndProject
Project("{FAE04EC0-301F-11D3-BF4B-00C04F79EFBC}") = "UDO.LOB.VBMSeFolder.Messages", "UDO.LOB.VBMSeFolder.Messages\UDO.LOB.VBMSeFolder.Messages.csproj", "{94B04425-BC88-4FAB-840A-E41F9EAB0267}"
EndProject
Project("{FAE04EC0-301F-11D3-BF4B-00C04F79EFBC}") = "UDO.LOB.Core", "..\UDO.Crm.LOB.Core\UDO.LOB.Core.csproj", "{75CEE666-371F-4679-8C93-629F35309DC1}"
EndProject
Project("{FAE04EC0-301F-11D3-BF4B-00C04F79EFBC}") = "UDO.LOB.Extensions", "..\UDO.Crm.LOB.Extensions\UDO.LOB.Extensions.csproj", "{A4E91FC6-6983-4A58-B306-7CC71829484F}"
EndProject
Global
	GlobalSection(SolutionConfigurationPlatforms) = preSolution
		Debug|Any CPU = Debug|Any CPU
		INT|Any CPU = INT|Any CPU
		PERF|Any CPU = PERF|Any CPU
		PREPROD|Any CPU = PREPROD|Any CPU
		PROD|Any CPU = PROD|Any CPU
		QA|Any CPU = QA|Any CPU
		Release|Any CPU = Release|Any CPU
		TRAIN|Any CPU = TRAIN|Any CPU
	EndGlobalSection
	GlobalSection(ProjectConfigurationPlatforms) = postSolution
		{FAF657BD-D88F-4278-92EE-497EE4B60CE8}.Debug|Any CPU.ActiveCfg = Debug|Any CPU
		{FAF657BD-D88F-4278-92EE-497EE4B60CE8}.Debug|Any CPU.Build.0 = Debug|Any CPU
		{FAF657BD-D88F-4278-92EE-497EE4B60CE8}.INT|Any CPU.ActiveCfg = INT|Any CPU
		{FAF657BD-D88F-4278-92EE-497EE4B60CE8}.INT|Any CPU.Build.0 = INT|Any CPU
		{FAF657BD-D88F-4278-92EE-497EE4B60CE8}.PERF|Any CPU.ActiveCfg = PERF|Any CPU
		{FAF657BD-D88F-4278-92EE-497EE4B60CE8}.PERF|Any CPU.Build.0 = PERF|Any CPU
		{FAF657BD-D88F-4278-92EE-497EE4B60CE8}.PREPROD|Any CPU.ActiveCfg = PREPROD|Any CPU
		{FAF657BD-D88F-4278-92EE-497EE4B60CE8}.PREPROD|Any CPU.Build.0 = PREPROD|Any CPU
		{FAF657BD-D88F-4278-92EE-497EE4B60CE8}.PROD|Any CPU.ActiveCfg = PROD|Any CPU
		{FAF657BD-D88F-4278-92EE-497EE4B60CE8}.PROD|Any CPU.Build.0 = PROD|Any CPU
		{FAF657BD-D88F-4278-92EE-497EE4B60CE8}.QA|Any CPU.ActiveCfg = QA|Any CPU
		{FAF657BD-D88F-4278-92EE-497EE4B60CE8}.QA|Any CPU.Build.0 = QA|Any CPU
		{FAF657BD-D88F-4278-92EE-497EE4B60CE8}.Release|Any CPU.ActiveCfg = Debug|Any CPU
		{FAF657BD-D88F-4278-92EE-497EE4B60CE8}.Release|Any CPU.Build.0 = Debug|Any CPU
		{FAF657BD-D88F-4278-92EE-497EE4B60CE8}.TRAIN|Any CPU.ActiveCfg = TRAIN|Any CPU
		{FAF657BD-D88F-4278-92EE-497EE4B60CE8}.TRAIN|Any CPU.Build.0 = TRAIN|Any CPU
		{916A51C0-14FC-4CB5-B9C8-1B43CF3723A3}.Debug|Any CPU.ActiveCfg = Debug|Any CPU
		{916A51C0-14FC-4CB5-B9C8-1B43CF3723A3}.Debug|Any CPU.Build.0 = Debug|Any CPU
		{916A51C0-14FC-4CB5-B9C8-1B43CF3723A3}.INT|Any CPU.ActiveCfg = INT|Any CPU
		{916A51C0-14FC-4CB5-B9C8-1B43CF3723A3}.INT|Any CPU.Build.0 = INT|Any CPU
		{916A51C0-14FC-4CB5-B9C8-1B43CF3723A3}.PERF|Any CPU.ActiveCfg = PERF|Any CPU
		{916A51C0-14FC-4CB5-B9C8-1B43CF3723A3}.PERF|Any CPU.Build.0 = PERF|Any CPU
		{916A51C0-14FC-4CB5-B9C8-1B43CF3723A3}.PREPROD|Any CPU.ActiveCfg = PREPROD|Any CPU
		{916A51C0-14FC-4CB5-B9C8-1B43CF3723A3}.PREPROD|Any CPU.Build.0 = PREPROD|Any CPU
		{916A51C0-14FC-4CB5-B9C8-1B43CF3723A3}.PROD|Any CPU.ActiveCfg = PROD|Any CPU
		{916A51C0-14FC-4CB5-B9C8-1B43CF3723A3}.PROD|Any CPU.Build.0 = PROD|Any CPU
		{916A51C0-14FC-4CB5-B9C8-1B43CF3723A3}.QA|Any CPU.ActiveCfg = QA|Any CPU
		{916A51C0-14FC-4CB5-B9C8-1B43CF3723A3}.QA|Any CPU.Build.0 = QA|Any CPU
		{916A51C0-14FC-4CB5-B9C8-1B43CF3723A3}.Release|Any CPU.ActiveCfg = Debug|Any CPU
		{916A51C0-14FC-4CB5-B9C8-1B43CF3723A3}.Release|Any CPU.Build.0 = Debug|Any CPU
		{916A51C0-14FC-4CB5-B9C8-1B43CF3723A3}.TRAIN|Any CPU.ActiveCfg = TRAIN|Any CPU
		{916A51C0-14FC-4CB5-B9C8-1B43CF3723A3}.TRAIN|Any CPU.Build.0 = TRAIN|Any CPU
		{94B04425-BC88-4FAB-840A-E41F9EAB0267}.Debug|Any CPU.ActiveCfg = Debug|Any CPU
		{94B04425-BC88-4FAB-840A-E41F9EAB0267}.Debug|Any CPU.Build.0 = Debug|Any CPU
		{94B04425-BC88-4FAB-840A-E41F9EAB0267}.INT|Any CPU.ActiveCfg = INT|Any CPU
		{94B04425-BC88-4FAB-840A-E41F9EAB0267}.INT|Any CPU.Build.0 = INT|Any CPU
		{94B04425-BC88-4FAB-840A-E41F9EAB0267}.PERF|Any CPU.ActiveCfg = PERF|Any CPU
		{94B04425-BC88-4FAB-840A-E41F9EAB0267}.PERF|Any CPU.Build.0 = PERF|Any CPU
		{94B04425-BC88-4FAB-840A-E41F9EAB0267}.PREPROD|Any CPU.ActiveCfg = PREPROD|Any CPU
		{94B04425-BC88-4FAB-840A-E41F9EAB0267}.PREPROD|Any CPU.Build.0 = PREPROD|Any CPU
		{94B04425-BC88-4FAB-840A-E41F9EAB0267}.PROD|Any CPU.ActiveCfg = PROD|Any CPU
		{94B04425-BC88-4FAB-840A-E41F9EAB0267}.PROD|Any CPU.Build.0 = PROD|Any CPU
		{94B04425-BC88-4FAB-840A-E41F9EAB0267}.QA|Any CPU.ActiveCfg = QA|Any CPU
		{94B04425-BC88-4FAB-840A-E41F9EAB0267}.QA|Any CPU.Build.0 = QA|Any CPU
		{94B04425-BC88-4FAB-840A-E41F9EAB0267}.Release|Any CPU.ActiveCfg = Debug|Any CPU
		{94B04425-BC88-4FAB-840A-E41F9EAB0267}.Release|Any CPU.Build.0 = Debug|Any CPU
		{94B04425-BC88-4FAB-840A-E41F9EAB0267}.TRAIN|Any CPU.ActiveCfg = TRAIN|Any CPU
		{94B04425-BC88-4FAB-840A-E41F9EAB0267}.TRAIN|Any CPU.Build.0 = TRAIN|Any CPU
		{75CEE666-371F-4679-8C93-629F35309DC1}.Debug|Any CPU.ActiveCfg = Debug|Any CPU
		{75CEE666-371F-4679-8C93-629F35309DC1}.Debug|Any CPU.Build.0 = Debug|Any CPU
		{75CEE666-371F-4679-8C93-629F35309DC1}.INT|Any CPU.ActiveCfg = INT|Any CPU
		{75CEE666-371F-4679-8C93-629F35309DC1}.INT|Any CPU.Build.0 = INT|Any CPU
		{75CEE666-371F-4679-8C93-629F35309DC1}.PERF|Any CPU.ActiveCfg = PERF|Any CPU
		{75CEE666-371F-4679-8C93-629F35309DC1}.PERF|Any CPU.Build.0 = PERF|Any CPU
		{75CEE666-371F-4679-8C93-629F35309DC1}.PREPROD|Any CPU.ActiveCfg = PREPROD|Any CPU
		{75CEE666-371F-4679-8C93-629F35309DC1}.PREPROD|Any CPU.Build.0 = PREPROD|Any CPU
		{75CEE666-371F-4679-8C93-629F35309DC1}.PROD|Any CPU.ActiveCfg = PROD|Any CPU
		{75CEE666-371F-4679-8C93-629F35309DC1}.PROD|Any CPU.Build.0 = PROD|Any CPU
		{75CEE666-371F-4679-8C93-629F35309DC1}.QA|Any CPU.ActiveCfg = QA|Any CPU
		{75CEE666-371F-4679-8C93-629F35309DC1}.QA|Any CPU.Build.0 = QA|Any CPU
		{75CEE666-371F-4679-8C93-629F35309DC1}.Release|Any CPU.ActiveCfg = Debug|Any CPU
		{75CEE666-371F-4679-8C93-629F35309DC1}.Release|Any CPU.Build.0 = Debug|Any CPU
		{75CEE666-371F-4679-8C93-629F35309DC1}.TRAIN|Any CPU.ActiveCfg = TRAIN|Any CPU
		{75CEE666-371F-4679-8C93-629F35309DC1}.TRAIN|Any CPU.Build.0 = TRAIN|Any CPU
		{A4E91FC6-6983-4A58-B306-7CC71829484F}.Debug|Any CPU.ActiveCfg = Debug|Any CPU
		{A4E91FC6-6983-4A58-B306-7CC71829484F}.Debug|Any CPU.Build.0 = Debug|Any CPU
		{A4E91FC6-6983-4A58-B306-7CC71829484F}.INT|Any CPU.ActiveCfg = INT|Any CPU
		{A4E91FC6-6983-4A58-B306-7CC71829484F}.INT|Any CPU.Build.0 = INT|Any CPU
		{A4E91FC6-6983-4A58-B306-7CC71829484F}.PERF|Any CPU.ActiveCfg = PERF|Any CPU
		{A4E91FC6-6983-4A58-B306-7CC71829484F}.PERF|Any CPU.Build.0 = PERF|Any CPU
		{A4E91FC6-6983-4A58-B306-7CC71829484F}.PREPROD|Any CPU.ActiveCfg = PREPROD|Any CPU
		{A4E91FC6-6983-4A58-B306-7CC71829484F}.PREPROD|Any CPU.Build.0 = PREPROD|Any CPU
		{A4E91FC6-6983-4A58-B306-7CC71829484F}.PROD|Any CPU.ActiveCfg = PROD|Any CPU
		{A4E91FC6-6983-4A58-B306-7CC71829484F}.PROD|Any CPU.Build.0 = PROD|Any CPU
		{A4E91FC6-6983-4A58-B306-7CC71829484F}.QA|Any CPU.ActiveCfg = QA|Any CPU
		{A4E91FC6-6983-4A58-B306-7CC71829484F}.QA|Any CPU.Build.0 = QA|Any CPU
		{A4E91FC6-6983-4A58-B306-7CC71829484F}.Release|Any CPU.ActiveCfg = Debug|Any CPU
		{A4E91FC6-6983-4A58-B306-7CC71829484F}.Release|Any CPU.Build.0 = Debug|Any CPU
		{A4E91FC6-6983-4A58-B306-7CC71829484F}.TRAIN|Any CPU.ActiveCfg = TRAIN|Any CPU
		{A4E91FC6-6983-4A58-B306-7CC71829484F}.TRAIN|Any CPU.Build.0 = TRAIN|Any CPU
	EndGlobalSection
	GlobalSection(SolutionProperties) = preSolution
		HideSolutionNode = FALSE
	EndGlobalSection
	GlobalSection(ExtensibilityGlobals) = postSolution
		SolutionGuid = {1DD4D3E0-AD8D-42D8-A4DD-520500E03B4A}
	EndGlobalSection
EndGlobal
