
Microsoft Visual Studio Solution File, Format Version 12.00
# Visual Studio Version 16
VisualStudioVersion = 16.0.29201.188
MinimumVisualStudioVersion = 10.0.40219.1
Project("{FAE04EC0-301F-11D3-BF4B-00C04F79EFBC}") = "UDO.LOB.LegacyPaymentsApi", "UDO.LOB.LegacyPaymentsApi\UDO.LOB.LegacyPaymentsApi.csproj", "{5C25784A-3F23-4ADF-98F4-C07FA6651936}"
EndProject
Project("{FAE04EC0-301F-11D3-BF4B-00C04F79EFBC}") = "UDO.LOB.LegacyPaymentsApi.Tests", "UDO.LOB.LegacyPaymentsApi.Tests\UDO.LOB.LegacyPaymentsApi.Tests.csproj", "{077147B6-B99E-43F1-A23B-F1606BADB6A7}"
EndProject
Project("{FAE04EC0-301F-11D3-BF4B-00C04F79EFBC}") = "UDO.LOB.LegacyPayments.Messages", "UDO.LOB.LegacyPayments.Messages\UDO.LOB.LegacyPayments.Messages.csproj", "{90AF72CB-29A2-4265-BFD4-8C2D6BDCE3B0}"
EndProject
Project("{FAE04EC0-301F-11D3-BF4B-00C04F79EFBC}") = "UDO.LOB.Core", "..\UDO.Crm.LOB.Core\UDO.LOB.Core.csproj", "{75CEE666-371F-4679-8C93-629F35309DC1}"
EndProject
Project("{FAE04EC0-301F-11D3-BF4B-00C04F79EFBC}") = "UDO.LOB.Extensions", "..\UDO.Crm.LOB.Extensions\UDO.LOB.Extensions.csproj", "{A4E91FC6-6983-4A58-B306-7CC71829484F}"
EndProject
Global
	GlobalSection(SolutionConfigurationPlatforms) = preSolution
		Debug|Any CPU = Debug|Any CPU
		INT|Any CPU = INT|Any CPU
		PERF|Any CPU = PERF|Any CPU
		PREPROD|Any CPU = PREPROD|Any CPU
		PROD|Any CPU = PROD|Any CPU
		QA|Any CPU = QA|Any CPU
		Release|Any CPU = Release|Any CPU
		TRAIN|Any CPU = TRAIN|Any CPU
	EndGlobalSection
	GlobalSection(ProjectConfigurationPlatforms) = postSolution
		{5C25784A-3F23-4ADF-98F4-C07FA6651936}.Debug|Any CPU.ActiveCfg = Debug|Any CPU
		{5C25784A-3F23-4ADF-98F4-C07FA6651936}.Debug|Any CPU.Build.0 = Debug|Any CPU
		{5C25784A-3F23-4ADF-98F4-C07FA6651936}.INT|Any CPU.ActiveCfg = INT|Any CPU
		{5C25784A-3F23-4ADF-98F4-C07FA6651936}.INT|Any CPU.Build.0 = INT|Any CPU
		{5C25784A-3F23-4ADF-98F4-C07FA6651936}.PERF|Any CPU.ActiveCfg = PERF|Any CPU
		{5C25784A-3F23-4ADF-98F4-C07FA6651936}.PERF|Any CPU.Build.0 = PERF|Any CPU
		{5C25784A-3F23-4ADF-98F4-C07FA6651936}.PREPROD|Any CPU.ActiveCfg = PREPROD|Any CPU
		{5C25784A-3F23-4ADF-98F4-C07FA6651936}.PREPROD|Any CPU.Build.0 = PREPROD|Any CPU
		{5C25784A-3F23-4ADF-98F4-C07FA6651936}.PROD|Any CPU.ActiveCfg = PROD|Any CPU
		{5C25784A-3F23-4ADF-98F4-C07FA6651936}.PROD|Any CPU.Build.0 = PROD|Any CPU
		{5C25784A-3F23-4ADF-98F4-C07FA6651936}.QA|Any CPU.ActiveCfg = QA|Any CPU
		{5C25784A-3F23-4ADF-98F4-C07FA6651936}.QA|Any CPU.Build.0 = QA|Any CPU
		{5C25784A-3F23-4ADF-98F4-C07FA6651936}.Release|Any CPU.ActiveCfg = Debug|Any CPU
		{5C25784A-3F23-4ADF-98F4-C07FA6651936}.Release|Any CPU.Build.0 = Debug|Any CPU
		{5C25784A-3F23-4ADF-98F4-C07FA6651936}.TRAIN|Any CPU.ActiveCfg = TRAIN|Any CPU
		{5C25784A-3F23-4ADF-98F4-C07FA6651936}.TRAIN|Any CPU.Build.0 = TRAIN|Any CPU
		{077147B6-B99E-43F1-A23B-F1606BADB6A7}.Debug|Any CPU.ActiveCfg = Debug|Any CPU
		{077147B6-B99E-43F1-A23B-F1606BADB6A7}.Debug|Any CPU.Build.0 = Debug|Any CPU
		{077147B6-B99E-43F1-A23B-F1606BADB6A7}.INT|Any CPU.ActiveCfg = INT|Any CPU
		{077147B6-B99E-43F1-A23B-F1606BADB6A7}.INT|Any CPU.Build.0 = INT|Any CPU
		{077147B6-B99E-43F1-A23B-F1606BADB6A7}.PERF|Any CPU.ActiveCfg = PERF|Any CPU
		{077147B6-B99E-43F1-A23B-F1606BADB6A7}.PERF|Any CPU.Build.0 = PERF|Any CPU
		{077147B6-B99E-43F1-A23B-F1606BADB6A7}.PREPROD|Any CPU.ActiveCfg = PREPROD|Any CPU
		{077147B6-B99E-43F1-A23B-F1606BADB6A7}.PREPROD|Any CPU.Build.0 = PREPROD|Any CPU
		{077147B6-B99E-43F1-A23B-F1606BADB6A7}.PROD|Any CPU.ActiveCfg = PROD|Any CPU
		{077147B6-B99E-43F1-A23B-F1606BADB6A7}.PROD|Any CPU.Build.0 = PROD|Any CPU
		{077147B6-B99E-43F1-A23B-F1606BADB6A7}.QA|Any CPU.ActiveCfg = QA|Any CPU
		{077147B6-B99E-43F1-A23B-F1606BADB6A7}.QA|Any CPU.Build.0 = QA|Any CPU
		{077147B6-B99E-43F1-A23B-F1606BADB6A7}.Release|Any CPU.ActiveCfg = Debug|Any CPU
		{077147B6-B99E-43F1-A23B-F1606BADB6A7}.Release|Any CPU.Build.0 = Debug|Any CPU
		{077147B6-B99E-43F1-A23B-F1606BADB6A7}.TRAIN|Any CPU.ActiveCfg = TRAIN|Any CPU
		{077147B6-B99E-43F1-A23B-F1606BADB6A7}.TRAIN|Any CPU.Build.0 = TRAIN|Any CPU
		{90AF72CB-29A2-4265-BFD4-8C2D6BDCE3B0}.Debug|Any CPU.ActiveCfg = Debug|Any CPU
		{90AF72CB-29A2-4265-BFD4-8C2D6BDCE3B0}.Debug|Any CPU.Build.0 = Debug|Any CPU
		{90AF72CB-29A2-4265-BFD4-8C2D6BDCE3B0}.INT|Any CPU.ActiveCfg = INT|Any CPU
		{90AF72CB-29A2-4265-BFD4-8C2D6BDCE3B0}.INT|Any CPU.Build.0 = INT|Any CPU
		{90AF72CB-29A2-4265-BFD4-8C2D6BDCE3B0}.PERF|Any CPU.ActiveCfg = PERF|Any CPU
		{90AF72CB-29A2-4265-BFD4-8C2D6BDCE3B0}.PERF|Any CPU.Build.0 = PERF|Any CPU
		{90AF72CB-29A2-4265-BFD4-8C2D6BDCE3B0}.PREPROD|Any CPU.ActiveCfg = PREPROD|Any CPU
		{90AF72CB-29A2-4265-BFD4-8C2D6BDCE3B0}.PREPROD|Any CPU.Build.0 = PREPROD|Any CPU
		{90AF72CB-29A2-4265-BFD4-8C2D6BDCE3B0}.PROD|Any CPU.ActiveCfg = PROD|Any CPU
		{90AF72CB-29A2-4265-BFD4-8C2D6BDCE3B0}.PROD|Any CPU.Build.0 = PROD|Any CPU
		{90AF72CB-29A2-4265-BFD4-8C2D6BDCE3B0}.QA|Any CPU.ActiveCfg = QA|Any CPU
		{90AF72CB-29A2-4265-BFD4-8C2D6BDCE3B0}.QA|Any CPU.Build.0 = QA|Any CPU
		{90AF72CB-29A2-4265-BFD4-8C2D6BDCE3B0}.Release|Any CPU.ActiveCfg = Debug|Any CPU
		{90AF72CB-29A2-4265-BFD4-8C2D6BDCE3B0}.Release|Any CPU.Build.0 = Debug|Any CPU
		{90AF72CB-29A2-4265-BFD4-8C2D6BDCE3B0}.TRAIN|Any CPU.ActiveCfg = TRAIN|Any CPU
		{90AF72CB-29A2-4265-BFD4-8C2D6BDCE3B0}.TRAIN|Any CPU.Build.0 = TRAIN|Any CPU
		{75CEE666-371F-4679-8C93-629F35309DC1}.Debug|Any CPU.ActiveCfg = Debug|Any CPU
		{75CEE666-371F-4679-8C93-629F35309DC1}.Debug|Any CPU.Build.0 = Debug|Any CPU
		{75CEE666-371F-4679-8C93-629F35309DC1}.INT|Any CPU.ActiveCfg = INT|Any CPU
		{75CEE666-371F-4679-8C93-629F35309DC1}.INT|Any CPU.Build.0 = INT|Any CPU
		{75CEE666-371F-4679-8C93-629F35309DC1}.PERF|Any CPU.ActiveCfg = PERF|Any CPU
		{75CEE666-371F-4679-8C93-629F35309DC1}.PERF|Any CPU.Build.0 = PERF|Any CPU
		{75CEE666-371F-4679-8C93-629F35309DC1}.PREPROD|Any CPU.ActiveCfg = PREPROD|Any CPU
		{75CEE666-371F-4679-8C93-629F35309DC1}.PREPROD|Any CPU.Build.0 = PREPROD|Any CPU
		{75CEE666-371F-4679-8C93-629F35309DC1}.PROD|Any CPU.ActiveCfg = PROD|Any CPU
		{75CEE666-371F-4679-8C93-629F35309DC1}.PROD|Any CPU.Build.0 = PROD|Any CPU
		{75CEE666-371F-4679-8C93-629F35309DC1}.QA|Any CPU.ActiveCfg = QA|Any CPU
		{75CEE666-371F-4679-8C93-629F35309DC1}.QA|Any CPU.Build.0 = QA|Any CPU
		{75CEE666-371F-4679-8C93-629F35309DC1}.Release|Any CPU.ActiveCfg = Debug|Any CPU
		{75CEE666-371F-4679-8C93-629F35309DC1}.Release|Any CPU.Build.0 = Debug|Any CPU
		{75CEE666-371F-4679-8C93-629F35309DC1}.TRAIN|Any CPU.ActiveCfg = TRAIN|Any CPU
		{75CEE666-371F-4679-8C93-629F35309DC1}.TRAIN|Any CPU.Build.0 = TRAIN|Any CPU
		{A4E91FC6-6983-4A58-B306-7CC71829484F}.Debug|Any CPU.ActiveCfg = Debug|Any CPU
		{A4E91FC6-6983-4A58-B306-7CC71829484F}.Debug|Any CPU.Build.0 = Debug|Any CPU
		{A4E91FC6-6983-4A58-B306-7CC71829484F}.INT|Any CPU.ActiveCfg = INT|Any CPU
		{A4E91FC6-6983-4A58-B306-7CC71829484F}.INT|Any CPU.Build.0 = INT|Any CPU
		{A4E91FC6-6983-4A58-B306-7CC71829484F}.PERF|Any CPU.ActiveCfg = PERF|Any CPU
		{A4E91FC6-6983-4A58-B306-7CC71829484F}.PERF|Any CPU.Build.0 = PERF|Any CPU
		{A4E91FC6-6983-4A58-B306-7CC71829484F}.PREPROD|Any CPU.ActiveCfg = PREPROD|Any CPU
		{A4E91FC6-6983-4A58-B306-7CC71829484F}.PREPROD|Any CPU.Build.0 = PREPROD|Any CPU
		{A4E91FC6-6983-4A58-B306-7CC71829484F}.PROD|Any CPU.ActiveCfg = PROD|Any CPU
		{A4E91FC6-6983-4A58-B306-7CC71829484F}.PROD|Any CPU.Build.0 = PROD|Any CPU
		{A4E91FC6-6983-4A58-B306-7CC71829484F}.QA|Any CPU.ActiveCfg = QA|Any CPU
		{A4E91FC6-6983-4A58-B306-7CC71829484F}.QA|Any CPU.Build.0 = QA|Any CPU
		{A4E91FC6-6983-4A58-B306-7CC71829484F}.Release|Any CPU.ActiveCfg = Debug|Any CPU
		{A4E91FC6-6983-4A58-B306-7CC71829484F}.Release|Any CPU.Build.0 = Debug|Any CPU
		{A4E91FC6-6983-4A58-B306-7CC71829484F}.TRAIN|Any CPU.ActiveCfg = TRAIN|Any CPU
		{A4E91FC6-6983-4A58-B306-7CC71829484F}.TRAIN|Any CPU.Build.0 = TRAIN|Any CPU
	EndGlobalSection
	GlobalSection(SolutionProperties) = preSolution
		HideSolutionNode = FALSE
	EndGlobalSection
	GlobalSection(ExtensibilityGlobals) = postSolution
		SolutionGuid = {381C859B-F2AC-4D49-AD72-A99954341C83}
	EndGlobalSection
EndGlobal
