
Microsoft Visual Studio Solution File, Format Version 12.00
# Visual Studio Version 16
VisualStudioVersion = 16.0.29201.188
MinimumVisualStudioVersion = 10.0.40219.1
Project("{FAE04EC0-301F-11D3-BF4B-00C04F79EFBC}") = "UDO.LOB.IntentToFileApi", "UDO.LOB.IntentToFileApi\UDO.LOB.IntentToFileApi.csproj", "{A59269D2-CECB-4047-BE36-0730202BEA94}"
EndProject
Project("{FAE04EC0-301F-11D3-BF4B-00C04F79EFBC}") = "UDO.LOB.IntentToFileApi.Tests", "UDO.LOB.IntentToFileApi.Tests\UDO.LOB.IntentToFileApi.Tests.csproj", "{24B700DA-20C7-46C1-A8FB-C039A6F7DC8F}"
EndProject
Project("{FAE04EC0-301F-11D3-BF4B-00C04F79EFBC}") = "UDO.LOB.Core", "..\UDO.Crm.LOB.Core\UDO.LOB.Core.csproj", "{75CEE666-371F-4679-8C93-629F35309DC1}"
EndProject
Project("{FAE04EC0-301F-11D3-BF4B-00C04F79EFBC}") = "UDO.LOB.IntentToFile.Messages", "UDO.LOB.IntentToFile.Messages\UDO.LOB.IntentToFile.Messages.csproj", "{023C8D14-4F3F-40B6-A405-E1CB7B4D1F88}"
EndProject
Project("{FAE04EC0-301F-11D3-BF4B-00C04F79EFBC}") = "UDO.LOB.Extensions", "..\UDO.Crm.LOB.Extensions\UDO.LOB.Extensions.csproj", "{A4E91FC6-6983-4A58-B306-7CC71829484F}"
EndProject
Global
	GlobalSection(SolutionConfigurationPlatforms) = preSolution
		Debug|Any CPU = Debug|Any CPU
		INT|Any CPU = INT|Any CPU
		PERF|Any CPU = PERF|Any CPU
		PREPROD|Any CPU = PREPROD|Any CPU
		PROD|Any CPU = PROD|Any CPU
		QA|Any CPU = QA|Any CPU
		Release|Any CPU = Release|Any CPU
		TRAIN|Any CPU = TRAIN|Any CPU
	EndGlobalSection
	GlobalSection(ProjectConfigurationPlatforms) = postSolution
		{A59269D2-CECB-4047-BE36-0730202BEA94}.Debug|Any CPU.ActiveCfg = Debug|Any CPU
		{A59269D2-CECB-4047-BE36-0730202BEA94}.Debug|Any CPU.Build.0 = Debug|Any CPU
		{A59269D2-CECB-4047-BE36-0730202BEA94}.INT|Any CPU.ActiveCfg = INT|Any CPU
		{A59269D2-CECB-4047-BE36-0730202BEA94}.INT|Any CPU.Build.0 = INT|Any CPU
		{A59269D2-CECB-4047-BE36-0730202BEA94}.PERF|Any CPU.ActiveCfg = PERF|Any CPU
		{A59269D2-CECB-4047-BE36-0730202BEA94}.PERF|Any CPU.Build.0 = PERF|Any CPU
		{A59269D2-CECB-4047-BE36-0730202BEA94}.PREPROD|Any CPU.ActiveCfg = PREPROD|Any CPU
		{A59269D2-CECB-4047-BE36-0730202BEA94}.PREPROD|Any CPU.Build.0 = PREPROD|Any CPU
		{A59269D2-CECB-4047-BE36-0730202BEA94}.PROD|Any CPU.ActiveCfg = PROD|Any CPU
		{A59269D2-CECB-4047-BE36-0730202BEA94}.PROD|Any CPU.Build.0 = PROD|Any CPU
		{A59269D2-CECB-4047-BE36-0730202BEA94}.QA|Any CPU.ActiveCfg = QA|Any CPU
		{A59269D2-CECB-4047-BE36-0730202BEA94}.QA|Any CPU.Build.0 = QA|Any CPU
		{A59269D2-CECB-4047-BE36-0730202BEA94}.Release|Any CPU.ActiveCfg = Release|Any CPU
		{A59269D2-CECB-4047-BE36-0730202BEA94}.Release|Any CPU.Build.0 = Release|Any CPU
		{A59269D2-CECB-4047-BE36-0730202BEA94}.TRAIN|Any CPU.ActiveCfg = TRAIN|Any CPU
		{A59269D2-CECB-4047-BE36-0730202BEA94}.TRAIN|Any CPU.Build.0 = TRAIN|Any CPU
		{24B700DA-20C7-46C1-A8FB-C039A6F7DC8F}.Debug|Any CPU.ActiveCfg = Debug|Any CPU
		{24B700DA-20C7-46C1-A8FB-C039A6F7DC8F}.Debug|Any CPU.Build.0 = Debug|Any CPU
		{24B700DA-20C7-46C1-A8FB-C039A6F7DC8F}.INT|Any CPU.ActiveCfg = INT|Any CPU
		{24B700DA-20C7-46C1-A8FB-C039A6F7DC8F}.INT|Any CPU.Build.0 = INT|Any CPU
		{24B700DA-20C7-46C1-A8FB-C039A6F7DC8F}.PERF|Any CPU.ActiveCfg = PERF|Any CPU
		{24B700DA-20C7-46C1-A8FB-C039A6F7DC8F}.PERF|Any CPU.Build.0 = PERF|Any CPU
		{24B700DA-20C7-46C1-A8FB-C039A6F7DC8F}.PREPROD|Any CPU.ActiveCfg = PREPROD|Any CPU
		{24B700DA-20C7-46C1-A8FB-C039A6F7DC8F}.PREPROD|Any CPU.Build.0 = PREPROD|Any CPU
		{24B700DA-20C7-46C1-A8FB-C039A6F7DC8F}.PROD|Any CPU.ActiveCfg = PROD|Any CPU
		{24B700DA-20C7-46C1-A8FB-C039A6F7DC8F}.PROD|Any CPU.Build.0 = PROD|Any CPU
		{24B700DA-20C7-46C1-A8FB-C039A6F7DC8F}.QA|Any CPU.ActiveCfg = QA|Any CPU
		{24B700DA-20C7-46C1-A8FB-C039A6F7DC8F}.QA|Any CPU.Build.0 = QA|Any CPU
		{24B700DA-20C7-46C1-A8FB-C039A6F7DC8F}.Release|Any CPU.ActiveCfg = Release|Any CPU
		{24B700DA-20C7-46C1-A8FB-C039A6F7DC8F}.Release|Any CPU.Build.0 = Release|Any CPU
		{24B700DA-20C7-46C1-A8FB-C039A6F7DC8F}.TRAIN|Any CPU.ActiveCfg = TRAIN|Any CPU
		{24B700DA-20C7-46C1-A8FB-C039A6F7DC8F}.TRAIN|Any CPU.Build.0 = TRAIN|Any CPU
		{75CEE666-371F-4679-8C93-629F35309DC1}.Debug|Any CPU.ActiveCfg = Debug|Any CPU
		{75CEE666-371F-4679-8C93-629F35309DC1}.Debug|Any CPU.Build.0 = Debug|Any CPU
		{75CEE666-371F-4679-8C93-629F35309DC1}.INT|Any CPU.ActiveCfg = INT|Any CPU
		{75CEE666-371F-4679-8C93-629F35309DC1}.INT|Any CPU.Build.0 = INT|Any CPU
		{75CEE666-371F-4679-8C93-629F35309DC1}.PERF|Any CPU.ActiveCfg = PERF|Any CPU
		{75CEE666-371F-4679-8C93-629F35309DC1}.PERF|Any CPU.Build.0 = PERF|Any CPU
		{75CEE666-371F-4679-8C93-629F35309DC1}.PREPROD|Any CPU.ActiveCfg = PREPROD|Any CPU
		{75CEE666-371F-4679-8C93-629F35309DC1}.PREPROD|Any CPU.Build.0 = PREPROD|Any CPU
		{75CEE666-371F-4679-8C93-629F35309DC1}.PROD|Any CPU.ActiveCfg = PROD|Any CPU
		{75CEE666-371F-4679-8C93-629F35309DC1}.PROD|Any CPU.Build.0 = PROD|Any CPU
		{75CEE666-371F-4679-8C93-629F35309DC1}.QA|Any CPU.ActiveCfg = QA|Any CPU
		{75CEE666-371F-4679-8C93-629F35309DC1}.QA|Any CPU.Build.0 = QA|Any CPU
		{75CEE666-371F-4679-8C93-629F35309DC1}.Release|Any CPU.ActiveCfg = Release|Any CPU
		{75CEE666-371F-4679-8C93-629F35309DC1}.Release|Any CPU.Build.0 = Release|Any CPU
		{75CEE666-371F-4679-8C93-629F35309DC1}.TRAIN|Any CPU.ActiveCfg = TRAIN|Any CPU
		{75CEE666-371F-4679-8C93-629F35309DC1}.TRAIN|Any CPU.Build.0 = TRAIN|Any CPU
		{023C8D14-4F3F-40B6-A405-E1CB7B4D1F88}.Debug|Any CPU.ActiveCfg = Debug|Any CPU
		{023C8D14-4F3F-40B6-A405-E1CB7B4D1F88}.Debug|Any CPU.Build.0 = Debug|Any CPU
		{023C8D14-4F3F-40B6-A405-E1CB7B4D1F88}.INT|Any CPU.ActiveCfg = INT|Any CPU
		{023C8D14-4F3F-40B6-A405-E1CB7B4D1F88}.INT|Any CPU.Build.0 = INT|Any CPU
		{023C8D14-4F3F-40B6-A405-E1CB7B4D1F88}.PERF|Any CPU.ActiveCfg = PERF|Any CPU
		{023C8D14-4F3F-40B6-A405-E1CB7B4D1F88}.PERF|Any CPU.Build.0 = PERF|Any CPU
		{023C8D14-4F3F-40B6-A405-E1CB7B4D1F88}.PREPROD|Any CPU.ActiveCfg = PREPROD|Any CPU
		{023C8D14-4F3F-40B6-A405-E1CB7B4D1F88}.PREPROD|Any CPU.Build.0 = PREPROD|Any CPU
		{023C8D14-4F3F-40B6-A405-E1CB7B4D1F88}.PROD|Any CPU.ActiveCfg = PROD|Any CPU
		{023C8D14-4F3F-40B6-A405-E1CB7B4D1F88}.PROD|Any CPU.Build.0 = PROD|Any CPU
		{023C8D14-4F3F-40B6-A405-E1CB7B4D1F88}.QA|Any CPU.ActiveCfg = QA|Any CPU
		{023C8D14-4F3F-40B6-A405-E1CB7B4D1F88}.QA|Any CPU.Build.0 = QA|Any CPU
		{023C8D14-4F3F-40B6-A405-E1CB7B4D1F88}.Release|Any CPU.ActiveCfg = Release|Any CPU
		{023C8D14-4F3F-40B6-A405-E1CB7B4D1F88}.Release|Any CPU.Build.0 = Release|Any CPU
		{023C8D14-4F3F-40B6-A405-E1CB7B4D1F88}.TRAIN|Any CPU.ActiveCfg = TRAIN|Any CPU
		{023C8D14-4F3F-40B6-A405-E1CB7B4D1F88}.TRAIN|Any CPU.Build.0 = TRAIN|Any CPU
		{A4E91FC6-6983-4A58-B306-7CC71829484F}.Debug|Any CPU.ActiveCfg = Debug|Any CPU
		{A4E91FC6-6983-4A58-B306-7CC71829484F}.Debug|Any CPU.Build.0 = Debug|Any CPU
		{A4E91FC6-6983-4A58-B306-7CC71829484F}.INT|Any CPU.ActiveCfg = INT|Any CPU
		{A4E91FC6-6983-4A58-B306-7CC71829484F}.INT|Any CPU.Build.0 = INT|Any CPU
		{A4E91FC6-6983-4A58-B306-7CC71829484F}.PERF|Any CPU.ActiveCfg = PERF|Any CPU
		{A4E91FC6-6983-4A58-B306-7CC71829484F}.PERF|Any CPU.Build.0 = PERF|Any CPU
		{A4E91FC6-6983-4A58-B306-7CC71829484F}.PREPROD|Any CPU.ActiveCfg = PREPROD|Any CPU
		{A4E91FC6-6983-4A58-B306-7CC71829484F}.PREPROD|Any CPU.Build.0 = PREPROD|Any CPU
		{A4E91FC6-6983-4A58-B306-7CC71829484F}.PROD|Any CPU.ActiveCfg = PROD|Any CPU
		{A4E91FC6-6983-4A58-B306-7CC71829484F}.PROD|Any CPU.Build.0 = PROD|Any CPU
		{A4E91FC6-6983-4A58-B306-7CC71829484F}.QA|Any CPU.ActiveCfg = QA|Any CPU
		{A4E91FC6-6983-4A58-B306-7CC71829484F}.QA|Any CPU.Build.0 = QA|Any CPU
		{A4E91FC6-6983-4A58-B306-7CC71829484F}.Release|Any CPU.ActiveCfg = Release|Any CPU
		{A4E91FC6-6983-4A58-B306-7CC71829484F}.Release|Any CPU.Build.0 = Release|Any CPU
		{A4E91FC6-6983-4A58-B306-7CC71829484F}.TRAIN|Any CPU.ActiveCfg = TRAIN|Any CPU
		{A4E91FC6-6983-4A58-B306-7CC71829484F}.TRAIN|Any CPU.Build.0 = TRAIN|Any CPU
	EndGlobalSection
	GlobalSection(SolutionProperties) = preSolution
		HideSolutionNode = FALSE
	EndGlobalSection
	GlobalSection(ExtensibilityGlobals) = postSolution
		SolutionGuid = {5C9B8CDC-441B-4D24-8918-A68CD68937FF}
	EndGlobalSection
EndGlobal
